{
  "pins" : [
    {
      "identity" : "swiftjsonrpc",
      "kind" : "remoteSourceControl",
      "location" : "https://github.com/kdrag0n/SwiftJSONRPC.git",
      "state" : {
        "branch" : "master",
        "revision" : "8eb995a4756f737e77245133fbc13f8a92087f3c"
      }
    }
  ],
  "version" : 2
}
