{
  "pins" : [
    {
      "identity" : "defaults",
      "kind" : "remoteSourceControl",
      "location" : "https://github.com/sindresorhus/defaults",
      "state" : {
        "branch" : "main",
        "revision" : "d71bfd8ffbf944ef08eacbca5fb96d6f69bf7696"
      }
    },
    {
      "identity" : "launchatlogin",
      "kind" : "remoteSourceControl",
      "location" : "https://github.com/sindresorhus/LaunchAtLogin.git",
      "state" : {
        "branch" : "main",
        "revision" : "7ad6331f9c38953eb1ce8737758e18f7607e984a"
      }
    },
    {
      "identity" : "sentry-cocoa",
      "kind" : "remoteSourceControl",
      "location" : "https://github.com/getsentry/sentry-cocoa.git",
      "state" : {
        "revision" : "24fa90aa4ef8f81c65eb5803e40875f685de0dcd",
        "version" : "8.1.0"
      }
    },
    {
      "identity" : "sparkle",
      "kind" : "remoteSourceControl",
      "location" : "https://github.com/sparkle-project/Sparkle",
      "state" : {
        "revision" : "9d85a02fe7916caa7531847452c4933d331503a5",
        "version" : "2.3.1"
      }
    },
    {
      "identity" : "swiftjsonrpc",
      "kind" : "remoteSourceControl",
      "location" : "https://github.com/kdrag0n/SwiftJSONRPC.git",
      "state" : {
        "revision" : "0f198bdcd82ffacb97188422b3b68fea4b453cd8"
      }
    },
    {
      "identity" : "swiftterm",
      "kind" : "remoteSourceControl",
      "location" : "https://github.com/kdrag0n/SwiftTerm.git",
      "state" : {
        "revision" : "b38996dcc58a57af910afdd7b3035bd2f589d527"
      }
    }
  ],
  "version" : 2
}
