{
  "pins" : [
    {
      "identity" : "authorized",
      "kind" : "remoteSourceControl",
      "location" : "https://github.com/trilemma-dev/Authorized.git",
      "state" : {
        "revision" : "e490b9d3f4a0e8b17a8b39b5a9750b8e0be7548a",
        "version" : "1.0.0"
      }
    },
    {
      "identity" : "blessed",
      "kind" : "remoteSourceControl",
      "location" : "https://github.com/trilemma-dev/Blessed.git",
      "state" : {
        "revision" : "e7c730ea4bcd2df7b61f022dbd38c5cdc2c875de",
        "version" : "0.6.0"
      }
    },
    {
      "identity" : "defaults",
      "kind" : "remoteSourceControl",
      "location" : "https://github.com/sindresorhus/defaults",
      "state" : {
        "branch" : "main",
        "revision" : "bd14dae265091c5fb1ba1123a52861ae9f2ede84"
      }
    },
    {
      "identity" : "embeddedpropertylist",
      "kind" : "remoteSourceControl",
      "location" : "https://github.com/trilemma-dev/EmbeddedPropertyList.git",
      "state" : {
        "revision" : "21bd832e28a9a66ecdb7b4c21910bb0487a22fe5",
        "version" : "2.0.2"
      }
    },
    {
      "identity" : "launchatlogin",
      "kind" : "remoteSourceControl",
      "location" : "https://github.com/sindresorhus/LaunchAtLogin.git",
      "state" : {
        "branch" : "main",
        "revision" : "7ad6331f9c38953eb1ce8737758e18f7607e984a"
      }
    },
    {
      "identity" : "required",
      "kind" : "remoteSourceControl",
      "location" : "https://github.com/trilemma-dev/Required.git",
      "state" : {
        "revision" : "82a4fbd388346ca40b1bbe815014dc45a75d503c",
        "version" : "0.1.1"
      }
    },
    {
      "identity" : "securexpc",
      "kind" : "remoteSourceControl",
      "location" : "https://github.com/trilemma-dev/SecureXPC.git",
      "state" : {
        "revision" : "d6e439e2b805de8be9b584fff97cf2f6a839a656",
        "version" : "0.8.0"
      }
    },
    {
      "identity" : "sentry-cocoa",
      "kind" : "remoteSourceControl",
      "location" : "https://github.com/getsentry/sentry-cocoa.git",
      "state" : {
        "revision" : "d277532e1c8af813981ba01f591b15bbdd735615",
        "version" : "8.8.0"
      }
    },
    {
      "identity" : "sparkle",
      "kind" : "remoteSourceControl",
      "location" : "https://github.com/sparkle-project/Sparkle",
      "state" : {
        "revision" : "87e4fcbac39912f9cdb9a9acf205cad60e1ca3bc",
        "version" : "2.4.2"
      }
    },
    {
      "identity" : "swiftjsonrpc",
      "kind" : "remoteSourceControl",
      "location" : "https://github.com/orbstack/SwiftJSONRPC.git",
      "state" : {
        "revision" : "0f198bdcd82ffacb97188422b3b68fea4b453cd8"
      }
    }
  ],
  "version" : 2
}
