// !$*UTF8*$!
{
	archiveVersion = 1;
	classes = {
	};
	objectVersion = 56;
	objects = {

/* Begin PBXBuildFile section */
		B118B03AE6A9C28FFD7389B5 /* MenuBarTipView.swift in Sources */ = {isa = PBXBuildFile; fileRef = B118B9D28FD34BD37D6158AA /* MenuBarTipView.swift */; };
		B118B418A887C7AB3F84E21F /* OnboardingManager.swift in Sources */ = {isa = PBXBuildFile; fileRef = B118B30219F10B44000AE05A /* OnboardingManager.swift */; };
		B118B91F705FD95B02929167 /* MachineSettingsView.swift in Sources */ = {isa = PBXBuildFile; fileRef = B118B290120F0EDF1C00C2E8 /* MachineSettingsView.swift */; };
		B118BA8ED0254FD89CDF5ECE /* DebugSettingsView.swift in Sources */ = {isa = PBXBuildFile; fileRef = B118BF97C1A03BAAA13B26F2 /* DebugSettingsView.swift */; };
		B118BD9584DD2252613E8448 /* OnboardingUI.swift in Sources */ = {isa = PBXBuildFile; fileRef = B118B92CEC43388E7D6B23AA /* OnboardingUI.swift */; };
		D80443E02A1B404E00ED59C5 /* OnboardingCreateView.swift in Sources */ = {isa = PBXBuildFile; fileRef = D80443A02A1B404E00ED59C5 /* OnboardingCreateView.swift */; };
		D80443E12A1B404E00ED59C5 /* OnboardingWelcomeView.swift in Sources */ = {isa = PBXBuildFile; fileRef = D80443A12A1B404E00ED59C5 /* OnboardingWelcomeView.swift */; };
		D80443E22A1B404E00ED59C5 /* OnboardingRootView.swift in Sources */ = {isa = PBXBuildFile; fileRef = D80443A22A1B404E00ED59C5 /* OnboardingRootView.swift */; };
		D80443E32A1B404E00ED59C5 /* OnboardingModeView.swift in Sources */ = {isa = PBXBuildFile; fileRef = D80443A32A1B404E00ED59C5 /* OnboardingModeView.swift */; };
		D80443E42A1B404E00ED59C5 /* OnboardingViewModel.swift in Sources */ = {isa = PBXBuildFile; fileRef = D80443A42A1B404E00ED59C5 /* OnboardingViewModel.swift */; };
		D80443E52A1B404E00ED59C5 /* FilesRootView.swift in Sources */ = {isa = PBXBuildFile; fileRef = D80443A62A1B404E00ED59C5 /* FilesRootView.swift */; };
		D80443E72A1B404E00ED59C5 /* FileContainerItem.swift in Sources */ = {isa = PBXBuildFile; fileRef = D80443A82A1B404E00ED59C5 /* FileContainerItem.swift */; };
		D80443E82A1B404E00ED59C5 /* MachineContainerItem.swift in Sources */ = {isa = PBXBuildFile; fileRef = D80443A92A1B404E00ED59C5 /* MachineContainerItem.swift */; };
		D80443E92A1B404E00ED59C5 /* BuiltinContainerItem.swift in Sources */ = {isa = PBXBuildFile; fileRef = D80443AA2A1B404E00ED59C5 /* BuiltinContainerItem.swift */; };
		D80443EA2A1B404E00ED59C5 /* CreateContainerView.swift in Sources */ = {isa = PBXBuildFile; fileRef = D80443AB2A1B404E00ED59C5 /* CreateContainerView.swift */; };
		D80443EB2A1B404E00ED59C5 /* Images.swift in Sources */ = {isa = PBXBuildFile; fileRef = D80443AC2A1B404E00ED59C5 /* Images.swift */; };
		D80443EC2A1B404E00ED59C5 /* MachinesUI.swift in Sources */ = {isa = PBXBuildFile; fileRef = D80443AD2A1B404E00ED59C5 /* MachinesUI.swift */; };
		D80443ED2A1B404E00ED59C5 /* MachinesRootView.swift in Sources */ = {isa = PBXBuildFile; fileRef = D80443AE2A1B404E00ED59C5 /* MachinesRootView.swift */; };
		D80443EE2A1B404E00ED59C5 /* StateWrapperView.swift in Sources */ = {isa = PBXBuildFile; fileRef = D80443B02A1B404E00ED59C5 /* StateWrapperView.swift */; };
		D80443EF2A1B404E00ED59C5 /* DaemonManager.swift in Sources */ = {isa = PBXBuildFile; fileRef = D80443B12A1B404E00ED59C5 /* DaemonManager.swift */; };
		D80443F02A1B404E00ED59C5 /* VmViewModel.swift in Sources */ = {isa = PBXBuildFile; fileRef = D80443B22A1B404E00ED59C5 /* VmViewModel.swift */; };
		D80443F12A1B404E00ED59C5 /* AppConfig.swift in Sources */ = {isa = PBXBuildFile; fileRef = D80443B32A1B404E00ED59C5 /* AppConfig.swift */; };
		D80443F22A1B404E00ED59C5 /* SwiftUIUtils.swift in Sources */ = {isa = PBXBuildFile; fileRef = D80443B52A1B404E00ED59C5 /* SwiftUIUtils.swift */; };
		D80443F32A1B404E00ED59C5 /* Terminal.swift in Sources */ = {isa = PBXBuildFile; fileRef = D80443B62A1B404E00ED59C5 /* Terminal.swift */; };
		D80443F42A1B404E00ED59C5 /* Operators.swift in Sources */ = {isa = PBXBuildFile; fileRef = D80443B72A1B404E00ED59C5 /* Operators.swift */; };
		D80443F52A1B404E00ED59C5 /* Utils.swift in Sources */ = {isa = PBXBuildFile; fileRef = D80443B82A1B404E00ED59C5 /* Utils.swift */; };
		D80443F62A1B404E00ED59C5 /* SplitViewAccessor.swift in Sources */ = {isa = PBXBuildFile; fileRef = D80443B92A1B404E00ED59C5 /* SplitViewAccessor.swift */; };
		D80443F72A1B404E00ED59C5 /* MenuBarController.swift in Sources */ = {isa = PBXBuildFile; fileRef = D80443BB2A1B404E00ED59C5 /* MenuBarController.swift */; };
		D80443F82A1B404E00ED59C5 /* WindowTracker.swift in Sources */ = {isa = PBXBuildFile; fileRef = D80443BC2A1B404E00ED59C5 /* WindowTracker.swift */; };
		D80443F92A1B404E00ED59C5 /* CommandsRootView.swift in Sources */ = {isa = PBXBuildFile; fileRef = D80443BD2A1B404E00ED59C5 /* CommandsRootView.swift */; };
		D80443FA2A1B404E00ED59C5 /* DockerStateWrapperView.swift in Sources */ = {isa = PBXBuildFile; fileRef = D80443BF2A1B404E00ED59C5 /* DockerStateWrapperView.swift */; };
		D80443FB2A1B404E00ED59C5 /* DockerLogsWindow.swift in Sources */ = {isa = PBXBuildFile; fileRef = D80443C02A1B404E00ED59C5 /* DockerLogsWindow.swift */; };
		D80443FC2A1B404E00ED59C5 /* DockerImagesRootView.swift in Sources */ = {isa = PBXBuildFile; fileRef = D80443C12A1B404E00ED59C5 /* DockerImagesRootView.swift */; };
		D80443FD2A1B404E00ED59C5 /* DockerImageItem.swift in Sources */ = {isa = PBXBuildFile; fileRef = D80443C22A1B404E00ED59C5 /* DockerImageItem.swift */; };
		D80443FE2A1B404E00ED59C5 /* DockerContainerItem.swift in Sources */ = {isa = PBXBuildFile; fileRef = D80443C32A1B404E00ED59C5 /* DockerContainerItem.swift */; };
		D80443FF2A1B404E00ED59C5 /* CreateVolumeView.swift in Sources */ = {isa = PBXBuildFile; fileRef = D80443C42A1B404E00ED59C5 /* CreateVolumeView.swift */; };
		D80444002A1B404E00ED59C5 /* DockerComposeGroupItem.swift in Sources */ = {isa = PBXBuildFile; fileRef = D80443C52A1B404E00ED59C5 /* DockerComposeGroupItem.swift */; };
		D80444012A1B404E00ED59C5 /* DockerFilterView.swift in Sources */ = {isa = PBXBuildFile; fileRef = D80443C62A1B404E00ED59C5 /* DockerFilterView.swift */; };
		D80444022A1B404E00ED59C5 /* DockerViewModel.swift in Sources */ = {isa = PBXBuildFile; fileRef = D80443C72A1B404E00ED59C5 /* DockerViewModel.swift */; };
		D80444032A1B404E00ED59C5 /* DockerVolumeItem.swift in Sources */ = {isa = PBXBuildFile; fileRef = D80443C82A1B404E00ED59C5 /* DockerVolumeItem.swift */; };
		D80444042A1B404E00ED59C5 /* DockerSettingsView.swift in Sources */ = {isa = PBXBuildFile; fileRef = D80443C92A1B404E00ED59C5 /* DockerSettingsView.swift */; };
		D80444052A1B404E00ED59C5 /* DockerVolumesRootView.swift in Sources */ = {isa = PBXBuildFile; fileRef = D80443CA2A1B404E00ED59C5 /* DockerVolumesRootView.swift */; };
		D80444062A1B404E00ED59C5 /* DockerUI.swift in Sources */ = {isa = PBXBuildFile; fileRef = D80443CB2A1B404E00ED59C5 /* DockerUI.swift */; };
		D80444072A1B404E00ED59C5 /* DockerContainersRootView.swift in Sources */ = {isa = PBXBuildFile; fileRef = D80443CC2A1B404E00ED59C5 /* DockerContainersRootView.swift */; };
		D80444082A1B404E00ED59C5 /* DockerInspect.swift in Sources */ = {isa = PBXBuildFile; fileRef = D80443CD2A1B404E00ED59C5 /* DockerInspect.swift */; };
		D80444092A1B404E00ED59C5 /* AppDelegate.swift in Sources */ = {isa = PBXBuildFile; fileRef = D80443CE2A1B404E00ED59C5 /* AppDelegate.swift */; };
		D804440A2A1B404E00ED59C5 /* MacVirtApp.swift in Sources */ = {isa = PBXBuildFile; fileRef = D80443CF2A1B404E00ED59C5 /* MacVirtApp.swift */; };
		D804440B2A1B404E00ED59C5 /* ContentView.swift in Sources */ = {isa = PBXBuildFile; fileRef = D80443D02A1B404E00ED59C5 /* ContentView.swift */; };
		D804440C2A1B404E00ED59C5 /* AppSettings.swift in Sources */ = {isa = PBXBuildFile; fileRef = D80443D22A1B404E00ED59C5 /* AppSettings.swift */; };
		D804440D2A1B404E00ED59C5 /* Updater.swift in Sources */ = {isa = PBXBuildFile; fileRef = D80443D32A1B404E00ED59C5 /* Updater.swift */; };
		D804440E2A1B404E00ED59C5 /* GeneralSettingsView.swift in Sources */ = {isa = PBXBuildFile; fileRef = D80443D42A1B404E00ED59C5 /* GeneralSettingsView.swift */; };
		D804440F2A1B404E00ED59C5 /* NetworkSettingsView.swift in Sources */ = {isa = PBXBuildFile; fileRef = D80443D52A1B404E00ED59C5 /* NetworkSettingsView.swift */; };
		D80444102A1B404E00ED59C5 /* Defaults.swift in Sources */ = {isa = PBXBuildFile; fileRef = D80443D62A1B404E00ED59C5 /* Defaults.swift */; };
		D80444112A1B404E00ED59C5 /* ActionTracker.swift in Sources */ = {isa = PBXBuildFile; fileRef = D80443D72A1B404E00ED59C5 /* ActionTracker.swift */; };
		D80444122A1B404E00ED59C5 /* DoubleClick.swift in Sources */ = {isa = PBXBuildFile; fileRef = D80443D82A1B404E00ED59C5 /* DoubleClick.swift */; };
		D80444132A1B404E00ED59C5 /* RPCExecutor.swift in Sources */ = {isa = PBXBuildFile; fileRef = D80443DA2A1B404E00ED59C5 /* RPCExecutor.swift */; };
		D80444142A1B404E00ED59C5 /* SconRPC.swift in Sources */ = {isa = PBXBuildFile; fileRef = D80443DB2A1B404E00ED59C5 /* SconRPC.swift */; };
		D80444152A1B404E00ED59C5 /* VmRPC.swift in Sources */ = {isa = PBXBuildFile; fileRef = D80443DC2A1B404E00ED59C5 /* VmRPC.swift */; };
		D80444162A1B404E00ED59C5 /* DockerRPC.swift in Sources */ = {isa = PBXBuildFile; fileRef = D80443DD2A1B404E00ED59C5 /* DockerRPC.swift */; };
		D81E7850299CC4F200A1D8AC /* main.swift in Sources */ = {isa = PBXBuildFile; fileRef = D81E784F299CC4F200A1D8AC /* main.swift */; };
		D81E785A299F059700A1D8AC /* sparkle-cli in Copy Go executables and Swift GUI helper */ = {isa = PBXBuildFile; fileRef = D81E7859299F059700A1D8AC /* sparkle-cli */; settings = {ATTRIBUTES = (CodeSignOnCopy, ); }; };
		D81E785C29A39BF300A1D8AC /* Utils.swift in Sources */ = {isa = PBXBuildFile; fileRef = D81E785B29A39BF300A1D8AC /* Utils.swift */; };
		D81E786529A7012900A1D8AC /* docker-buildx in Copy Docker xbin executables */ = {isa = PBXBuildFile; fileRef = D81E786429A7012900A1D8AC /* docker-buildx */; settings = {ATTRIBUTES = (CodeSignOnCopy, ); }; };
		D83E7B532A07C78000B2997B /* SwiftTerm in Frameworks */ = {isa = PBXBuildFile; productRef = D83E7B522A07C78000B2997B /* SwiftTerm */; };
		D855F1F02998B6A700B62588 /* Sentry in Frameworks */ = {isa = PBXBuildFile; productRef = D855F1EF2998B6A700B62588 /* Sentry */; };
		D8694A362991D8160046B6B6 /* SwiftJSONRPC in Frameworks */ = {isa = PBXBuildFile; productRef = D8694A352991D8160046B6B6 /* SwiftJSONRPC */; };
		D8694A3A2991F3C10046B6B6 /* LaunchAtLogin in Frameworks */ = {isa = PBXBuildFile; productRef = D8694A392991F3C10046B6B6 /* LaunchAtLogin */; };
		D8694A49299464810046B6B6 /* Sparkle in Frameworks */ = {isa = PBXBuildFile; productRef = D8694A48299464810046B6B6 /* Sparkle */; };
		D8694A4C2994D4FA0046B6B6 /* Defaults in Frameworks */ = {isa = PBXBuildFile; productRef = D8694A4B2994D4FA0046B6B6 /* Defaults */; };
		D8715C502A1F2AC50047A9BE /* VzClient.swift in Sources */ = {isa = PBXBuildFile; fileRef = D8715C4A2A1F2AC40047A9BE /* VzClient.swift */; };
		D8715C512A1F2AC50047A9BE /* FsNotify.swift in Sources */ = {isa = PBXBuildFile; fileRef = D8715C4B2A1F2AC40047A9BE /* FsNotify.swift */; };
		D8715C522A1F2AC50047A9BE /* Proxy.swift in Sources */ = {isa = PBXBuildFile; fileRef = D8715C4C2A1F2AC40047A9BE /* Proxy.swift */; };
		D8715C532A1F2AC50047A9BE /* Defaults.swift in Sources */ = {isa = PBXBuildFile; fileRef = D8715C4D2A1F2AC40047A9BE /* Defaults.swift */; };
		D8715C542A1F2AC50047A9BE /* BridgeNet.swift in Sources */ = {isa = PBXBuildFile; fileRef = D8715C4E2A1F2AC40047A9BE /* BridgeNet.swift */; };
		D8715C572A1FEF260047A9BE /* CBridge.h in Headers */ = {isa = PBXBuildFile; fileRef = D8715C562A1FEF260047A9BE /* CBridge.h */; };
		D8715CBF2A208C540047A9BE /* OrbStack Helper (UI) in Copy Go executables and Swift GUI helper */ = {isa = PBXBuildFile; fileRef = D81E784D299CC4F200A1D8AC /* OrbStack Helper (UI) */; settings = {ATTRIBUTES = (CodeSignOnCopy, ); }; };
		D8715CC12A208C640047A9BE /* scli in Copy Go executables and Swift GUI helper */ = {isa = PBXBuildFile; fileRef = D8715CC02A208C640047A9BE /* scli */; settings = {ATTRIBUTES = (CodeSignOnCopy, ); }; };
		D8715CC32A208C750047A9BE /* OrbStack Helper (VM).app in Embed Go VM helper bundle */ = {isa = PBXBuildFile; fileRef = D8715CC22A208C750047A9BE /* OrbStack Helper (VM).app */; settings = {ATTRIBUTES = (RemoveHeadersOnCopy, ); }; };
		D88F4EBD2999C98F00419B5C /* assets in Copy assets */ = {isa = PBXBuildFile; fileRef = D88F4EB82998D81A00419B5C /* assets */; };
		D88F4EDC299A131B00419B5C /* docker in Copy Docker xbin executables */ = {isa = PBXBuildFile; fileRef = D88F4ED9299A131B00419B5C /* docker */; settings = {ATTRIBUTES = (CodeSignOnCopy, ); }; };
		D88F4EDD299A131B00419B5C /* docker-compose in Copy Docker xbin executables */ = {isa = PBXBuildFile; fileRef = D88F4EDA299A131B00419B5C /* docker-compose */; settings = {ATTRIBUTES = (CodeSignOnCopy, ); }; };
		D88F4EDE299A131B00419B5C /* docker-credential-osxkeychain in Copy Docker xbin executables */ = {isa = PBXBuildFile; fileRef = D88F4EDB299A131B00419B5C /* docker-credential-osxkeychain */; settings = {ATTRIBUTES = (CodeSignOnCopy, ); }; };
		D8A32B96296F839100E56EEF /* Assets.xcassets in Resources */ = {isa = PBXBuildFile; fileRef = D8A32B95296F839100E56EEF /* Assets.xcassets */; };
		D8A32B99296F839100E56EEF /* Preview Assets.xcassets in Resources */ = {isa = PBXBuildFile; fileRef = D8A32B98296F839100E56EEF /* Preview Assets.xcassets */; };
/* End PBXBuildFile section */

/* Begin PBXContainerItemProxy section */
		D81E7854299CC53400A1D8AC /* PBXContainerItemProxy */ = {
			isa = PBXContainerItemProxy;
			containerPortal = D8A32B86296F839100E56EEF /* Project object */;
			proxyType = 1;
			remoteGlobalIDString = D81E784C299CC4F200A1D8AC;
			remoteInfo = guihelper;
		};
/* End PBXContainerItemProxy section */

/* Begin PBXCopyFilesBuildPhase section */
		D81E784B299CC4F200A1D8AC /* CopyFiles */ = {
			isa = PBXCopyFilesBuildPhase;
			buildActionMask = 2147483647;
			dstPath = /usr/share/man/man1/;
			dstSubfolderSpec = 0;
			files = (
			);
			runOnlyForDeploymentPostprocessing = 1;
		};
		D8694A3E2991F8C70046B6B6 /* Copy Go executables and Swift GUI helper */ = {
			isa = PBXCopyFilesBuildPhase;
			buildActionMask = 2147483647;
			dstPath = "";
			dstSubfolderSpec = 6;
			files = (
				D8715CBF2A208C540047A9BE /* OrbStack Helper (UI) in Copy Go executables and Swift GUI helper */,
				D81E785A299F059700A1D8AC /* sparkle-cli in Copy Go executables and Swift GUI helper */,
				D8715CC12A208C640047A9BE /* scli in Copy Go executables and Swift GUI helper */,
			);
			name = "Copy Go executables and Swift GUI helper";
			runOnlyForDeploymentPostprocessing = 0;
		};
		D8694A45299224CA0046B6B6 /* Copy Docker xbin executables */ = {
			isa = PBXCopyFilesBuildPhase;
			buildActionMask = 12;
			dstPath = xbin;
			dstSubfolderSpec = 6;
			files = (
				D88F4EDC299A131B00419B5C /* docker in Copy Docker xbin executables */,
				D81E786529A7012900A1D8AC /* docker-buildx in Copy Docker xbin executables */,
				D88F4EDD299A131B00419B5C /* docker-compose in Copy Docker xbin executables */,
				D88F4EDE299A131B00419B5C /* docker-credential-osxkeychain in Copy Docker xbin executables */,
			);
			name = "Copy Docker xbin executables";
			runOnlyForDeploymentPostprocessing = 0;
		};
		D8715CBE2A2087790047A9BE /* Embed Go VM helper bundle */ = {
			isa = PBXCopyFilesBuildPhase;
			buildActionMask = 2147483647;
			dstPath = Contents/Helpers;
			dstSubfolderSpec = 1;
			files = (
				D8715CC32A208C750047A9BE /* OrbStack Helper (VM).app in Embed Go VM helper bundle */,
			);
			name = "Embed Go VM helper bundle";
			runOnlyForDeploymentPostprocessing = 0;
		};
		D88F4EB72998D61B00419B5C /* Copy assets */ = {
			isa = PBXCopyFilesBuildPhase;
			buildActionMask = 12;
			dstPath = "";
			dstSubfolderSpec = 7;
			files = (
				D88F4EBD2999C98F00419B5C /* assets in Copy assets */,
			);
			name = "Copy assets";
			runOnlyForDeploymentPostprocessing = 0;
		};
/* End PBXCopyFilesBuildPhase section */

/* Begin PBXFileReference section */
		B118B290120F0EDF1C00C2E8 /* MachineSettingsView.swift */ = {isa = PBXFileReference; fileEncoding = 4; lastKnownFileType = sourcecode.swift; path = MachineSettingsView.swift; sourceTree = "<group>"; };
		B118B30219F10B44000AE05A /* OnboardingManager.swift */ = {isa = PBXFileReference; fileEncoding = 4; lastKnownFileType = sourcecode.swift; path = OnboardingManager.swift; sourceTree = "<group>"; };
		B118B92CEC43388E7D6B23AA /* OnboardingUI.swift */ = {isa = PBXFileReference; fileEncoding = 4; lastKnownFileType = sourcecode.swift; path = OnboardingUI.swift; sourceTree = "<group>"; };
		B118B9D28FD34BD37D6158AA /* MenuBarTipView.swift */ = {isa = PBXFileReference; fileEncoding = 4; lastKnownFileType = sourcecode.swift; path = MenuBarTipView.swift; sourceTree = "<group>"; };
		B118BF97C1A03BAAA13B26F2 /* DebugSettingsView.swift */ = {isa = PBXFileReference; fileEncoding = 4; lastKnownFileType = sourcecode.swift; path = DebugSettingsView.swift; sourceTree = "<group>"; };
		D80443A02A1B404E00ED59C5 /* OnboardingCreateView.swift */ = {isa = PBXFileReference; fileEncoding = 4; lastKnownFileType = sourcecode.swift; path = OnboardingCreateView.swift; sourceTree = "<group>"; };
		D80443A12A1B404E00ED59C5 /* OnboardingWelcomeView.swift */ = {isa = PBXFileReference; fileEncoding = 4; lastKnownFileType = sourcecode.swift; path = OnboardingWelcomeView.swift; sourceTree = "<group>"; };
		D80443A22A1B404E00ED59C5 /* OnboardingRootView.swift */ = {isa = PBXFileReference; fileEncoding = 4; lastKnownFileType = sourcecode.swift; path = OnboardingRootView.swift; sourceTree = "<group>"; };
		D80443A32A1B404E00ED59C5 /* OnboardingModeView.swift */ = {isa = PBXFileReference; fileEncoding = 4; lastKnownFileType = sourcecode.swift; path = OnboardingModeView.swift; sourceTree = "<group>"; };
		D80443A42A1B404E00ED59C5 /* OnboardingViewModel.swift */ = {isa = PBXFileReference; fileEncoding = 4; lastKnownFileType = sourcecode.swift; path = OnboardingViewModel.swift; sourceTree = "<group>"; };
		D80443A62A1B404E00ED59C5 /* FilesRootView.swift */ = {isa = PBXFileReference; fileEncoding = 4; lastKnownFileType = sourcecode.swift; path = FilesRootView.swift; sourceTree = "<group>"; };
		D80443A82A1B404E00ED59C5 /* FileContainerItem.swift */ = {isa = PBXFileReference; fileEncoding = 4; lastKnownFileType = sourcecode.swift; path = FileContainerItem.swift; sourceTree = "<group>"; };
		D80443A92A1B404E00ED59C5 /* MachineContainerItem.swift */ = {isa = PBXFileReference; fileEncoding = 4; lastKnownFileType = sourcecode.swift; path = MachineContainerItem.swift; sourceTree = "<group>"; };
		D80443AA2A1B404E00ED59C5 /* BuiltinContainerItem.swift */ = {isa = PBXFileReference; fileEncoding = 4; lastKnownFileType = sourcecode.swift; path = BuiltinContainerItem.swift; sourceTree = "<group>"; };
		D80443AB2A1B404E00ED59C5 /* CreateContainerView.swift */ = {isa = PBXFileReference; fileEncoding = 4; lastKnownFileType = sourcecode.swift; path = CreateContainerView.swift; sourceTree = "<group>"; };
		D80443AC2A1B404E00ED59C5 /* Images.swift */ = {isa = PBXFileReference; fileEncoding = 4; lastKnownFileType = sourcecode.swift; path = Images.swift; sourceTree = "<group>"; };
		D80443AD2A1B404E00ED59C5 /* MachinesUI.swift */ = {isa = PBXFileReference; fileEncoding = 4; lastKnownFileType = sourcecode.swift; path = MachinesUI.swift; sourceTree = "<group>"; };
		D80443AE2A1B404E00ED59C5 /* MachinesRootView.swift */ = {isa = PBXFileReference; fileEncoding = 4; lastKnownFileType = sourcecode.swift; path = MachinesRootView.swift; sourceTree = "<group>"; };
		D80443B02A1B404E00ED59C5 /* StateWrapperView.swift */ = {isa = PBXFileReference; fileEncoding = 4; lastKnownFileType = sourcecode.swift; path = StateWrapperView.swift; sourceTree = "<group>"; };
		D80443B12A1B404E00ED59C5 /* DaemonManager.swift */ = {isa = PBXFileReference; fileEncoding = 4; lastKnownFileType = sourcecode.swift; path = DaemonManager.swift; sourceTree = "<group>"; };
		D80443B22A1B404E00ED59C5 /* VmViewModel.swift */ = {isa = PBXFileReference; fileEncoding = 4; lastKnownFileType = sourcecode.swift; path = VmViewModel.swift; sourceTree = "<group>"; };
		D80443B32A1B404E00ED59C5 /* AppConfig.swift */ = {isa = PBXFileReference; fileEncoding = 4; lastKnownFileType = sourcecode.swift; path = AppConfig.swift; sourceTree = "<group>"; };
		D80443B52A1B404E00ED59C5 /* SwiftUIUtils.swift */ = {isa = PBXFileReference; fileEncoding = 4; lastKnownFileType = sourcecode.swift; path = SwiftUIUtils.swift; sourceTree = "<group>"; };
		D80443B62A1B404E00ED59C5 /* Terminal.swift */ = {isa = PBXFileReference; fileEncoding = 4; lastKnownFileType = sourcecode.swift; path = Terminal.swift; sourceTree = "<group>"; };
		D80443B72A1B404E00ED59C5 /* Operators.swift */ = {isa = PBXFileReference; fileEncoding = 4; lastKnownFileType = sourcecode.swift; path = Operators.swift; sourceTree = "<group>"; };
		D80443B82A1B404E00ED59C5 /* Utils.swift */ = {isa = PBXFileReference; fileEncoding = 4; lastKnownFileType = sourcecode.swift; path = Utils.swift; sourceTree = "<group>"; };
		D80443B92A1B404E00ED59C5 /* SplitViewAccessor.swift */ = {isa = PBXFileReference; fileEncoding = 4; lastKnownFileType = sourcecode.swift; path = SplitViewAccessor.swift; sourceTree = "<group>"; };
		D80443BB2A1B404E00ED59C5 /* MenuBarController.swift */ = {isa = PBXFileReference; fileEncoding = 4; lastKnownFileType = sourcecode.swift; path = MenuBarController.swift; sourceTree = "<group>"; };
		D80443BC2A1B404E00ED59C5 /* WindowTracker.swift */ = {isa = PBXFileReference; fileEncoding = 4; lastKnownFileType = sourcecode.swift; path = WindowTracker.swift; sourceTree = "<group>"; };
		D80443BD2A1B404E00ED59C5 /* CommandsRootView.swift */ = {isa = PBXFileReference; fileEncoding = 4; lastKnownFileType = sourcecode.swift; path = CommandsRootView.swift; sourceTree = "<group>"; };
		D80443BF2A1B404E00ED59C5 /* DockerStateWrapperView.swift */ = {isa = PBXFileReference; fileEncoding = 4; lastKnownFileType = sourcecode.swift; path = DockerStateWrapperView.swift; sourceTree = "<group>"; };
		D80443C02A1B404E00ED59C5 /* DockerLogsWindow.swift */ = {isa = PBXFileReference; fileEncoding = 4; lastKnownFileType = sourcecode.swift; path = DockerLogsWindow.swift; sourceTree = "<group>"; };
		D80443C12A1B404E00ED59C5 /* DockerImagesRootView.swift */ = {isa = PBXFileReference; fileEncoding = 4; lastKnownFileType = sourcecode.swift; path = DockerImagesRootView.swift; sourceTree = "<group>"; };
		D80443C22A1B404E00ED59C5 /* DockerImageItem.swift */ = {isa = PBXFileReference; fileEncoding = 4; lastKnownFileType = sourcecode.swift; path = DockerImageItem.swift; sourceTree = "<group>"; };
		D80443C32A1B404E00ED59C5 /* DockerContainerItem.swift */ = {isa = PBXFileReference; fileEncoding = 4; lastKnownFileType = sourcecode.swift; path = DockerContainerItem.swift; sourceTree = "<group>"; };
		D80443C42A1B404E00ED59C5 /* CreateVolumeView.swift */ = {isa = PBXFileReference; fileEncoding = 4; lastKnownFileType = sourcecode.swift; path = CreateVolumeView.swift; sourceTree = "<group>"; };
		D80443C52A1B404E00ED59C5 /* DockerComposeGroupItem.swift */ = {isa = PBXFileReference; fileEncoding = 4; lastKnownFileType = sourcecode.swift; path = DockerComposeGroupItem.swift; sourceTree = "<group>"; };
		D80443C62A1B404E00ED59C5 /* DockerFilterView.swift */ = {isa = PBXFileReference; fileEncoding = 4; lastKnownFileType = sourcecode.swift; path = DockerFilterView.swift; sourceTree = "<group>"; };
		D80443C72A1B404E00ED59C5 /* DockerViewModel.swift */ = {isa = PBXFileReference; fileEncoding = 4; lastKnownFileType = sourcecode.swift; path = DockerViewModel.swift; sourceTree = "<group>"; };
		D80443C82A1B404E00ED59C5 /* DockerVolumeItem.swift */ = {isa = PBXFileReference; fileEncoding = 4; lastKnownFileType = sourcecode.swift; path = DockerVolumeItem.swift; sourceTree = "<group>"; };
		D80443C92A1B404E00ED59C5 /* DockerSettingsView.swift */ = {isa = PBXFileReference; fileEncoding = 4; lastKnownFileType = sourcecode.swift; path = DockerSettingsView.swift; sourceTree = "<group>"; };
		D80443CA2A1B404E00ED59C5 /* DockerVolumesRootView.swift */ = {isa = PBXFileReference; fileEncoding = 4; lastKnownFileType = sourcecode.swift; path = DockerVolumesRootView.swift; sourceTree = "<group>"; };
		D80443CB2A1B404E00ED59C5 /* DockerUI.swift */ = {isa = PBXFileReference; fileEncoding = 4; lastKnownFileType = sourcecode.swift; path = DockerUI.swift; sourceTree = "<group>"; };
		D80443CC2A1B404E00ED59C5 /* DockerContainersRootView.swift */ = {isa = PBXFileReference; fileEncoding = 4; lastKnownFileType = sourcecode.swift; path = DockerContainersRootView.swift; sourceTree = "<group>"; };
		D80443CD2A1B404E00ED59C5 /* DockerInspect.swift */ = {isa = PBXFileReference; fileEncoding = 4; lastKnownFileType = sourcecode.swift; path = DockerInspect.swift; sourceTree = "<group>"; };
		D80443CE2A1B404E00ED59C5 /* AppDelegate.swift */ = {isa = PBXFileReference; fileEncoding = 4; lastKnownFileType = sourcecode.swift; path = AppDelegate.swift; sourceTree = "<group>"; };
		D80443CF2A1B404E00ED59C5 /* MacVirtApp.swift */ = {isa = PBXFileReference; fileEncoding = 4; lastKnownFileType = sourcecode.swift; path = MacVirtApp.swift; sourceTree = "<group>"; };
		D80443D02A1B404E00ED59C5 /* ContentView.swift */ = {isa = PBXFileReference; fileEncoding = 4; lastKnownFileType = sourcecode.swift; path = ContentView.swift; sourceTree = "<group>"; };
		D80443D22A1B404E00ED59C5 /* AppSettings.swift */ = {isa = PBXFileReference; fileEncoding = 4; lastKnownFileType = sourcecode.swift; path = AppSettings.swift; sourceTree = "<group>"; };
		D80443D32A1B404E00ED59C5 /* Updater.swift */ = {isa = PBXFileReference; fileEncoding = 4; lastKnownFileType = sourcecode.swift; path = Updater.swift; sourceTree = "<group>"; };
		D80443D42A1B404E00ED59C5 /* GeneralSettingsView.swift */ = {isa = PBXFileReference; fileEncoding = 4; lastKnownFileType = sourcecode.swift; path = GeneralSettingsView.swift; sourceTree = "<group>"; };
		D80443D52A1B404E00ED59C5 /* NetworkSettingsView.swift */ = {isa = PBXFileReference; fileEncoding = 4; lastKnownFileType = sourcecode.swift; path = NetworkSettingsView.swift; sourceTree = "<group>"; };
		D80443D62A1B404E00ED59C5 /* Defaults.swift */ = {isa = PBXFileReference; fileEncoding = 4; lastKnownFileType = sourcecode.swift; path = Defaults.swift; sourceTree = "<group>"; };
		D80443D72A1B404E00ED59C5 /* ActionTracker.swift */ = {isa = PBXFileReference; fileEncoding = 4; lastKnownFileType = sourcecode.swift; path = ActionTracker.swift; sourceTree = "<group>"; };
		D80443D82A1B404E00ED59C5 /* DoubleClick.swift */ = {isa = PBXFileReference; fileEncoding = 4; lastKnownFileType = sourcecode.swift; name = DoubleClick.swift; path = ../DoubleClick.swift; sourceTree = "<group>"; };
		D80443DA2A1B404E00ED59C5 /* RPCExecutor.swift */ = {isa = PBXFileReference; fileEncoding = 4; lastKnownFileType = sourcecode.swift; path = RPCExecutor.swift; sourceTree = "<group>"; };
		D80443DB2A1B404E00ED59C5 /* SconRPC.swift */ = {isa = PBXFileReference; fileEncoding = 4; lastKnownFileType = sourcecode.swift; path = SconRPC.swift; sourceTree = "<group>"; };
		D80443DC2A1B404E00ED59C5 /* VmRPC.swift */ = {isa = PBXFileReference; fileEncoding = 4; lastKnownFileType = sourcecode.swift; path = VmRPC.swift; sourceTree = "<group>"; };
		D80443DD2A1B404E00ED59C5 /* DockerRPC.swift */ = {isa = PBXFileReference; fileEncoding = 4; lastKnownFileType = sourcecode.swift; path = DockerRPC.swift; sourceTree = "<group>"; };
		D80443DF2A1B404E00ED59C5 /* Preview Assets.xcassets */ = {isa = PBXFileReference; lastKnownFileType = folder.assetcatalog; path = "Preview Assets.xcassets"; sourceTree = "<group>"; };
		D81E784D299CC4F200A1D8AC /* OrbStack Helper (UI) */ = {isa = PBXFileReference; explicitFileType = "compiled.mach-o.executable"; includeInIndex = 0; path = "OrbStack Helper (UI)"; sourceTree = BUILT_PRODUCTS_DIR; };
		D81E784F299CC4F200A1D8AC /* main.swift */ = {isa = PBXFileReference; lastKnownFileType = sourcecode.swift; path = main.swift; sourceTree = "<group>"; };
		D81E7858299CD27F00A1D8AC /* Info.plist */ = {isa = PBXFileReference; lastKnownFileType = text.plist.xml; path = Info.plist; sourceTree = "<group>"; };
		D81E7859299F059700A1D8AC /* sparkle-cli */ = {isa = PBXFileReference; lastKnownFileType = "compiled.mach-o.executable"; name = "sparkle-cli"; path = "bin/sparkle-cli"; sourceTree = "<group>"; };
		D81E785B29A39BF300A1D8AC /* Utils.swift */ = {isa = PBXFileReference; lastKnownFileType = sourcecode.swift; path = Utils.swift; sourceTree = "<group>"; };
		D81E785E29A4CEEF00A1D8AC /* Foundation.framework */ = {isa = PBXFileReference; lastKnownFileType = wrapper.framework; name = Foundation.framework; path = System/Library/Frameworks/Foundation.framework; sourceTree = SDKROOT; };
		D81E786029A4CF0B00A1D8AC /* UserNotifications.framework */ = {isa = PBXFileReference; lastKnownFileType = wrapper.framework; name = UserNotifications.framework; path = System/Library/Frameworks/UserNotifications.framework; sourceTree = SDKROOT; };
		D81E786229A4CF0E00A1D8AC /* Cocoa.framework */ = {isa = PBXFileReference; lastKnownFileType = wrapper.framework; name = Cocoa.framework; path = System/Library/Frameworks/Cocoa.framework; sourceTree = SDKROOT; };
		D81E786429A7012900A1D8AC /* docker-buildx */ = {isa = PBXFileReference; lastKnownFileType = "compiled.mach-o.executable"; name = "docker-buildx"; path = "build/bins/docker-buildx"; sourceTree = "<group>"; };
		D8694A372991EC5A0046B6B6 /* Info.plist */ = {isa = PBXFileReference; lastKnownFileType = text.plist; path = Info.plist; sourceTree = "<group>"; };
		D86F35422997A57E00DADC6F /* docker */ = {isa = PBXFileReference; lastKnownFileType = "compiled.mach-o.executable"; name = docker; path = ../macvmgr/xbin/docker; sourceTree = "<group>"; };
		D86F35432997A57E00DADC6F /* docker-compose */ = {isa = PBXFileReference; lastKnownFileType = "compiled.mach-o.executable"; name = "docker-compose"; path = "../macvmgr/xbin/docker-compose"; sourceTree = "<group>"; };
		D86F35442997A57E00DADC6F /* docker-credential-osxkeychain */ = {isa = PBXFileReference; lastKnownFileType = "compiled.mach-o.executable"; name = "docker-credential-osxkeychain"; path = "../macvmgr/xbin/docker-credential-osxkeychain"; sourceTree = "<group>"; };
		D870292029B316A700A4CFD9 /* GoVZF.framework */ = {isa = PBXFileReference; explicitFileType = wrapper.framework; includeInIndex = 0; path = GoVZF.framework; sourceTree = BUILT_PRODUCTS_DIR; };
		D8715C4A2A1F2AC40047A9BE /* VzClient.swift */ = {isa = PBXFileReference; fileEncoding = 4; lastKnownFileType = sourcecode.swift; name = VzClient.swift; path = Sources/GoVZF/VzClient.swift; sourceTree = "<group>"; };
		D8715C4B2A1F2AC40047A9BE /* FsNotify.swift */ = {isa = PBXFileReference; fileEncoding = 4; lastKnownFileType = sourcecode.swift; name = FsNotify.swift; path = Sources/GoVZF/FsNotify.swift; sourceTree = "<group>"; };
		D8715C4C2A1F2AC40047A9BE /* Proxy.swift */ = {isa = PBXFileReference; fileEncoding = 4; lastKnownFileType = sourcecode.swift; name = Proxy.swift; path = Sources/GoVZF/Proxy.swift; sourceTree = "<group>"; };
		D8715C4D2A1F2AC40047A9BE /* Defaults.swift */ = {isa = PBXFileReference; fileEncoding = 4; lastKnownFileType = sourcecode.swift; name = Defaults.swift; path = Sources/GoVZF/Defaults.swift; sourceTree = "<group>"; };
		D8715C4E2A1F2AC40047A9BE /* BridgeNet.swift */ = {isa = PBXFileReference; fileEncoding = 4; lastKnownFileType = sourcecode.swift; name = BridgeNet.swift; path = Sources/GoVZF/BridgeNet.swift; sourceTree = "<group>"; };
		D8715C562A1FEF260047A9BE /* CBridge.h */ = {isa = PBXFileReference; fileEncoding = 4; lastKnownFileType = sourcecode.c.h; name = CBridge.h; path = Sources/CBridge/CBridge.h; sourceTree = "<group>"; };
		D8715CC02A208C640047A9BE /* scli */ = {isa = PBXFileReference; lastKnownFileType = "compiled.mach-o.executable"; name = scli; path = ../out/scli; sourceTree = "<group>"; };
		D8715CC22A208C750047A9BE /* OrbStack Helper (VM).app */ = {isa = PBXFileReference; lastKnownFileType = wrapper.application; name = "OrbStack Helper (VM).app"; path = "../out/OrbStack Helper (VM).app"; sourceTree = "<group>"; };
		D88F4EB82998D81A00419B5C /* assets */ = {isa = PBXFileReference; lastKnownFileType = folder; name = assets; path = build/assets; sourceTree = "<group>"; };
		D88F4ED9299A131B00419B5C /* docker */ = {isa = PBXFileReference; lastKnownFileType = "compiled.mach-o.executable"; name = docker; path = build/bins/docker; sourceTree = "<group>"; };
		D88F4EDA299A131B00419B5C /* docker-compose */ = {isa = PBXFileReference; lastKnownFileType = "compiled.mach-o.executable"; name = "docker-compose"; path = "build/bins/docker-compose"; sourceTree = "<group>"; };
		D88F4EDB299A131B00419B5C /* docker-credential-osxkeychain */ = {isa = PBXFileReference; lastKnownFileType = "compiled.mach-o.executable"; name = "docker-credential-osxkeychain"; path = "build/bins/docker-credential-osxkeychain"; sourceTree = "<group>"; };
		D8A32B8E296F839100E56EEF /* OrbStack.app */ = {isa = PBXFileReference; explicitFileType = wrapper.application; includeInIndex = 0; path = OrbStack.app; sourceTree = BUILT_PRODUCTS_DIR; };
		D8A32B95296F839100E56EEF /* Assets.xcassets */ = {isa = PBXFileReference; lastKnownFileType = folder.assetcatalog; path = Assets.xcassets; sourceTree = "<group>"; };
		D8A32B98296F839100E56EEF /* Preview Assets.xcassets */ = {isa = PBXFileReference; lastKnownFileType = folder.assetcatalog; path = "Preview Assets.xcassets"; sourceTree = "<group>"; };
		D8A32B9A296F839100E56EEF /* MacVirt.entitlements */ = {isa = PBXFileReference; lastKnownFileType = text.plist.entitlements; path = MacVirt.entitlements; sourceTree = "<group>"; };
/* End PBXFileReference section */

/* Begin PBXFrameworksBuildPhase section */
		D81E784A299CC4F200A1D8AC /* Frameworks */ = {
			isa = PBXFrameworksBuildPhase;
			buildActionMask = 2147483647;
			files = (
			);
			runOnlyForDeploymentPostprocessing = 0;
		};
		D870291D29B316A700A4CFD9 /* Frameworks */ = {
			isa = PBXFrameworksBuildPhase;
			buildActionMask = 2147483647;
			files = (
			);
			runOnlyForDeploymentPostprocessing = 0;
		};
		D8A32B8B296F839100E56EEF /* Frameworks */ = {
			isa = PBXFrameworksBuildPhase;
			buildActionMask = 2147483647;
			files = (
				D855F1F02998B6A700B62588 /* Sentry in Frameworks */,
				D8694A4C2994D4FA0046B6B6 /* Defaults in Frameworks */,
				D83E7B532A07C78000B2997B /* SwiftTerm in Frameworks */,
				D8694A49299464810046B6B6 /* Sparkle in Frameworks */,
				D8694A3A2991F3C10046B6B6 /* LaunchAtLogin in Frameworks */,
				D8694A362991D8160046B6B6 /* SwiftJSONRPC in Frameworks */,
			);
			runOnlyForDeploymentPostprocessing = 0;
		};
/* End PBXFrameworksBuildPhase section */

/* Begin PBXGroup section */
		D804439F2A1B404E00ED59C5 /* Onboarding */ = {
			isa = PBXGroup;
			children = (
				D80443A02A1B404E00ED59C5 /* OnboardingCreateView.swift */,
				D80443A12A1B404E00ED59C5 /* OnboardingWelcomeView.swift */,
				D80443A22A1B404E00ED59C5 /* OnboardingRootView.swift */,
				D80443A32A1B404E00ED59C5 /* OnboardingModeView.swift */,
				D80443A42A1B404E00ED59C5 /* OnboardingViewModel.swift */,
				B118B92CEC43388E7D6B23AA /* OnboardingUI.swift */,
				B118B30219F10B44000AE05A /* OnboardingManager.swift */,
			);
			path = Onboarding;
			sourceTree = "<group>";
		};
		D80443A52A1B404E00ED59C5 /* Machines */ = {
			isa = PBXGroup;
			children = (
				D80443A62A1B404E00ED59C5 /* FilesRootView.swift */,
				D80443A82A1B404E00ED59C5 /* FileContainerItem.swift */,
				D80443A92A1B404E00ED59C5 /* MachineContainerItem.swift */,
				D80443AA2A1B404E00ED59C5 /* BuiltinContainerItem.swift */,
				D80443AB2A1B404E00ED59C5 /* CreateContainerView.swift */,
				D80443AC2A1B404E00ED59C5 /* Images.swift */,
				D80443AD2A1B404E00ED59C5 /* MachinesUI.swift */,
				D80443AE2A1B404E00ED59C5 /* MachinesRootView.swift */,
			);
			path = Machines;
			sourceTree = "<group>";
		};
		D80443AF2A1B404E00ED59C5 /* State */ = {
			isa = PBXGroup;
			children = (
				D80443B02A1B404E00ED59C5 /* StateWrapperView.swift */,
				D80443B12A1B404E00ED59C5 /* DaemonManager.swift */,
				D80443B22A1B404E00ED59C5 /* VmViewModel.swift */,
			);
			path = State;
			sourceTree = "<group>";
		};
		D80443B42A1B404E00ED59C5 /* Utils */ = {
			isa = PBXGroup;
			children = (
				D80443D82A1B404E00ED59C5 /* DoubleClick.swift */,
				D80443B72A1B404E00ED59C5 /* Operators.swift */,
				D80443B92A1B404E00ED59C5 /* SplitViewAccessor.swift */,
				D80443B52A1B404E00ED59C5 /* SwiftUIUtils.swift */,
				D80443B62A1B404E00ED59C5 /* Terminal.swift */,
				D80443B82A1B404E00ED59C5 /* Utils.swift */,
			);
			path = Utils;
			sourceTree = "<group>";
		};
		D80443BA2A1B404E00ED59C5 /* MenuBar */ = {
			isa = PBXGroup;
			children = (
				D80443BB2A1B404E00ED59C5 /* MenuBarController.swift */,
				D80443BC2A1B404E00ED59C5 /* WindowTracker.swift */,
				B118B9D28FD34BD37D6158AA /* MenuBarTipView.swift */,
			);
			path = MenuBar;
			sourceTree = "<group>";
		};
		D80443BE2A1B404E00ED59C5 /* Docker */ = {
			isa = PBXGroup;
			children = (
				D80443BF2A1B404E00ED59C5 /* DockerStateWrapperView.swift */,
				D80443C02A1B404E00ED59C5 /* DockerLogsWindow.swift */,
				D80443C12A1B404E00ED59C5 /* DockerImagesRootView.swift */,
				D80443C22A1B404E00ED59C5 /* DockerImageItem.swift */,
				D80443C32A1B404E00ED59C5 /* DockerContainerItem.swift */,
				D80443C42A1B404E00ED59C5 /* CreateVolumeView.swift */,
				D80443C52A1B404E00ED59C5 /* DockerComposeGroupItem.swift */,
				D80443C62A1B404E00ED59C5 /* DockerFilterView.swift */,
				D80443C72A1B404E00ED59C5 /* DockerViewModel.swift */,
				D80443C82A1B404E00ED59C5 /* DockerVolumeItem.swift */,
				D80443C92A1B404E00ED59C5 /* DockerSettingsView.swift */,
				D80443CA2A1B404E00ED59C5 /* DockerVolumesRootView.swift */,
				D80443CB2A1B404E00ED59C5 /* DockerUI.swift */,
				D80443CC2A1B404E00ED59C5 /* DockerContainersRootView.swift */,
				D80443CD2A1B404E00ED59C5 /* DockerInspect.swift */,
			);
			path = Docker;
			sourceTree = "<group>";
		};
		D80443D12A1B404E00ED59C5 /* Settings */ = {
			isa = PBXGroup;
			children = (
				D80443D22A1B404E00ED59C5 /* AppSettings.swift */,
				D80443D32A1B404E00ED59C5 /* Updater.swift */,
				D80443D42A1B404E00ED59C5 /* GeneralSettingsView.swift */,
				D80443D52A1B404E00ED59C5 /* NetworkSettingsView.swift */,
				D80443D62A1B404E00ED59C5 /* Defaults.swift */,
				B118B290120F0EDF1C00C2E8 /* MachineSettingsView.swift */,
				B118BF97C1A03BAAA13B26F2 /* DebugSettingsView.swift */,
			);
			path = Settings;
			sourceTree = "<group>";
		};
		D80443D92A1B404E00ED59C5 /* RPC */ = {
			isa = PBXGroup;
			children = (
				D80443DA2A1B404E00ED59C5 /* RPCExecutor.swift */,
				D80443DB2A1B404E00ED59C5 /* SconRPC.swift */,
				D80443DC2A1B404E00ED59C5 /* VmRPC.swift */,
				D80443DD2A1B404E00ED59C5 /* DockerRPC.swift */,
			);
			path = RPC;
			sourceTree = "<group>";
		};
		D80443DE2A1B404E00ED59C5 /* Preview Content */ = {
			isa = PBXGroup;
			children = (
				D80443DF2A1B404E00ED59C5 /* Preview Assets.xcassets */,
			);
			path = "Preview Content";
			sourceTree = "<group>";
		};
		D81E784E299CC4F200A1D8AC /* guihelper */ = {
			isa = PBXGroup;
			children = (
				D81E784F299CC4F200A1D8AC /* main.swift */,
				D81E785B29A39BF300A1D8AC /* Utils.swift */,
				D81E7858299CD27F00A1D8AC /* Info.plist */,
			);
			path = guihelper;
			sourceTree = "<group>";
		};
		D81E785D29A4CEEF00A1D8AC /* Frameworks */ = {
			isa = PBXGroup;
			children = (
				D81E786229A4CF0E00A1D8AC /* Cocoa.framework */,
				D81E786029A4CF0B00A1D8AC /* UserNotifications.framework */,
				D81E785E29A4CEEF00A1D8AC /* Foundation.framework */,
			);
			name = Frameworks;
			sourceTree = "<group>";
		};
		D870292129B316A700A4CFD9 /* GoVZF */ = {
			isa = PBXGroup;
			children = (
				D8715C4E2A1F2AC40047A9BE /* BridgeNet.swift */,
				D8715C562A1FEF260047A9BE /* CBridge.h */,
				D8715C4D2A1F2AC40047A9BE /* Defaults.swift */,
				D8715C4B2A1F2AC40047A9BE /* FsNotify.swift */,
				D8715C4C2A1F2AC40047A9BE /* Proxy.swift */,
				D8715C4A2A1F2AC40047A9BE /* VzClient.swift */,
			);
			path = GoVZF;
			sourceTree = "<group>";
		};
		D8715CC42A208EB80047A9BE /* External */ = {
			isa = PBXGroup;
			children = (
				D8715CC22A208C750047A9BE /* OrbStack Helper (VM).app */,
				D8715CC02A208C640047A9BE /* scli */,
				D81E786429A7012900A1D8AC /* docker-buildx */,
				D81E7859299F059700A1D8AC /* sparkle-cli */,
				D86F35422997A57E00DADC6F /* docker */,
				D86F35432997A57E00DADC6F /* docker-compose */,
				D88F4EDA299A131B00419B5C /* docker-compose */,
				D86F35442997A57E00DADC6F /* docker-credential-osxkeychain */,
				D88F4EDB299A131B00419B5C /* docker-credential-osxkeychain */,
				D88F4EB82998D81A00419B5C /* assets */,
				D88F4ED9299A131B00419B5C /* docker */,
			);
			name = External;
			sourceTree = "<group>";
		};
		D8A32B85296F839100E56EEF = {
			isa = PBXGroup;
			children = (
				D8715CC42A208EB80047A9BE /* External */,
				D8A32B90296F839100E56EEF /* MacVirt */,
				D81E784E299CC4F200A1D8AC /* guihelper */,
				D870292129B316A700A4CFD9 /* GoVZF */,
				D8A32B8F296F839100E56EEF /* Products */,
				D81E785D29A4CEEF00A1D8AC /* Frameworks */,
			);
			sourceTree = "<group>";
		};
		D8A32B8F296F839100E56EEF /* Products */ = {
			isa = PBXGroup;
			children = (
				D8A32B8E296F839100E56EEF /* OrbStack.app */,
				D81E784D299CC4F200A1D8AC /* OrbStack Helper (UI) */,
				D870292029B316A700A4CFD9 /* GoVZF.framework */,
			);
			name = Products;
			sourceTree = "<group>";
		};
		D8A32B90296F839100E56EEF /* MacVirt */ = {
			isa = PBXGroup;
			children = (
				D80443D72A1B404E00ED59C5 /* ActionTracker.swift */,
				D80443B32A1B404E00ED59C5 /* AppConfig.swift */,
				D80443CE2A1B404E00ED59C5 /* AppDelegate.swift */,
				D8A32B95296F839100E56EEF /* Assets.xcassets */,
				D80443BD2A1B404E00ED59C5 /* CommandsRootView.swift */,
				D80443D02A1B404E00ED59C5 /* ContentView.swift */,
				D80443BE2A1B404E00ED59C5 /* Docker */,
				D8694A372991EC5A0046B6B6 /* Info.plist */,
				D80443A52A1B404E00ED59C5 /* Machines */,
				D8A32B9A296F839100E56EEF /* MacVirt.entitlements */,
				D80443CF2A1B404E00ED59C5 /* MacVirtApp.swift */,
				D80443BA2A1B404E00ED59C5 /* MenuBar */,
				D804439F2A1B404E00ED59C5 /* Onboarding */,
				D80443DE2A1B404E00ED59C5 /* Preview Content */,
				D8A32B97296F839100E56EEF /* Preview Content */,
				D80443D92A1B404E00ED59C5 /* RPC */,
				D80443D12A1B404E00ED59C5 /* Settings */,
				D80443AF2A1B404E00ED59C5 /* State */,
				D80443B42A1B404E00ED59C5 /* Utils */,
			);
			path = MacVirt;
			sourceTree = "<group>";
		};
		D8A32B97296F839100E56EEF /* Preview Content */ = {
			isa = PBXGroup;
			children = (
				D8A32B98296F839100E56EEF /* Preview Assets.xcassets */,
			);
			path = "Preview Content";
			sourceTree = "<group>";
		};
/* End PBXGroup section */

/* Begin PBXHeadersBuildPhase section */
		D870291B29B316A700A4CFD9 /* Headers */ = {
			isa = PBXHeadersBuildPhase;
			buildActionMask = 2147483647;
			files = (
				D8715C572A1FEF260047A9BE /* CBridge.h in Headers */,
			);
			runOnlyForDeploymentPostprocessing = 0;
		};
/* End PBXHeadersBuildPhase section */

/* Begin PBXNativeTarget section */
		D81E784C299CC4F200A1D8AC /* guihelper */ = {
			isa = PBXNativeTarget;
			buildConfigurationList = D81E7853299CC4F200A1D8AC /* Build configuration list for PBXNativeTarget "guihelper" */;
			buildPhases = (
				D81E7849299CC4F200A1D8AC /* Sources */,
				D81E784A299CC4F200A1D8AC /* Frameworks */,
				D81E784B299CC4F200A1D8AC /* CopyFiles */,
			);
			buildRules = (
			);
			dependencies = (
			);
			name = guihelper;
			productName = guihelper;
			productReference = D81E784D299CC4F200A1D8AC /* OrbStack Helper (UI) */;
			productType = "com.apple.product-type.tool";
		};
		D870291F29B316A700A4CFD9 /* GoVZF */ = {
			isa = PBXNativeTarget;
			buildConfigurationList = D870292429B316A700A4CFD9 /* Build configuration list for PBXNativeTarget "GoVZF" */;
			buildPhases = (
				D870291B29B316A700A4CFD9 /* Headers */,
				D870291C29B316A700A4CFD9 /* Sources */,
				D870291D29B316A700A4CFD9 /* Frameworks */,
				D870291E29B316A700A4CFD9 /* Resources */,
			);
			buildRules = (
			);
			dependencies = (
			);
			name = GoVZF;
			productName = GoVZF;
			productReference = D870292029B316A700A4CFD9 /* GoVZF.framework */;
			productType = "com.apple.product-type.framework";
		};
		D8A32B8D296F839100E56EEF /* MacVirt */ = {
			isa = PBXNativeTarget;
			buildConfigurationList = D8A32B9D296F839100E56EEF /* Build configuration list for PBXNativeTarget "MacVirt" */;
			buildPhases = (
				D8A32B8A296F839100E56EEF /* Sources */,
				D8A32B8B296F839100E56EEF /* Frameworks */,
				D8A32B8C296F839100E56EEF /* Resources */,
				D8694A3B2991F3F80046B6B6 /* Copy “Launch at Login Helper” */,
				D8694A3E2991F8C70046B6B6 /* Copy Go executables and Swift GUI helper */,
				D8715CBE2A2087790047A9BE /* Embed Go VM helper bundle */,
				D8694A45299224CA0046B6B6 /* Copy Docker xbin executables */,
				D88F4EB72998D61B00419B5C /* Copy assets */,
				D8694A46299224F10046B6B6 /* Create symlinks */,
				D86F35482997A5B700DADC6F /* Set version from Git */,
			);
			buildRules = (
			);
			dependencies = (
				D81E7855299CC53400A1D8AC /* PBXTargetDependency */,
			);
			name = MacVirt;
			packageProductDependencies = (
				D8694A352991D8160046B6B6 /* SwiftJSONRPC */,
				D8694A392991F3C10046B6B6 /* LaunchAtLogin */,
				D8694A48299464810046B6B6 /* Sparkle */,
				D8694A4B2994D4FA0046B6B6 /* Defaults */,
				D855F1EF2998B6A700B62588 /* Sentry */,
				D83E7B522A07C78000B2997B /* SwiftTerm */,
			);
			productName = MacVirt;
			productReference = D8A32B8E296F839100E56EEF /* OrbStack.app */;
			productType = "com.apple.product-type.application";
		};
/* End PBXNativeTarget section */

/* Begin PBXProject section */
		D8A32B86296F839100E56EEF /* Project object */ = {
			isa = PBXProject;
			attributes = {
				BuildIndependentTargetsInParallel = 1;
				LastSwiftUpdateCheck = 1420;
				LastUpgradeCheck = 1430;
				TargetAttributes = {
					D81E784C299CC4F200A1D8AC = {
						CreatedOnToolsVersion = 14.2;
						LastSwiftMigration = 1420;
					};
					D870291F29B316A700A4CFD9 = {
						CreatedOnToolsVersion = 14.2;
						LastSwiftMigration = 1430;
					};
					D8A32B8D296F839100E56EEF = {
						CreatedOnToolsVersion = 14.2;
						LastSwiftMigration = 1430;
					};
				};
			};
			buildConfigurationList = D8A32B89296F839100E56EEF /* Build configuration list for PBXProject "MacVirt" */;
			compatibilityVersion = "Xcode 14.0";
			developmentRegion = en;
			hasScannedForEncodings = 0;
			knownRegions = (
				en,
				Base,
			);
			mainGroup = D8A32B85296F839100E56EEF;
			packageReferences = (
				D8694A342991D8160046B6B6 /* XCRemoteSwiftPackageReference "SwiftJSONRPC" */,
				D8694A382991F3C10046B6B6 /* XCRemoteSwiftPackageReference "LaunchAtLogin" */,
				D8694A47299464810046B6B6 /* XCRemoteSwiftPackageReference "Sparkle" */,
				D8694A4A2994D4FA0046B6B6 /* XCRemoteSwiftPackageReference "defaults" */,
				D855F1EE2998B6A700B62588 /* XCRemoteSwiftPackageReference "sentry-cocoa" */,
				D83E7B512A07C78000B2997B /* XCRemoteSwiftPackageReference "SwiftTerm" */,
			);
			productRefGroup = D8A32B8F296F839100E56EEF /* Products */;
			projectDirPath = "";
			projectRoot = "";
			targets = (
				D8A32B8D296F839100E56EEF /* MacVirt */,
				D81E784C299CC4F200A1D8AC /* guihelper */,
				D870291F29B316A700A4CFD9 /* GoVZF */,
			);
		};
/* End PBXProject section */

/* Begin PBXResourcesBuildPhase section */
		D870291E29B316A700A4CFD9 /* Resources */ = {
			isa = PBXResourcesBuildPhase;
			buildActionMask = 2147483647;
			files = (
			);
			runOnlyForDeploymentPostprocessing = 0;
		};
		D8A32B8C296F839100E56EEF /* Resources */ = {
			isa = PBXResourcesBuildPhase;
			buildActionMask = 2147483647;
			files = (
				D8A32B99296F839100E56EEF /* Preview Assets.xcassets in Resources */,
				D8A32B96296F839100E56EEF /* Assets.xcassets in Resources */,
			);
			runOnlyForDeploymentPostprocessing = 0;
		};
/* End PBXResourcesBuildPhase section */

/* Begin PBXShellScriptBuildPhase section */
		D8694A3B2991F3F80046B6B6 /* Copy “Launch at Login Helper” */ = {
			isa = PBXShellScriptBuildPhase;
			alwaysOutOfDate = 1;
			buildActionMask = 2147483647;
			files = (
			);
			inputFileListPaths = (
			);
			inputPaths = (
			);
			name = "Copy “Launch at Login Helper”";
			outputFileListPaths = (
			);
			outputPaths = (
			);
			runOnlyForDeploymentPostprocessing = 0;
			shellPath = /bin/sh;
			shellScript = "\"${BUILT_PRODUCTS_DIR}/LaunchAtLogin_LaunchAtLogin.bundle/Contents/Resources/copy-helper-swiftpm.sh\"\n";
		};
		D8694A46299224F10046B6B6 /* Create symlinks */ = {
			isa = PBXShellScriptBuildPhase;
			alwaysOutOfDate = 1;
			buildActionMask = 2147483647;
			files = (
			);
			inputFileListPaths = (
			);
			inputPaths = (
			);
			name = "Create symlinks";
			outputFileListPaths = (
			);
			outputPaths = (
			);
			runOnlyForDeploymentPostprocessing = 0;
			shellPath = /bin/bash;
			shellScript = "cd \"$TARGET_BUILD_DIR\"\nmkdir -p \"$EXECUTABLE_FOLDER_PATH/bin\"\nln -sf ../scli \"$EXECUTABLE_FOLDER_PATH/bin/orbctl\"\nln -sf ../scli \"$EXECUTABLE_FOLDER_PATH/bin/orb\"\nln -sf Resources/assets \"$EXECUTABLE_FOLDER_PATH/../assets\"\n\nln -sf \"../Helpers/OrbStack Helper (VM).app/Contents/MacOS/OrbStack Helper (VM)\" \"$EXECUTABLE_FOLDER_PATH/\"\n";
		};
		D86F35482997A5B700DADC6F /* Set version from Git */ = {
			isa = PBXShellScriptBuildPhase;
			alwaysOutOfDate = 1;
			buildActionMask = 2147483647;
			files = (
			);
			inputFileListPaths = (
			);
			inputPaths = (
			);
			name = "Set version from Git";
			outputFileListPaths = (
			);
			outputPaths = (
			);
			runOnlyForDeploymentPostprocessing = 0;
			shellPath = /bin/bash;
			shellScript = "LONG_VER=$(git describe --tags --always --dirty)\nCOMMITS=$(git rev-list --count HEAD)\n#defaults write \"${BUILT_PRODUCTS_DIR}/${INFOPLIST_PATH%.*}\" \"CFBundleShortVersionString\" \"${GIT_RELEASE_VERSION#*v}\"\ndefaults write \"${BUILT_PRODUCTS_DIR}/${INFOPLIST_PATH%.*}\" \"CFBundleVersion\" \"${COMMITS}\"\n";
		};
/* End PBXShellScriptBuildPhase section */

/* Begin PBXSourcesBuildPhase section */
		D81E7849299CC4F200A1D8AC /* Sources */ = {
			isa = PBXSourcesBuildPhase;
			buildActionMask = 2147483647;
			files = (
				D81E7850299CC4F200A1D8AC /* main.swift in Sources */,
				D81E785C29A39BF300A1D8AC /* Utils.swift in Sources */,
			);
			runOnlyForDeploymentPostprocessing = 0;
		};
		D870291C29B316A700A4CFD9 /* Sources */ = {
			isa = PBXSourcesBuildPhase;
			buildActionMask = 2147483647;
			files = (
				D8715C502A1F2AC50047A9BE /* VzClient.swift in Sources */,
				D8715C532A1F2AC50047A9BE /* Defaults.swift in Sources */,
				D8715C542A1F2AC50047A9BE /* BridgeNet.swift in Sources */,
				D8715C522A1F2AC50047A9BE /* Proxy.swift in Sources */,
				D8715C512A1F2AC50047A9BE /* FsNotify.swift in Sources */,
			);
			runOnlyForDeploymentPostprocessing = 0;
		};
		D8A32B8A296F839100E56EEF /* Sources */ = {
			isa = PBXSourcesBuildPhase;
			buildActionMask = 2147483647;
			files = (
				D80443F92A1B404E00ED59C5 /* CommandsRootView.swift in Sources */,
				D80444102A1B404E00ED59C5 /* Defaults.swift in Sources */,
				D80443F32A1B404E00ED59C5 /* Terminal.swift in Sources */,
				D80443F42A1B404E00ED59C5 /* Operators.swift in Sources */,
				D80444122A1B404E00ED59C5 /* DoubleClick.swift in Sources */,
				D80443EB2A1B404E00ED59C5 /* Images.swift in Sources */,
				D80443E52A1B404E00ED59C5 /* FilesRootView.swift in Sources */,
				D80443FD2A1B404E00ED59C5 /* DockerImageItem.swift in Sources */,
				D80443FE2A1B404E00ED59C5 /* DockerContainerItem.swift in Sources */,
				D80444142A1B404E00ED59C5 /* SconRPC.swift in Sources */,
				D80443EA2A1B404E00ED59C5 /* CreateContainerView.swift in Sources */,
				D80443E42A1B404E00ED59C5 /* OnboardingViewModel.swift in Sources */,
				D80443F52A1B404E00ED59C5 /* Utils.swift in Sources */,
				D80444042A1B404E00ED59C5 /* DockerSettingsView.swift in Sources */,
				D80444022A1B404E00ED59C5 /* DockerViewModel.swift in Sources */,
				D80444032A1B404E00ED59C5 /* DockerVolumeItem.swift in Sources */,
				D80444132A1B404E00ED59C5 /* RPCExecutor.swift in Sources */,
				D80443E12A1B404E00ED59C5 /* OnboardingWelcomeView.swift in Sources */,
				D80443FB2A1B404E00ED59C5 /* DockerLogsWindow.swift in Sources */,
				D80443EE2A1B404E00ED59C5 /* StateWrapperView.swift in Sources */,
				D80443ED2A1B404E00ED59C5 /* MachinesRootView.swift in Sources */,
				D80444092A1B404E00ED59C5 /* AppDelegate.swift in Sources */,
				D804440E2A1B404E00ED59C5 /* GeneralSettingsView.swift in Sources */,
				D80443E72A1B404E00ED59C5 /* FileContainerItem.swift in Sources */,
				D80443FC2A1B404E00ED59C5 /* DockerImagesRootView.swift in Sources */,
				D80443FA2A1B404E00ED59C5 /* DockerStateWrapperView.swift in Sources */,
				D80444012A1B404E00ED59C5 /* DockerFilterView.swift in Sources */,
				D804440C2A1B404E00ED59C5 /* AppSettings.swift in Sources */,
				D80443F12A1B404E00ED59C5 /* AppConfig.swift in Sources */,
				D80443E82A1B404E00ED59C5 /* MachineContainerItem.swift in Sources */,
				D80443F62A1B404E00ED59C5 /* SplitViewAccessor.swift in Sources */,
				D80444002A1B404E00ED59C5 /* DockerComposeGroupItem.swift in Sources */,
				D80444112A1B404E00ED59C5 /* ActionTracker.swift in Sources */,
				D80443E92A1B404E00ED59C5 /* BuiltinContainerItem.swift in Sources */,
				D80443F72A1B404E00ED59C5 /* MenuBarController.swift in Sources */,
				D804440A2A1B404E00ED59C5 /* MacVirtApp.swift in Sources */,
				D80443E02A1B404E00ED59C5 /* OnboardingCreateView.swift in Sources */,
				D80443FF2A1B404E00ED59C5 /* CreateVolumeView.swift in Sources */,
				D80443E32A1B404E00ED59C5 /* OnboardingModeView.swift in Sources */,
				D80444162A1B404E00ED59C5 /* DockerRPC.swift in Sources */,
				D80443EF2A1B404E00ED59C5 /* DaemonManager.swift in Sources */,
				D804440B2A1B404E00ED59C5 /* ContentView.swift in Sources */,
				D80443F22A1B404E00ED59C5 /* SwiftUIUtils.swift in Sources */,
				D80443E22A1B404E00ED59C5 /* OnboardingRootView.swift in Sources */,
				D80444052A1B404E00ED59C5 /* DockerVolumesRootView.swift in Sources */,
				D80444062A1B404E00ED59C5 /* DockerUI.swift in Sources */,
				D80443EC2A1B404E00ED59C5 /* MachinesUI.swift in Sources */,
				D804440F2A1B404E00ED59C5 /* NetworkSettingsView.swift in Sources */,
				D80443F82A1B404E00ED59C5 /* WindowTracker.swift in Sources */,
				D80444072A1B404E00ED59C5 /* DockerContainersRootView.swift in Sources */,
				D80443F02A1B404E00ED59C5 /* VmViewModel.swift in Sources */,
				D80444082A1B404E00ED59C5 /* DockerInspect.swift in Sources */,
				D80444152A1B404E00ED59C5 /* VmRPC.swift in Sources */,
				D804440D2A1B404E00ED59C5 /* Updater.swift in Sources */,
				B118BD9584DD2252613E8448 /* OnboardingUI.swift in Sources */,
				B118B03AE6A9C28FFD7389B5 /* MenuBarTipView.swift in Sources */,
				B118B91F705FD95B02929167 /* MachineSettingsView.swift in Sources */,
				B118BA8ED0254FD89CDF5ECE /* DebugSettingsView.swift in Sources */,
				B118B418A887C7AB3F84E21F /* OnboardingManager.swift in Sources */,
			);
			runOnlyForDeploymentPostprocessing = 0;
		};
/* End PBXSourcesBuildPhase section */

/* Begin PBXTargetDependency section */
		D81E7855299CC53400A1D8AC /* PBXTargetDependency */ = {
			isa = PBXTargetDependency;
			target = D81E784C299CC4F200A1D8AC /* guihelper */;
			targetProxy = D81E7854299CC53400A1D8AC /* PBXContainerItemProxy */;
		};
/* End PBXTargetDependency section */

/* Begin XCBuildConfiguration section */
		D81E7851299CC4F200A1D8AC /* Debug */ = {
			isa = XCBuildConfiguration;
			buildSettings = {
				CLANG_ENABLE_MODULES = YES;
				CODE_SIGN_STYLE = Automatic;
				CREATE_INFOPLIST_SECTION_IN_BINARY = YES;
				DEVELOPMENT_TEAM = HUAQ24HBR6;
				ENABLE_HARDENED_RUNTIME = YES;
				INFOPLIST_FILE = "$(SRCROOT)/guihelper/Info.plist";
				INSTALL_PATH = "";
				LD_RUNPATH_SEARCH_PATHS = (
					"$(inherited)",
					"@executable_path/../Frameworks",
					"@loader_path/../Frameworks",
				);
				MACOSX_DEPLOYMENT_TARGET = 12.3;
				PRODUCT_BUNDLE_IDENTIFIER = dev.kdrag0n.MacVirt.guihelper;
				PRODUCT_NAME = "OrbStack Helper (UI)";
				SWIFT_OPTIMIZATION_LEVEL = "-Onone";
				SWIFT_VERSION = 5.0;
			};
			name = Debug;
		};
		D81E7852299CC4F200A1D8AC /* Release */ = {
			isa = XCBuildConfiguration;
			buildSettings = {
				CLANG_ENABLE_MODULES = YES;
				CODE_SIGN_STYLE = Automatic;
				CREATE_INFOPLIST_SECTION_IN_BINARY = YES;
				DEVELOPMENT_TEAM = HUAQ24HBR6;
				ENABLE_HARDENED_RUNTIME = YES;
				INFOPLIST_FILE = "$(SRCROOT)/guihelper/Info.plist";
				INSTALL_PATH = "";
				LD_RUNPATH_SEARCH_PATHS = (
					"$(inherited)",
					"@executable_path/../Frameworks",
					"@loader_path/../Frameworks",
				);
				MACOSX_DEPLOYMENT_TARGET = 12.3;
				PRODUCT_BUNDLE_IDENTIFIER = dev.kdrag0n.MacVirt.guihelper;
				PRODUCT_NAME = "OrbStack Helper (UI)";
				SWIFT_VERSION = 5.0;
			};
			name = Release;
		};
		D870292529B316A700A4CFD9 /* Debug */ = {
			isa = XCBuildConfiguration;
			buildSettings = {
				CLANG_ENABLE_MODULES = YES;
				CODE_SIGN_IDENTITY = "";
				CODE_SIGN_STYLE = Automatic;
				COMBINE_HIDPI_IMAGES = YES;
				CURRENT_PROJECT_VERSION = 1;
				DEFINES_MODULE = YES;
				DEVELOPMENT_TEAM = HUAQ24HBR6;
				DYLIB_COMPATIBILITY_VERSION = 1;
				DYLIB_CURRENT_VERSION = 1;
				DYLIB_INSTALL_NAME_BASE = "@rpath";
				ENABLE_MODULE_VERIFIER = YES;
				GENERATE_INFOPLIST_FILE = YES;
				INFOPLIST_KEY_NSHumanReadableCopyright = "";
				INSTALL_PATH = "$(LOCAL_LIBRARY_DIR)/Frameworks";
				LD_RUNPATH_SEARCH_PATHS = (
					"$(inherited)",
					"@executable_path/../Frameworks",
					"@loader_path/Frameworks",
				);
				MACOSX_DEPLOYMENT_TARGET = 12.3;
				MARKETING_VERSION = 1.0;
				MODULE_VERIFIER_SUPPORTED_LANGUAGES = "objective-c objective-c++";
				MODULE_VERIFIER_SUPPORTED_LANGUAGE_STANDARDS = "gnu11 gnu++20";
				PRODUCT_BUNDLE_IDENTIFIER = dev.kdrag0n.MacVirt.GoVZF;
				PRODUCT_NAME = "$(TARGET_NAME:c99extidentifier)";
				SKIP_INSTALL = YES;
				SWIFT_EMIT_LOC_STRINGS = YES;
				SWIFT_OPTIMIZATION_LEVEL = "-Onone";
				SWIFT_VERSION = 5.0;
				VERSIONING_SYSTEM = "apple-generic";
				VERSION_INFO_PREFIX = "";
			};
			name = Debug;
		};
		D870292629B316A700A4CFD9 /* Release */ = {
			isa = XCBuildConfiguration;
			buildSettings = {
				CLANG_ENABLE_MODULES = YES;
				CODE_SIGN_IDENTITY = "";
				CODE_SIGN_STYLE = Automatic;
				COMBINE_HIDPI_IMAGES = YES;
				CURRENT_PROJECT_VERSION = 1;
				DEFINES_MODULE = YES;
				DEVELOPMENT_TEAM = HUAQ24HBR6;
				DYLIB_COMPATIBILITY_VERSION = 1;
				DYLIB_CURRENT_VERSION = 1;
				DYLIB_INSTALL_NAME_BASE = "@rpath";
				ENABLE_MODULE_VERIFIER = YES;
				GENERATE_INFOPLIST_FILE = YES;
				INFOPLIST_KEY_NSHumanReadableCopyright = "";
				INSTALL_PATH = "$(LOCAL_LIBRARY_DIR)/Frameworks";
				LD_RUNPATH_SEARCH_PATHS = (
					"$(inherited)",
					"@executable_path/../Frameworks",
					"@loader_path/Frameworks",
				);
				MACOSX_DEPLOYMENT_TARGET = 12.3;
				MARKETING_VERSION = 1.0;
				MODULE_VERIFIER_SUPPORTED_LANGUAGES = "objective-c objective-c++";
				MODULE_VERIFIER_SUPPORTED_LANGUAGE_STANDARDS = "gnu11 gnu++20";
				PRODUCT_BUNDLE_IDENTIFIER = dev.kdrag0n.MacVirt.GoVZF;
				PRODUCT_NAME = "$(TARGET_NAME:c99extidentifier)";
				SKIP_INSTALL = YES;
				SWIFT_EMIT_LOC_STRINGS = YES;
				SWIFT_VERSION = 5.0;
				VERSIONING_SYSTEM = "apple-generic";
				VERSION_INFO_PREFIX = "";
			};
			name = Release;
		};
		D8A32B9B296F839100E56EEF /* Debug */ = {
			isa = XCBuildConfiguration;
			buildSettings = {
				ALWAYS_SEARCH_USER_PATHS = NO;
				CLANG_ANALYZER_NONNULL = YES;
				CLANG_ANALYZER_NUMBER_OBJECT_CONVERSION = YES_AGGRESSIVE;
				CLANG_CXX_LANGUAGE_STANDARD = "gnu++20";
				CLANG_ENABLE_MODULES = YES;
				CLANG_ENABLE_OBJC_ARC = YES;
				CLANG_ENABLE_OBJC_WEAK = YES;
				CLANG_WARN_BLOCK_CAPTURE_AUTORELEASING = YES;
				CLANG_WARN_BOOL_CONVERSION = YES;
				CLANG_WARN_COMMA = YES;
				CLANG_WARN_CONSTANT_CONVERSION = YES;
				CLANG_WARN_DEPRECATED_OBJC_IMPLEMENTATIONS = YES;
				CLANG_WARN_DIRECT_OBJC_ISA_USAGE = YES_ERROR;
				CLANG_WARN_DOCUMENTATION_COMMENTS = YES;
				CLANG_WARN_EMPTY_BODY = YES;
				CLANG_WARN_ENUM_CONVERSION = YES;
				CLANG_WARN_INFINITE_RECURSION = YES;
				CLANG_WARN_INT_CONVERSION = YES;
				CLANG_WARN_NON_LITERAL_NULL_CONVERSION = YES;
				CLANG_WARN_OBJC_IMPLICIT_RETAIN_SELF = YES;
				CLANG_WARN_OBJC_LITERAL_CONVERSION = YES;
				CLANG_WARN_OBJC_ROOT_CLASS = YES_ERROR;
				CLANG_WARN_QUOTED_INCLUDE_IN_FRAMEWORK_HEADER = YES;
				CLANG_WARN_RANGE_LOOP_ANALYSIS = YES;
				CLANG_WARN_STRICT_PROTOTYPES = YES;
				CLANG_WARN_SUSPICIOUS_MOVE = YES;
				CLANG_WARN_UNGUARDED_AVAILABILITY = YES_AGGRESSIVE;
				CLANG_WARN_UNREACHABLE_CODE = YES;
				CLANG_WARN__DUPLICATE_METHOD_MATCH = YES;
				COPY_PHASE_STRIP = NO;
				DEAD_CODE_STRIPPING = YES;
				DEBUG_INFORMATION_FORMAT = dwarf;
				ENABLE_STRICT_OBJC_MSGSEND = YES;
				ENABLE_TESTABILITY = YES;
				GCC_C_LANGUAGE_STANDARD = gnu11;
				GCC_DYNAMIC_NO_PIC = NO;
				GCC_NO_COMMON_BLOCKS = YES;
				GCC_OPTIMIZATION_LEVEL = 0;
				GCC_PREPROCESSOR_DEFINITIONS = (
					"DEBUG=1",
					"$(inherited)",
				);
				GCC_WARN_64_TO_32_BIT_CONVERSION = YES;
				GCC_WARN_ABOUT_RETURN_TYPE = YES_ERROR;
				GCC_WARN_UNDECLARED_SELECTOR = YES;
				GCC_WARN_UNINITIALIZED_AUTOS = YES_AGGRESSIVE;
				GCC_WARN_UNUSED_FUNCTION = YES;
				GCC_WARN_UNUSED_VARIABLE = YES;
				MACOSX_DEPLOYMENT_TARGET = 13.1;
				MTL_ENABLE_DEBUG_INFO = INCLUDE_SOURCE;
				MTL_FAST_MATH = YES;
				ONLY_ACTIVE_ARCH = YES;
				SDKROOT = macosx;
				SWIFT_ACTIVE_COMPILATION_CONDITIONS = DEBUG;
				SWIFT_OPTIMIZATION_LEVEL = "-Onone";
			};
			name = Debug;
		};
		D8A32B9C296F839100E56EEF /* Release */ = {
			isa = XCBuildConfiguration;
			buildSettings = {
				ALWAYS_SEARCH_USER_PATHS = NO;
				CLANG_ANALYZER_NONNULL = YES;
				CLANG_ANALYZER_NUMBER_OBJECT_CONVERSION = YES_AGGRESSIVE;
				CLANG_CXX_LANGUAGE_STANDARD = "gnu++20";
				CLANG_ENABLE_MODULES = YES;
				CLANG_ENABLE_OBJC_ARC = YES;
				CLANG_ENABLE_OBJC_WEAK = YES;
				CLANG_WARN_BLOCK_CAPTURE_AUTORELEASING = YES;
				CLANG_WARN_BOOL_CONVERSION = YES;
				CLANG_WARN_COMMA = YES;
				CLANG_WARN_CONSTANT_CONVERSION = YES;
				CLANG_WARN_DEPRECATED_OBJC_IMPLEMENTATIONS = YES;
				CLANG_WARN_DIRECT_OBJC_ISA_USAGE = YES_ERROR;
				CLANG_WARN_DOCUMENTATION_COMMENTS = YES;
				CLANG_WARN_EMPTY_BODY = YES;
				CLANG_WARN_ENUM_CONVERSION = YES;
				CLANG_WARN_INFINITE_RECURSION = YES;
				CLANG_WARN_INT_CONVERSION = YES;
				CLANG_WARN_NON_LITERAL_NULL_CONVERSION = YES;
				CLANG_WARN_OBJC_IMPLICIT_RETAIN_SELF = YES;
				CLANG_WARN_OBJC_LITERAL_CONVERSION = YES;
				CLANG_WARN_OBJC_ROOT_CLASS = YES_ERROR;
				CLANG_WARN_QUOTED_INCLUDE_IN_FRAMEWORK_HEADER = YES;
				CLANG_WARN_RANGE_LOOP_ANALYSIS = YES;
				CLANG_WARN_STRICT_PROTOTYPES = YES;
				CLANG_WARN_SUSPICIOUS_MOVE = YES;
				CLANG_WARN_UNGUARDED_AVAILABILITY = YES_AGGRESSIVE;
				CLANG_WARN_UNREACHABLE_CODE = YES;
				CLANG_WARN__DUPLICATE_METHOD_MATCH = YES;
				COPY_PHASE_STRIP = NO;
				DEAD_CODE_STRIPPING = YES;
				DEBUG_INFORMATION_FORMAT = "dwarf-with-dsym";
				ENABLE_NS_ASSERTIONS = NO;
				ENABLE_STRICT_OBJC_MSGSEND = YES;
				GCC_C_LANGUAGE_STANDARD = gnu11;
				GCC_NO_COMMON_BLOCKS = YES;
				GCC_WARN_64_TO_32_BIT_CONVERSION = YES;
				GCC_WARN_ABOUT_RETURN_TYPE = YES_ERROR;
				GCC_WARN_UNDECLARED_SELECTOR = YES;
				GCC_WARN_UNINITIALIZED_AUTOS = YES_AGGRESSIVE;
				GCC_WARN_UNUSED_FUNCTION = YES;
				GCC_WARN_UNUSED_VARIABLE = YES;
				MACOSX_DEPLOYMENT_TARGET = 13.1;
				MTL_ENABLE_DEBUG_INFO = NO;
				MTL_FAST_MATH = YES;
				SDKROOT = macosx;
				SWIFT_COMPILATION_MODE = wholemodule;
				SWIFT_OPTIMIZATION_LEVEL = "-O";
			};
			name = Release;
		};
		D8A32B9E296F839100E56EEF /* Debug */ = {
			isa = XCBuildConfiguration;
			buildSettings = {
				ASSETCATALOG_COMPILER_APPICON_NAME = AppIcon;
				ASSETCATALOG_COMPILER_GLOBAL_ACCENT_COLOR_NAME = AccentColor;
				CLANG_ENABLE_MODULES = YES;
				CODE_SIGN_ENTITLEMENTS = MacVirt/MacVirt.entitlements;
				CODE_SIGN_IDENTITY = "Apple Development";
				CODE_SIGN_STYLE = Manual;
				COMBINE_HIDPI_IMAGES = YES;
				CURRENT_PROJECT_VERSION = 102;
				DEAD_CODE_STRIPPING = YES;
				DEVELOPMENT_ASSET_PATHS = "\"MacVirt/Preview Content\"";
				DEVELOPMENT_TEAM = "";
				"DEVELOPMENT_TEAM[sdk=macosx*]" = HUAQ24HBR6;
				ENABLE_HARDENED_RUNTIME = YES;
				ENABLE_PREVIEWS = YES;
				GENERATE_INFOPLIST_FILE = YES;
				INFOPLIST_FILE = MacVirt/Info.plist;
				INFOPLIST_KEY_LSApplicationCategoryType = "public.app-category.developer-tools";
				INFOPLIST_KEY_NSHumanReadableCopyright = "© 2023 Orbital Labs, LLC";
				LD_RUNPATH_SEARCH_PATHS = (
					"$(inherited)",
					"@executable_path/../Frameworks",
				);
				MACOSX_DEPLOYMENT_TARGET = 12.3;
				MARKETING_VERSION = 0.11.0;
				PRODUCT_BUNDLE_IDENTIFIER = dev.kdrag0n.MacVirt;
				PRODUCT_NAME = OrbStack;
				PROVISIONING_PROFILE_SPECIFIER = "";
				SWIFT_EMIT_LOC_STRINGS = YES;
				SWIFT_OPTIMIZATION_LEVEL = "-Onone";
				SWIFT_VERSION = 5.0;
			};
			name = Debug;
		};
		D8A32B9F296F839100E56EEF /* Release */ = {
			isa = XCBuildConfiguration;
			buildSettings = {
				ASSETCATALOG_COMPILER_APPICON_NAME = AppIcon;
				ASSETCATALOG_COMPILER_GLOBAL_ACCENT_COLOR_NAME = AccentColor;
				CLANG_ENABLE_MODULES = YES;
				CODE_SIGN_ENTITLEMENTS = MacVirt/MacVirt.entitlements;
				CODE_SIGN_IDENTITY = "Apple Development";
				"CODE_SIGN_IDENTITY[sdk=macosx*]" = "Developer ID Application";
				CODE_SIGN_STYLE = Manual;
				COMBINE_HIDPI_IMAGES = YES;
				CURRENT_PROJECT_VERSION = 102;
				DEAD_CODE_STRIPPING = YES;
				DEVELOPMENT_ASSET_PATHS = "\"MacVirt/Preview Content\"";
				DEVELOPMENT_TEAM = "";
				"DEVELOPMENT_TEAM[sdk=macosx*]" = HUAQ24HBR6;
				ENABLE_HARDENED_RUNTIME = YES;
				ENABLE_PREVIEWS = YES;
				GENERATE_INFOPLIST_FILE = YES;
				INFOPLIST_FILE = MacVirt/Info.plist;
				INFOPLIST_KEY_LSApplicationCategoryType = "public.app-category.developer-tools";
				INFOPLIST_KEY_NSHumanReadableCopyright = "© 2023 Orbital Labs, LLC";
				LD_RUNPATH_SEARCH_PATHS = (
					"$(inherited)",
					"@executable_path/../Frameworks",
				);
				MACOSX_DEPLOYMENT_TARGET = 12.3;
				MARKETING_VERSION = 0.11.0;
				PRODUCT_BUNDLE_IDENTIFIER = dev.kdrag0n.MacVirt;
				PRODUCT_NAME = OrbStack;
				PROVISIONING_PROFILE_SPECIFIER = "";
				SWIFT_EMIT_LOC_STRINGS = YES;
				SWIFT_VERSION = 5.0;
			};
			name = Release;
		};
/* End XCBuildConfiguration section */

/* Begin XCConfigurationList section */
		D81E7853299CC4F200A1D8AC /* Build configuration list for PBXNativeTarget "guihelper" */ = {
			isa = XCConfigurationList;
			buildConfigurations = (
				D81E7851299CC4F200A1D8AC /* Debug */,
				D81E7852299CC4F200A1D8AC /* Release */,
			);
			defaultConfigurationIsVisible = 0;
			defaultConfigurationName = Release;
		};
		D870292429B316A700A4CFD9 /* Build configuration list for PBXNativeTarget "GoVZF" */ = {
			isa = XCConfigurationList;
			buildConfigurations = (
				D870292529B316A700A4CFD9 /* Debug */,
				D870292629B316A700A4CFD9 /* Release */,
			);
			defaultConfigurationIsVisible = 0;
			defaultConfigurationName = Release;
		};
		D8A32B89296F839100E56EEF /* Build configuration list for PBXProject "MacVirt" */ = {
			isa = XCConfigurationList;
			buildConfigurations = (
				D8A32B9B296F839100E56EEF /* Debug */,
				D8A32B9C296F839100E56EEF /* Release */,
			);
			defaultConfigurationIsVisible = 0;
			defaultConfigurationName = Release;
		};
		D8A32B9D296F839100E56EEF /* Build configuration list for PBXNativeTarget "MacVirt" */ = {
			isa = XCConfigurationList;
			buildConfigurations = (
				D8A32B9E296F839100E56EEF /* Debug */,
				D8A32B9F296F839100E56EEF /* Release */,
			);
			defaultConfigurationIsVisible = 0;
			defaultConfigurationName = Release;
		};
/* End XCConfigurationList section */

/* Begin XCRemoteSwiftPackageReference section */
		D83E7B512A07C78000B2997B /* XCRemoteSwiftPackageReference "SwiftTerm" */ = {
			isa = XCRemoteSwiftPackageReference;
			repositoryURL = "https://github.com/kdrag0n/SwiftTerm.git";
			requirement = {
				kind = revision;
				revision = b38996dcc58a57af910afdd7b3035bd2f589d527;
			};
		};
		D855F1EE2998B6A700B62588 /* XCRemoteSwiftPackageReference "sentry-cocoa" */ = {
			isa = XCRemoteSwiftPackageReference;
			repositoryURL = "https://github.com/getsentry/sentry-cocoa.git";
			requirement = {
				kind = upToNextMajorVersion;
				minimumVersion = 8.0.0;
			};
		};
		D8694A342991D8160046B6B6 /* XCRemoteSwiftPackageReference "SwiftJSONRPC" */ = {
			isa = XCRemoteSwiftPackageReference;
			repositoryURL = "https://github.com/kdrag0n/SwiftJSONRPC.git";
			requirement = {
				kind = revision;
				revision = 0f198bdcd82ffacb97188422b3b68fea4b453cd8;
			};
		};
		D8694A382991F3C10046B6B6 /* XCRemoteSwiftPackageReference "LaunchAtLogin" */ = {
			isa = XCRemoteSwiftPackageReference;
			repositoryURL = "https://github.com/sindresorhus/LaunchAtLogin.git";
			requirement = {
				branch = main;
				kind = branch;
			};
		};
		D8694A47299464810046B6B6 /* XCRemoteSwiftPackageReference "Sparkle" */ = {
			isa = XCRemoteSwiftPackageReference;
			repositoryURL = "https://github.com/sparkle-project/Sparkle";
			requirement = {
				kind = upToNextMajorVersion;
				minimumVersion = 2.0.0;
			};
		};
		D8694A4A2994D4FA0046B6B6 /* XCRemoteSwiftPackageReference "defaults" */ = {
			isa = XCRemoteSwiftPackageReference;
			repositoryURL = "https://github.com/sindresorhus/defaults";
			requirement = {
				branch = main;
				kind = branch;
			};
		};
/* End XCRemoteSwiftPackageReference section */

/* Begin XCSwiftPackageProductDependency section */
		D83E7B522A07C78000B2997B /* SwiftTerm */ = {
			isa = XCSwiftPackageProductDependency;
			package = D83E7B512A07C78000B2997B /* XCRemoteSwiftPackageReference "SwiftTerm" */;
			productName = SwiftTerm;
		};
		D855F1EF2998B6A700B62588 /* Sentry */ = {
			isa = XCSwiftPackageProductDependency;
			package = D855F1EE2998B6A700B62588 /* XCRemoteSwiftPackageReference "sentry-cocoa" */;
			productName = Sentry;
		};
		D8694A352991D8160046B6B6 /* SwiftJSONRPC */ = {
			isa = XCSwiftPackageProductDependency;
			package = D8694A342991D8160046B6B6 /* XCRemoteSwiftPackageReference "SwiftJSONRPC" */;
			productName = SwiftJSONRPC;
		};
		D8694A392991F3C10046B6B6 /* LaunchAtLogin */ = {
			isa = XCSwiftPackageProductDependency;
			package = D8694A382991F3C10046B6B6 /* XCRemoteSwiftPackageReference "LaunchAtLogin" */;
			productName = LaunchAtLogin;
		};
		D8694A48299464810046B6B6 /* Sparkle */ = {
			isa = XCSwiftPackageProductDependency;
			package = D8694A47299464810046B6B6 /* XCRemoteSwiftPackageReference "Sparkle" */;
			productName = Sparkle;
		};
		D8694A4B2994D4FA0046B6B6 /* Defaults */ = {
			isa = XCSwiftPackageProductDependency;
			package = D8694A4A2994D4FA0046B6B6 /* XCRemoteSwiftPackageReference "defaults" */;
			productName = Defaults;
		};
/* End XCSwiftPackageProductDependency section */
	};
	rootObject = D8A32B86296F839100E56EEF /* Project object */;
}
