// !$*UTF8*$!
{
	archiveVersion = 1;
	classes = {
	};
	objectVersion = 56;
	objects = {

/* Begin PBXBuildFile section */
		B118B06B0208CC9D8306684D /* StateWrapperView.swift in Sources */ = {isa = PBXBuildFile; fileRef = B118B242268639C9B875CBC3 /* StateWrapperView.swift */; };
		B118B12B23701E40AC5C8997 /* CommandsRootView.swift in Sources */ = {isa = PBXBuildFile; fileRef = B118B4CBF28E57766F454C98 /* CommandsRootView.swift */; };
		B118B1847379D830C007E7E7 /* CreateContainerView.swift in Sources */ = {isa = PBXBuildFile; fileRef = B118BB4D521563F31AB550C7 /* CreateContainerView.swift */; };
		B118B1C2435DAF0D619BB2BD /* OnboardingRootView.swift in Sources */ = {isa = PBXBuildFile; fileRef = B118B87578004F7F2FBCC7D7 /* OnboardingRootView.swift */; };
		B118B249BBD0B364D80B8CCD /* MachinesRootView.swift in Sources */ = {isa = PBXBuildFile; fileRef = B118BC27017014DBEA64D8A0 /* MachinesRootView.swift */; };
		B118B443D41B677A8C3EC6FB /* RPCExecutor.swift in Sources */ = {isa = PBXBuildFile; fileRef = B118BF7EB971BAC66F27805D /* RPCExecutor.swift */; };
		B118B5CADCA44C8A25695EFF /* Updater.swift in Sources */ = {isa = PBXBuildFile; fileRef = B118BE4D3578D923BDAE7C2C /* Updater.swift */; };
		B118B7486AF77C3A98B10D0F /* MachineSettingsView.swift in Sources */ = {isa = PBXBuildFile; fileRef = B118B3757D7262C8D53133ED /* MachineSettingsView.swift */; };
		B118B7A041A184E2575844C5 /* DoubleClick.swift in Sources */ = {isa = PBXBuildFile; fileRef = B118B120BD6D6CB13E4E9E30 /* DoubleClick.swift */; };
		B118B96A6A028887CFCE7574 /* FilesRootView.swift in Sources */ = {isa = PBXBuildFile; fileRef = B118BB1AD712EA08896F1900 /* FilesRootView.swift */; };
		B118B99876CACE427270E9DA /* OnboardingViewModel.swift in Sources */ = {isa = PBXBuildFile; fileRef = B118B45D585B7BE85BF1AE40 /* OnboardingViewModel.swift */; };
		B118BAD426D7BA4054B6E689 /* DockerRootView.swift in Sources */ = {isa = PBXBuildFile; fileRef = B118BD91CF1D1F80CDCBFB9F /* DockerRootView.swift */; };
		B118BB2A35AC6730018691D2 /* OnboardingWelcomeView.swift in Sources */ = {isa = PBXBuildFile; fileRef = B118B0BDF5AD69FB7610FC71 /* OnboardingWelcomeView.swift */; };
		B118BBF68DB88AC073541CD2 /* VmViewModel.swift in Sources */ = {isa = PBXBuildFile; fileRef = B118B7E62611F603F60BF666 /* VmViewModel.swift */; };
		B118BC2FFF41ABFFF0CA5BF3 /* Utils.swift in Sources */ = {isa = PBXBuildFile; fileRef = B118BC445161ECC2F67ABFEF /* Utils.swift */; };
		B118BC31190DB3854C66B353 /* MachineContainerItem.swift in Sources */ = {isa = PBXBuildFile; fileRef = B118B970D1735BC66857A549 /* MachineContainerItem.swift */; };
		B118BC98D011CF698552D55A /* DockerViewModel.swift in Sources */ = {isa = PBXBuildFile; fileRef = B118B95F44262A37E5CA5660 /* DockerViewModel.swift */; };
		B118BCBE5B1FDC9451990A90 /* Preferences.swift in Sources */ = {isa = PBXBuildFile; fileRef = B118B967D5C4B61A7671FD0E /* Preferences.swift */; };
		B118BCFEE4ABA072F6B87014 /* SwiftUIUtils.swift in Sources */ = {isa = PBXBuildFile; fileRef = B118B34EBC61512D1B66D855 /* SwiftUIUtils.swift */; };
		B118BD02365D5248F5ACF9C6 /* BuiltinContainerItem.swift in Sources */ = {isa = PBXBuildFile; fileRef = B118BBF535EFE0072DD8B2EF /* BuiltinContainerItem.swift */; };
		B118BD090D290FC5365B0FD9 /* Operators.swift in Sources */ = {isa = PBXBuildFile; fileRef = B118BDB1897ACFEB7A47E00A /* Operators.swift */; };
		B118BD34325C70523001BE10 /* DockerContainerItem.swift in Sources */ = {isa = PBXBuildFile; fileRef = B118BF07EC16026428F3BB6A /* DockerContainerItem.swift */; };
		B118BE19740FC7363C335980 /* FileContainerItem.swift in Sources */ = {isa = PBXBuildFile; fileRef = B118B7E4875DB989A26F46BA /* FileContainerItem.swift */; };
		B118BF2634CFC22342E565CF /* OnboardingCreateView.swift in Sources */ = {isa = PBXBuildFile; fileRef = B118B39D053F0586CEFDE474 /* OnboardingCreateView.swift */; };
		B118BF4BE4D185C5A88B7A7D /* Images.swift in Sources */ = {isa = PBXBuildFile; fileRef = B118BAB379B8843568503FAA /* Images.swift */; };
		B118BF852FE2E4976050D4B2 /* OnboardingModeView.swift in Sources */ = {isa = PBXBuildFile; fileRef = B118BB5624616EC1041FA0C3 /* OnboardingModeView.swift */; };
		B118BFB7E48980394ADE79DE /* AppDelegate.swift in Sources */ = {isa = PBXBuildFile; fileRef = B118B2EB4C629A3B12CBF3B7 /* AppDelegate.swift */; };
		B118BFD7C7DDDF02D8639C5D /* GeneralSettingsView.swift in Sources */ = {isa = PBXBuildFile; fileRef = B118B5C4347A3837FA386E75 /* GeneralSettingsView.swift */; };
		B118BFFF5813563EF72E1C36 /* AppSettings.swift in Sources */ = {isa = PBXBuildFile; fileRef = B118BDE072F572BA61600007 /* AppSettings.swift */; };
		D81E7850299CC4F200A1D8AC /* main.swift in Sources */ = {isa = PBXBuildFile; fileRef = D81E784F299CC4F200A1D8AC /* main.swift */; };
		D81E7857299CC56800A1D8AC /* guihelper in Copy Go executables and Swift GUI helper */ = {isa = PBXBuildFile; fileRef = D81E784D299CC4F200A1D8AC /* guihelper */; settings = {ATTRIBUTES = (CodeSignOnCopy, ); }; };
		D81E785A299F059700A1D8AC /* sparkle-cli in Copy Go executables and Swift GUI helper */ = {isa = PBXBuildFile; fileRef = D81E7859299F059700A1D8AC /* sparkle-cli */; settings = {ATTRIBUTES = (CodeSignOnCopy, ); }; };
		D81E785C29A39BF300A1D8AC /* Utils.swift in Sources */ = {isa = PBXBuildFile; fileRef = D81E785B29A39BF300A1D8AC /* Utils.swift */; };
		D81E786529A7012900A1D8AC /* docker-buildx in Copy Docker xbin executables */ = {isa = PBXBuildFile; fileRef = D81E786429A7012900A1D8AC /* docker-buildx */; settings = {ATTRIBUTES = (CodeSignOnCopy, ); }; };
		D855F1F02998B6A700B62588 /* Sentry in Frameworks */ = {isa = PBXBuildFile; productRef = D855F1EF2998B6A700B62588 /* Sentry */; };
		D8694A31298F9C9D0046B6B6 /* SconRPC.swift in Sources */ = {isa = PBXBuildFile; fileRef = D8694A30298F9C9D0046B6B6 /* SconRPC.swift */; };
		D8694A33298F9EF00046B6B6 /* VmRPC.swift in Sources */ = {isa = PBXBuildFile; fileRef = D8694A32298F9EF00046B6B6 /* VmRPC.swift */; };
		D8694A362991D8160046B6B6 /* SwiftJSONRPC in Frameworks */ = {isa = PBXBuildFile; productRef = D8694A352991D8160046B6B6 /* SwiftJSONRPC */; };
		D8694A3A2991F3C10046B6B6 /* LaunchAtLogin in Frameworks */ = {isa = PBXBuildFile; productRef = D8694A392991F3C10046B6B6 /* LaunchAtLogin */; };
		D8694A422992247F0046B6B6 /* macvmgr in Copy Go executables and Swift GUI helper */ = {isa = PBXBuildFile; fileRef = D8694A412992247F0046B6B6 /* macvmgr */; };
		D8694A44299224990046B6B6 /* scli in Copy Go executables and Swift GUI helper */ = {isa = PBXBuildFile; fileRef = D8694A43299224990046B6B6 /* scli */; };
		D8694A49299464810046B6B6 /* Sparkle in Frameworks */ = {isa = PBXBuildFile; productRef = D8694A48299464810046B6B6 /* Sparkle */; };
		D8694A4C2994D4FA0046B6B6 /* Defaults in Frameworks */ = {isa = PBXBuildFile; productRef = D8694A4B2994D4FA0046B6B6 /* Defaults */; };
		D88F4EBD2999C98F00419B5C /* assets in Copy assets */ = {isa = PBXBuildFile; fileRef = D88F4EB82998D81A00419B5C /* assets */; };
		D88F4EDC299A131B00419B5C /* docker in Copy Docker xbin executables */ = {isa = PBXBuildFile; fileRef = D88F4ED9299A131B00419B5C /* docker */; settings = {ATTRIBUTES = (CodeSignOnCopy, ); }; };
		D88F4EDD299A131B00419B5C /* docker-compose in Copy Docker xbin executables */ = {isa = PBXBuildFile; fileRef = D88F4EDA299A131B00419B5C /* docker-compose */; settings = {ATTRIBUTES = (CodeSignOnCopy, ); }; };
		D88F4EDE299A131B00419B5C /* docker-credential-osxkeychain in Copy Docker xbin executables */ = {isa = PBXBuildFile; fileRef = D88F4EDB299A131B00419B5C /* docker-credential-osxkeychain */; settings = {ATTRIBUTES = (CodeSignOnCopy, ); }; };
		D8A32B92296F839100E56EEF /* MacVirtApp.swift in Sources */ = {isa = PBXBuildFile; fileRef = D8A32B91296F839100E56EEF /* MacVirtApp.swift */; };
		D8A32B94296F839100E56EEF /* ContentView.swift in Sources */ = {isa = PBXBuildFile; fileRef = D8A32B93296F839100E56EEF /* ContentView.swift */; };
		D8A32B96296F839100E56EEF /* Assets.xcassets in Resources */ = {isa = PBXBuildFile; fileRef = D8A32B95296F839100E56EEF /* Assets.xcassets */; };
		D8A32B99296F839100E56EEF /* Preview Assets.xcassets in Resources */ = {isa = PBXBuildFile; fileRef = D8A32B98296F839100E56EEF /* Preview Assets.xcassets */; };
		D8CBDA25298F791F0026F44A /* AppConfig.swift in Sources */ = {isa = PBXBuildFile; fileRef = D8CBDA24298F791F0026F44A /* AppConfig.swift */; };
/* End PBXBuildFile section */

/* Begin PBXContainerItemProxy section */
		D81E7854299CC53400A1D8AC /* PBXContainerItemProxy */ = {
			isa = PBXContainerItemProxy;
			containerPortal = D8A32B86296F839100E56EEF /* Project object */;
			proxyType = 1;
			remoteGlobalIDString = D81E784C299CC4F200A1D8AC;
			remoteInfo = guihelper;
		};
/* End PBXContainerItemProxy section */

/* Begin PBXCopyFilesBuildPhase section */
		D81E784B299CC4F200A1D8AC /* CopyFiles */ = {
			isa = PBXCopyFilesBuildPhase;
			buildActionMask = 2147483647;
			dstPath = /usr/share/man/man1/;
			dstSubfolderSpec = 0;
			files = (
			);
			runOnlyForDeploymentPostprocessing = 1;
		};
		D8694A3E2991F8C70046B6B6 /* Copy Go executables and Swift GUI helper */ = {
			isa = PBXCopyFilesBuildPhase;
			buildActionMask = 2147483647;
			dstPath = "";
			dstSubfolderSpec = 6;
			files = (
				D81E785A299F059700A1D8AC /* sparkle-cli in Copy Go executables and Swift GUI helper */,
				D81E7857299CC56800A1D8AC /* guihelper in Copy Go executables and Swift GUI helper */,
				D8694A44299224990046B6B6 /* scli in Copy Go executables and Swift GUI helper */,
				D8694A422992247F0046B6B6 /* macvmgr in Copy Go executables and Swift GUI helper */,
			);
			name = "Copy Go executables and Swift GUI helper";
			runOnlyForDeploymentPostprocessing = 0;
		};
		D8694A45299224CA0046B6B6 /* Copy Docker xbin executables */ = {
			isa = PBXCopyFilesBuildPhase;
			buildActionMask = 12;
			dstPath = xbin;
			dstSubfolderSpec = 6;
			files = (
				D88F4EDC299A131B00419B5C /* docker in Copy Docker xbin executables */,
				D81E786529A7012900A1D8AC /* docker-buildx in Copy Docker xbin executables */,
				D88F4EDD299A131B00419B5C /* docker-compose in Copy Docker xbin executables */,
				D88F4EDE299A131B00419B5C /* docker-credential-osxkeychain in Copy Docker xbin executables */,
			);
			name = "Copy Docker xbin executables";
			runOnlyForDeploymentPostprocessing = 0;
		};
		D88F4EB72998D61B00419B5C /* Copy assets */ = {
			isa = PBXCopyFilesBuildPhase;
			buildActionMask = 12;
			dstPath = "";
			dstSubfolderSpec = 7;
			files = (
				D88F4EBD2999C98F00419B5C /* assets in Copy assets */,
			);
			name = "Copy assets";
			runOnlyForDeploymentPostprocessing = 0;
		};
/* End PBXCopyFilesBuildPhase section */

/* Begin PBXFileReference section */
		B118B0BDF5AD69FB7610FC71 /* OnboardingWelcomeView.swift */ = {isa = PBXFileReference; fileEncoding = 4; lastKnownFileType = sourcecode.swift; path = OnboardingWelcomeView.swift; sourceTree = "<group>"; };
		B118B120BD6D6CB13E4E9E30 /* DoubleClick.swift */ = {isa = PBXFileReference; fileEncoding = 4; lastKnownFileType = sourcecode.swift; path = DoubleClick.swift; sourceTree = "<group>"; };
		B118B242268639C9B875CBC3 /* StateWrapperView.swift */ = {isa = PBXFileReference; fileEncoding = 4; lastKnownFileType = sourcecode.swift; path = StateWrapperView.swift; sourceTree = "<group>"; };
		B118B2EB4C629A3B12CBF3B7 /* AppDelegate.swift */ = {isa = PBXFileReference; fileEncoding = 4; lastKnownFileType = sourcecode.swift; path = AppDelegate.swift; sourceTree = "<group>"; };
		B118B34EBC61512D1B66D855 /* SwiftUIUtils.swift */ = {isa = PBXFileReference; fileEncoding = 4; lastKnownFileType = sourcecode.swift; path = SwiftUIUtils.swift; sourceTree = "<group>"; };
		B118B3757D7262C8D53133ED /* MachineSettingsView.swift */ = {isa = PBXFileReference; fileEncoding = 4; lastKnownFileType = sourcecode.swift; path = MachineSettingsView.swift; sourceTree = "<group>"; };
		B118B39D053F0586CEFDE474 /* OnboardingCreateView.swift */ = {isa = PBXFileReference; fileEncoding = 4; lastKnownFileType = sourcecode.swift; path = OnboardingCreateView.swift; sourceTree = "<group>"; };
		B118B45D585B7BE85BF1AE40 /* OnboardingViewModel.swift */ = {isa = PBXFileReference; fileEncoding = 4; lastKnownFileType = sourcecode.swift; path = OnboardingViewModel.swift; sourceTree = "<group>"; };
		B118B4CBF28E57766F454C98 /* CommandsRootView.swift */ = {isa = PBXFileReference; fileEncoding = 4; lastKnownFileType = sourcecode.swift; path = CommandsRootView.swift; sourceTree = "<group>"; };
		B118B5C4347A3837FA386E75 /* GeneralSettingsView.swift */ = {isa = PBXFileReference; fileEncoding = 4; lastKnownFileType = sourcecode.swift; path = GeneralSettingsView.swift; sourceTree = "<group>"; };
		B118B7E4875DB989A26F46BA /* FileContainerItem.swift */ = {isa = PBXFileReference; fileEncoding = 4; lastKnownFileType = sourcecode.swift; path = FileContainerItem.swift; sourceTree = "<group>"; };
		B118B7E62611F603F60BF666 /* VmViewModel.swift */ = {isa = PBXFileReference; fileEncoding = 4; lastKnownFileType = sourcecode.swift; path = VmViewModel.swift; sourceTree = "<group>"; };
		B118B87578004F7F2FBCC7D7 /* OnboardingRootView.swift */ = {isa = PBXFileReference; fileEncoding = 4; lastKnownFileType = sourcecode.swift; path = OnboardingRootView.swift; sourceTree = "<group>"; };
		B118B95F44262A37E5CA5660 /* DockerViewModel.swift */ = {isa = PBXFileReference; fileEncoding = 4; lastKnownFileType = sourcecode.swift; path = DockerViewModel.swift; sourceTree = "<group>"; };
		B118B967D5C4B61A7671FD0E /* Preferences.swift */ = {isa = PBXFileReference; fileEncoding = 4; lastKnownFileType = sourcecode.swift; path = Preferences.swift; sourceTree = "<group>"; };
		B118B970D1735BC66857A549 /* MachineContainerItem.swift */ = {isa = PBXFileReference; fileEncoding = 4; lastKnownFileType = sourcecode.swift; path = MachineContainerItem.swift; sourceTree = "<group>"; };
		B118BAB379B8843568503FAA /* Images.swift */ = {isa = PBXFileReference; fileEncoding = 4; lastKnownFileType = sourcecode.swift; path = Images.swift; sourceTree = "<group>"; };
		B118BB1AD712EA08896F1900 /* FilesRootView.swift */ = {isa = PBXFileReference; fileEncoding = 4; lastKnownFileType = sourcecode.swift; path = FilesRootView.swift; sourceTree = "<group>"; };
		B118BB4D521563F31AB550C7 /* CreateContainerView.swift */ = {isa = PBXFileReference; fileEncoding = 4; lastKnownFileType = sourcecode.swift; path = CreateContainerView.swift; sourceTree = "<group>"; };
		B118BB5624616EC1041FA0C3 /* OnboardingModeView.swift */ = {isa = PBXFileReference; fileEncoding = 4; lastKnownFileType = sourcecode.swift; path = OnboardingModeView.swift; sourceTree = "<group>"; };
		B118BBF535EFE0072DD8B2EF /* BuiltinContainerItem.swift */ = {isa = PBXFileReference; fileEncoding = 4; lastKnownFileType = sourcecode.swift; path = BuiltinContainerItem.swift; sourceTree = "<group>"; };
		B118BC27017014DBEA64D8A0 /* MachinesRootView.swift */ = {isa = PBXFileReference; fileEncoding = 4; lastKnownFileType = sourcecode.swift; path = MachinesRootView.swift; sourceTree = "<group>"; };
		B118BC445161ECC2F67ABFEF /* Utils.swift */ = {isa = PBXFileReference; fileEncoding = 4; lastKnownFileType = sourcecode.swift; path = Utils.swift; sourceTree = "<group>"; };
		B118BD91CF1D1F80CDCBFB9F /* DockerRootView.swift */ = {isa = PBXFileReference; fileEncoding = 4; lastKnownFileType = sourcecode.swift; path = DockerRootView.swift; sourceTree = "<group>"; };
		B118BDB1897ACFEB7A47E00A /* Operators.swift */ = {isa = PBXFileReference; fileEncoding = 4; lastKnownFileType = sourcecode.swift; path = Operators.swift; sourceTree = "<group>"; };
		B118BDE072F572BA61600007 /* AppSettings.swift */ = {isa = PBXFileReference; fileEncoding = 4; lastKnownFileType = sourcecode.swift; path = AppSettings.swift; sourceTree = "<group>"; };
		B118BE4D3578D923BDAE7C2C /* Updater.swift */ = {isa = PBXFileReference; fileEncoding = 4; lastKnownFileType = sourcecode.swift; path = Updater.swift; sourceTree = "<group>"; };
		B118BF07EC16026428F3BB6A /* DockerContainerItem.swift */ = {isa = PBXFileReference; fileEncoding = 4; lastKnownFileType = sourcecode.swift; path = DockerContainerItem.swift; sourceTree = "<group>"; };
		B118BF7EB971BAC66F27805D /* RPCExecutor.swift */ = {isa = PBXFileReference; fileEncoding = 4; lastKnownFileType = sourcecode.swift; path = RPCExecutor.swift; sourceTree = "<group>"; };
		D81E784D299CC4F200A1D8AC /* guihelper */ = {isa = PBXFileReference; explicitFileType = "compiled.mach-o.executable"; includeInIndex = 0; path = guihelper; sourceTree = BUILT_PRODUCTS_DIR; };
		D81E784F299CC4F200A1D8AC /* main.swift */ = {isa = PBXFileReference; lastKnownFileType = sourcecode.swift; path = main.swift; sourceTree = "<group>"; };
		D81E7858299CD27F00A1D8AC /* Info.plist */ = {isa = PBXFileReference; lastKnownFileType = text.plist.xml; path = Info.plist; sourceTree = "<group>"; };
		D81E7859299F059700A1D8AC /* sparkle-cli */ = {isa = PBXFileReference; lastKnownFileType = "compiled.mach-o.executable"; name = "sparkle-cli"; path = "bin/sparkle-cli"; sourceTree = "<group>"; };
		D81E785B29A39BF300A1D8AC /* Utils.swift */ = {isa = PBXFileReference; lastKnownFileType = sourcecode.swift; path = Utils.swift; sourceTree = "<group>"; };
		D81E785E29A4CEEF00A1D8AC /* Foundation.framework */ = {isa = PBXFileReference; lastKnownFileType = wrapper.framework; name = Foundation.framework; path = System/Library/Frameworks/Foundation.framework; sourceTree = SDKROOT; };
		D81E786029A4CF0B00A1D8AC /* UserNotifications.framework */ = {isa = PBXFileReference; lastKnownFileType = wrapper.framework; name = UserNotifications.framework; path = System/Library/Frameworks/UserNotifications.framework; sourceTree = SDKROOT; };
		D81E786229A4CF0E00A1D8AC /* Cocoa.framework */ = {isa = PBXFileReference; lastKnownFileType = wrapper.framework; name = Cocoa.framework; path = System/Library/Frameworks/Cocoa.framework; sourceTree = SDKROOT; };
		D81E786429A7012900A1D8AC /* docker-buildx */ = {isa = PBXFileReference; lastKnownFileType = "compiled.mach-o.executable"; name = "docker-buildx"; path = "build/bins/docker-buildx"; sourceTree = "<group>"; };
		D8694A30298F9C9D0046B6B6 /* SconRPC.swift */ = {isa = PBXFileReference; lastKnownFileType = sourcecode.swift; path = SconRPC.swift; sourceTree = "<group>"; };
		D8694A32298F9EF00046B6B6 /* VmRPC.swift */ = {isa = PBXFileReference; lastKnownFileType = sourcecode.swift; path = VmRPC.swift; sourceTree = "<group>"; };
		D8694A372991EC5A0046B6B6 /* Info.plist */ = {isa = PBXFileReference; lastKnownFileType = text.plist; path = Info.plist; sourceTree = "<group>"; };
		D8694A412992247F0046B6B6 /* macvmgr */ = {isa = PBXFileReference; lastKnownFileType = "compiled.mach-o.executable"; name = macvmgr; path = ../macvmgr/macvmgr; sourceTree = "<group>"; };
		D8694A43299224990046B6B6 /* scli */ = {isa = PBXFileReference; lastKnownFileType = "compiled.mach-o.executable"; name = scli; path = ../scon/scli; sourceTree = "<group>"; };
		D86F35422997A57E00DADC6F /* docker */ = {isa = PBXFileReference; lastKnownFileType = "compiled.mach-o.executable"; name = docker; path = ../macvmgr/xbin/docker; sourceTree = "<group>"; };
		D86F35432997A57E00DADC6F /* docker-compose */ = {isa = PBXFileReference; lastKnownFileType = "compiled.mach-o.executable"; name = "docker-compose"; path = "../macvmgr/xbin/docker-compose"; sourceTree = "<group>"; };
		D86F35442997A57E00DADC6F /* docker-credential-osxkeychain */ = {isa = PBXFileReference; lastKnownFileType = "compiled.mach-o.executable"; name = "docker-credential-osxkeychain"; path = "../macvmgr/xbin/docker-credential-osxkeychain"; sourceTree = "<group>"; };
		D88F4EB82998D81A00419B5C /* assets */ = {isa = PBXFileReference; lastKnownFileType = folder; name = assets; path = build/assets; sourceTree = "<group>"; };
		D88F4ED9299A131B00419B5C /* docker */ = {isa = PBXFileReference; lastKnownFileType = "compiled.mach-o.executable"; name = docker; path = build/bins/docker; sourceTree = "<group>"; };
		D88F4EDA299A131B00419B5C /* docker-compose */ = {isa = PBXFileReference; lastKnownFileType = "compiled.mach-o.executable"; name = "docker-compose"; path = "build/bins/docker-compose"; sourceTree = "<group>"; };
		D88F4EDB299A131B00419B5C /* docker-credential-osxkeychain */ = {isa = PBXFileReference; lastKnownFileType = "compiled.mach-o.executable"; name = "docker-credential-osxkeychain"; path = "build/bins/docker-credential-osxkeychain"; sourceTree = "<group>"; };
		D8A32B8E296F839100E56EEF /* OrbStack.app */ = {isa = PBXFileReference; explicitFileType = wrapper.application; includeInIndex = 0; path = OrbStack.app; sourceTree = BUILT_PRODUCTS_DIR; };
		D8A32B91296F839100E56EEF /* MacVirtApp.swift */ = {isa = PBXFileReference; lastKnownFileType = sourcecode.swift; path = MacVirtApp.swift; sourceTree = "<group>"; };
		D8A32B93296F839100E56EEF /* ContentView.swift */ = {isa = PBXFileReference; lastKnownFileType = sourcecode.swift; path = ContentView.swift; sourceTree = "<group>"; };
		D8A32B95296F839100E56EEF /* Assets.xcassets */ = {isa = PBXFileReference; lastKnownFileType = folder.assetcatalog; path = Assets.xcassets; sourceTree = "<group>"; };
		D8A32B98296F839100E56EEF /* Preview Assets.xcassets */ = {isa = PBXFileReference; lastKnownFileType = folder.assetcatalog; path = "Preview Assets.xcassets"; sourceTree = "<group>"; };
		D8A32B9A296F839100E56EEF /* MacVirt.entitlements */ = {isa = PBXFileReference; lastKnownFileType = text.plist.entitlements; path = MacVirt.entitlements; sourceTree = "<group>"; };
		D8CBDA24298F791F0026F44A /* AppConfig.swift */ = {isa = PBXFileReference; lastKnownFileType = sourcecode.swift; path = AppConfig.swift; sourceTree = "<group>"; };
/* End PBXFileReference section */

/* Begin PBXFrameworksBuildPhase section */
		D81E784A299CC4F200A1D8AC /* Frameworks */ = {
			isa = PBXFrameworksBuildPhase;
			buildActionMask = 2147483647;
			files = (
			);
			runOnlyForDeploymentPostprocessing = 0;
		};
		D8A32B8B296F839100E56EEF /* Frameworks */ = {
			isa = PBXFrameworksBuildPhase;
			buildActionMask = 2147483647;
			files = (
				D855F1F02998B6A700B62588 /* Sentry in Frameworks */,
				D8694A4C2994D4FA0046B6B6 /* Defaults in Frameworks */,
				D8694A49299464810046B6B6 /* Sparkle in Frameworks */,
				D8694A3A2991F3C10046B6B6 /* LaunchAtLogin in Frameworks */,
				D8694A362991D8160046B6B6 /* SwiftJSONRPC in Frameworks */,
			);
			runOnlyForDeploymentPostprocessing = 0;
		};
/* End PBXFrameworksBuildPhase section */

/* Begin PBXGroup section */
		D81E784E299CC4F200A1D8AC /* guihelper */ = {
			isa = PBXGroup;
			children = (
				D81E784F299CC4F200A1D8AC /* main.swift */,
				D81E785B29A39BF300A1D8AC /* Utils.swift */,
				D81E7858299CD27F00A1D8AC /* Info.plist */,
			);
			path = guihelper;
			sourceTree = "<group>";
		};
		D81E785D29A4CEEF00A1D8AC /* Frameworks */ = {
			isa = PBXGroup;
			children = (
				D81E786229A4CF0E00A1D8AC /* Cocoa.framework */,
				D81E786029A4CF0B00A1D8AC /* UserNotifications.framework */,
				D81E785E29A4CEEF00A1D8AC /* Foundation.framework */,
			);
			name = Frameworks;
			sourceTree = "<group>";
		};
		D8A32B85296F839100E56EEF = {
			isa = PBXGroup;
			children = (
				D81E786429A7012900A1D8AC /* docker-buildx */,
				D81E7859299F059700A1D8AC /* sparkle-cli */,
				D88F4ED9299A131B00419B5C /* docker */,
				D88F4EDA299A131B00419B5C /* docker-compose */,
				D88F4EDB299A131B00419B5C /* docker-credential-osxkeychain */,
				D88F4EB82998D81A00419B5C /* assets */,
				D86F35422997A57E00DADC6F /* docker */,
				D86F35432997A57E00DADC6F /* docker-compose */,
				D86F35442997A57E00DADC6F /* docker-credential-osxkeychain */,
				D8694A43299224990046B6B6 /* scli */,
				D8694A412992247F0046B6B6 /* macvmgr */,
				D8A32B90296F839100E56EEF /* MacVirt */,
				D81E784E299CC4F200A1D8AC /* guihelper */,
				D8A32B8F296F839100E56EEF /* Products */,
				D81E785D29A4CEEF00A1D8AC /* Frameworks */,
			);
			sourceTree = "<group>";
		};
		D8A32B8F296F839100E56EEF /* Products */ = {
			isa = PBXGroup;
			children = (
				D8A32B8E296F839100E56EEF /* OrbStack.app */,
				D81E784D299CC4F200A1D8AC /* guihelper */,
			);
			name = Products;
			sourceTree = "<group>";
		};
		D8A32B90296F839100E56EEF /* MacVirt */ = {
			isa = PBXGroup;
			children = (
				D8CBDA24298F791F0026F44A /* AppConfig.swift */,
				B118B2EB4C629A3B12CBF3B7 /* AppDelegate.swift */,
				B118BDE072F572BA61600007 /* AppSettings.swift */,
				D8A32B95296F839100E56EEF /* Assets.xcassets */,
				B118BBF535EFE0072DD8B2EF /* BuiltinContainerItem.swift */,
				B118B4CBF28E57766F454C98 /* CommandsRootView.swift */,
				D8A32B93296F839100E56EEF /* ContentView.swift */,
				B118BB4D521563F31AB550C7 /* CreateContainerView.swift */,
				B118BF07EC16026428F3BB6A /* DockerContainerItem.swift */,
				B118BD91CF1D1F80CDCBFB9F /* DockerRootView.swift */,
				B118B95F44262A37E5CA5660 /* DockerViewModel.swift */,
				B118B120BD6D6CB13E4E9E30 /* DoubleClick.swift */,
				B118B5C4347A3837FA386E75 /* GeneralSettingsView.swift */,
				B118BAB379B8843568503FAA /* Images.swift */,
				D8694A372991EC5A0046B6B6 /* Info.plist */,
				B118B970D1735BC66857A549 /* MachineContainerItem.swift */,
				B118BC27017014DBEA64D8A0 /* MachinesRootView.swift */,
				D8A32B9A296F839100E56EEF /* MacVirt.entitlements */,
				D8A32B91296F839100E56EEF /* MacVirtApp.swift */,
				B118B39D053F0586CEFDE474 /* OnboardingCreateView.swift */,
				B118BB5624616EC1041FA0C3 /* OnboardingModeView.swift */,
				B118B87578004F7F2FBCC7D7 /* OnboardingRootView.swift */,
				B118B45D585B7BE85BF1AE40 /* OnboardingViewModel.swift */,
				B118B0BDF5AD69FB7610FC71 /* OnboardingWelcomeView.swift */,
				B118BDB1897ACFEB7A47E00A /* Operators.swift */,
				B118B967D5C4B61A7671FD0E /* Preferences.swift */,
				D8A32B97296F839100E56EEF /* Preview Content */,
				B118BF7EB971BAC66F27805D /* RPCExecutor.swift */,
				D8694A30298F9C9D0046B6B6 /* SconRPC.swift */,
				B118B242268639C9B875CBC3 /* StateWrapperView.swift */,
				B118B34EBC61512D1B66D855 /* SwiftUIUtils.swift */,
				B118BE4D3578D923BDAE7C2C /* Updater.swift */,
				B118BC445161ECC2F67ABFEF /* Utils.swift */,
				D8694A32298F9EF00046B6B6 /* VmRPC.swift */,
				B118B7E62611F603F60BF666 /* VmViewModel.swift */,
				B118BB1AD712EA08896F1900 /* FilesRootView.swift */,
				B118B7E4875DB989A26F46BA /* FileContainerItem.swift */,
				B118B3757D7262C8D53133ED /* MachineSettingsView.swift */,
			);
			path = MacVirt;
			sourceTree = "<group>";
		};
		D8A32B97296F839100E56EEF /* Preview Content */ = {
			isa = PBXGroup;
			children = (
				D8A32B98296F839100E56EEF /* Preview Assets.xcassets */,
			);
			path = "Preview Content";
			sourceTree = "<group>";
		};
/* End PBXGroup section */

/* Begin PBXNativeTarget section */
		D81E784C299CC4F200A1D8AC /* guihelper */ = {
			isa = PBXNativeTarget;
			buildConfigurationList = D81E7853299CC4F200A1D8AC /* Build configuration list for PBXNativeTarget "guihelper" */;
			buildPhases = (
				D81E7849299CC4F200A1D8AC /* Sources */,
				D81E784A299CC4F200A1D8AC /* Frameworks */,
				D81E784B299CC4F200A1D8AC /* CopyFiles */,
			);
			buildRules = (
			);
			dependencies = (
			);
			name = guihelper;
			productName = guihelper;
			productReference = D81E784D299CC4F200A1D8AC /* guihelper */;
			productType = "com.apple.product-type.tool";
		};
		D8A32B8D296F839100E56EEF /* MacVirt */ = {
			isa = PBXNativeTarget;
			buildConfigurationList = D8A32B9D296F839100E56EEF /* Build configuration list for PBXNativeTarget "MacVirt" */;
			buildPhases = (
				D8A32B8A296F839100E56EEF /* Sources */,
				D8A32B8B296F839100E56EEF /* Frameworks */,
				D8A32B8C296F839100E56EEF /* Resources */,
				D8694A3B2991F3F80046B6B6 /* Copy “Launch at Login Helper” */,
				D8694A3E2991F8C70046B6B6 /* Copy Go executables and Swift GUI helper */,
				D8694A45299224CA0046B6B6 /* Copy Docker xbin executables */,
				D88F4EB72998D61B00419B5C /* Copy assets */,
				D8694A46299224F10046B6B6 /* Create symlinks */,
				D86F35482997A5B700DADC6F /* Set version from Git */,
			);
			buildRules = (
			);
			dependencies = (
				D81E7855299CC53400A1D8AC /* PBXTargetDependency */,
			);
			name = MacVirt;
			packageProductDependencies = (
				D8694A352991D8160046B6B6 /* SwiftJSONRPC */,
				D8694A392991F3C10046B6B6 /* LaunchAtLogin */,
				D8694A48299464810046B6B6 /* Sparkle */,
				D8694A4B2994D4FA0046B6B6 /* Defaults */,
				D855F1EF2998B6A700B62588 /* Sentry */,
			);
			productName = MacVirt;
			productReference = D8A32B8E296F839100E56EEF /* OrbStack.app */;
			productType = "com.apple.product-type.application";
		};
/* End PBXNativeTarget section */

/* Begin PBXProject section */
		D8A32B86296F839100E56EEF /* Project object */ = {
			isa = PBXProject;
			attributes = {
				BuildIndependentTargetsInParallel = 1;
				LastSwiftUpdateCheck = 1420;
				LastUpgradeCheck = 1420;
				TargetAttributes = {
					D81E784C299CC4F200A1D8AC = {
						CreatedOnToolsVersion = 14.2;
					};
					D8A32B8D296F839100E56EEF = {
						CreatedOnToolsVersion = 14.2;
					};
				};
			};
			buildConfigurationList = D8A32B89296F839100E56EEF /* Build configuration list for PBXProject "MacVirt" */;
			compatibilityVersion = "Xcode 14.0";
			developmentRegion = en;
			hasScannedForEncodings = 0;
			knownRegions = (
				en,
				Base,
			);
			mainGroup = D8A32B85296F839100E56EEF;
			packageReferences = (
				D8694A342991D8160046B6B6 /* XCRemoteSwiftPackageReference "SwiftJSONRPC" */,
				D8694A382991F3C10046B6B6 /* XCRemoteSwiftPackageReference "LaunchAtLogin" */,
				D8694A47299464810046B6B6 /* XCRemoteSwiftPackageReference "Sparkle" */,
				D8694A4A2994D4FA0046B6B6 /* XCRemoteSwiftPackageReference "defaults" */,
				D855F1EE2998B6A700B62588 /* XCRemoteSwiftPackageReference "sentry-cocoa" */,
			);
			productRefGroup = D8A32B8F296F839100E56EEF /* Products */;
			projectDirPath = "";
			projectRoot = "";
			targets = (
				D8A32B8D296F839100E56EEF /* MacVirt */,
				D81E784C299CC4F200A1D8AC /* guihelper */,
			);
		};
/* End PBXProject section */

/* Begin PBXResourcesBuildPhase section */
		D8A32B8C296F839100E56EEF /* Resources */ = {
			isa = PBXResourcesBuildPhase;
			buildActionMask = 2147483647;
			files = (
				D8A32B99296F839100E56EEF /* Preview Assets.xcassets in Resources */,
				D8A32B96296F839100E56EEF /* Assets.xcassets in Resources */,
			);
			runOnlyForDeploymentPostprocessing = 0;
		};
/* End PBXResourcesBuildPhase section */

/* Begin PBXShellScriptBuildPhase section */
		D8694A3B2991F3F80046B6B6 /* Copy “Launch at Login Helper” */ = {
			isa = PBXShellScriptBuildPhase;
			alwaysOutOfDate = 1;
			buildActionMask = 2147483647;
			files = (
			);
			inputFileListPaths = (
			);
			inputPaths = (
			);
			name = "Copy “Launch at Login Helper”";
			outputFileListPaths = (
			);
			outputPaths = (
			);
			runOnlyForDeploymentPostprocessing = 0;
			shellPath = /bin/sh;
			shellScript = "\"${BUILT_PRODUCTS_DIR}/LaunchAtLogin_LaunchAtLogin.bundle/Contents/Resources/copy-helper-swiftpm.sh\"\n";
		};
		D8694A46299224F10046B6B6 /* Create symlinks */ = {
			isa = PBXShellScriptBuildPhase;
			alwaysOutOfDate = 1;
			buildActionMask = 2147483647;
			files = (
			);
			inputFileListPaths = (
			);
			inputPaths = (
			);
			name = "Create symlinks";
			outputFileListPaths = (
			);
			outputPaths = (
			);
			runOnlyForDeploymentPostprocessing = 0;
			shellPath = /bin/bash;
			shellScript = "cd \"$TARGET_BUILD_DIR\"\nmkdir -p \"$EXECUTABLE_FOLDER_PATH/bin\"\nln -sf ../scli \"$EXECUTABLE_FOLDER_PATH/bin/orbctl\"\nln -sf ../scli \"$EXECUTABLE_FOLDER_PATH/bin/orb\"\nln -sf ../scli \"$EXECUTABLE_FOLDER_PATH/bin/lnxctl\"\nln -sf ../scli \"$EXECUTABLE_FOLDER_PATH/bin/lnx\"\nln -sf Resources/assets \"$EXECUTABLE_FOLDER_PATH/../assets\"\n";
		};
		D86F35482997A5B700DADC6F /* Set version from Git */ = {
			isa = PBXShellScriptBuildPhase;
			alwaysOutOfDate = 1;
			buildActionMask = 2147483647;
			files = (
			);
			inputFileListPaths = (
			);
			inputPaths = (
			);
			name = "Set version from Git";
			outputFileListPaths = (
			);
			outputPaths = (
			);
			runOnlyForDeploymentPostprocessing = 0;
			shellPath = /bin/bash;
			shellScript = "LONG_VER=$(git describe --tags --always --dirty)\nCOMMITS=$(git rev-list --count HEAD)\n#defaults write \"${BUILT_PRODUCTS_DIR}/${INFOPLIST_PATH%.*}\" \"CFBundleShortVersionString\" \"${GIT_RELEASE_VERSION#*v}\"\ndefaults write \"${BUILT_PRODUCTS_DIR}/${INFOPLIST_PATH%.*}\" \"CFBundleVersion\" \"${COMMITS}\"\n";
		};
/* End PBXShellScriptBuildPhase section */

/* Begin PBXSourcesBuildPhase section */
		D81E7849299CC4F200A1D8AC /* Sources */ = {
			isa = PBXSourcesBuildPhase;
			buildActionMask = 2147483647;
			files = (
				D81E7850299CC4F200A1D8AC /* main.swift in Sources */,
				D81E785C29A39BF300A1D8AC /* Utils.swift in Sources */,
			);
			runOnlyForDeploymentPostprocessing = 0;
		};
		D8A32B8A296F839100E56EEF /* Sources */ = {
			isa = PBXSourcesBuildPhase;
			buildActionMask = 2147483647;
			files = (
				D8A32B94296F839100E56EEF /* ContentView.swift in Sources */,
				D8CBDA25298F791F0026F44A /* AppConfig.swift in Sources */,
				D8A32B92296F839100E56EEF /* MacVirtApp.swift in Sources */,
				D8694A31298F9C9D0046B6B6 /* SconRPC.swift in Sources */,
				D8694A33298F9EF00046B6B6 /* VmRPC.swift in Sources */,
				B118BFFF5813563EF72E1C36 /* AppSettings.swift in Sources */,
				B118BBF68DB88AC073541CD2 /* VmViewModel.swift in Sources */,
				B118B443D41B677A8C3EC6FB /* RPCExecutor.swift in Sources */,
				B118BFD7C7DDDF02D8639C5D /* GeneralSettingsView.swift in Sources */,
				B118BC31190DB3854C66B353 /* MachineContainerItem.swift in Sources */,
				B118BF4BE4D185C5A88B7A7D /* Images.swift in Sources */,
				B118B1847379D830C007E7E7 /* CreateContainerView.swift in Sources */,
				B118BD02365D5248F5ACF9C6 /* BuiltinContainerItem.swift in Sources */,
				B118BAD426D7BA4054B6E689 /* DockerRootView.swift in Sources */,
				B118B249BBD0B364D80B8CCD /* MachinesRootView.swift in Sources */,
				B118B06B0208CC9D8306684D /* StateWrapperView.swift in Sources */,
				B118B7A041A184E2575844C5 /* DoubleClick.swift in Sources */,
				B118B1C2435DAF0D619BB2BD /* OnboardingRootView.swift in Sources */,
				B118BB2A35AC6730018691D2 /* OnboardingWelcomeView.swift in Sources */,
				B118B99876CACE427270E9DA /* OnboardingViewModel.swift in Sources */,
				B118BFB7E48980394ADE79DE /* AppDelegate.swift in Sources */,
				B118BC2FFF41ABFFF0CA5BF3 /* Utils.swift in Sources */,
				B118BD34325C70523001BE10 /* DockerContainerItem.swift in Sources */,
				B118BC98D011CF698552D55A /* DockerViewModel.swift in Sources */,
				B118BD090D290FC5365B0FD9 /* Operators.swift in Sources */,
				B118B12B23701E40AC5C8997 /* CommandsRootView.swift in Sources */,
				B118BCFEE4ABA072F6B87014 /* SwiftUIUtils.swift in Sources */,
				B118B5CADCA44C8A25695EFF /* Updater.swift in Sources */,
				B118BF852FE2E4976050D4B2 /* OnboardingModeView.swift in Sources */,
				B118BCBE5B1FDC9451990A90 /* Preferences.swift in Sources */,
				B118BF2634CFC22342E565CF /* OnboardingCreateView.swift in Sources */,
				B118B96A6A028887CFCE7574 /* FilesRootView.swift in Sources */,
				B118BE19740FC7363C335980 /* FileContainerItem.swift in Sources */,
				B118B7486AF77C3A98B10D0F /* MachineSettingsView.swift in Sources */,
			);
			runOnlyForDeploymentPostprocessing = 0;
		};
/* End PBXSourcesBuildPhase section */

/* Begin PBXTargetDependency section */
		D81E7855299CC53400A1D8AC /* PBXTargetDependency */ = {
			isa = PBXTargetDependency;
			target = D81E784C299CC4F200A1D8AC /* guihelper */;
			targetProxy = D81E7854299CC53400A1D8AC /* PBXContainerItemProxy */;
		};
/* End PBXTargetDependency section */

/* Begin XCBuildConfiguration section */
		D81E7851299CC4F200A1D8AC /* Debug */ = {
			isa = XCBuildConfiguration;
			buildSettings = {
				CODE_SIGN_STYLE = Automatic;
				CREATE_INFOPLIST_SECTION_IN_BINARY = YES;
				DEVELOPMENT_TEAM = HUAQ24HBR6;
				ENABLE_HARDENED_RUNTIME = YES;
				INFOPLIST_FILE = "$(SRCROOT)/guihelper/Info.plist";
				INSTALL_PATH = "";
				MACOSX_DEPLOYMENT_TARGET = 12.4;
				PRODUCT_BUNDLE_IDENTIFIER = dev.kdrag0n.MacVirt;
				PRODUCT_NAME = "$(TARGET_NAME)";
				SWIFT_VERSION = 5.0;
			};
			name = Debug;
		};
		D81E7852299CC4F200A1D8AC /* Release */ = {
			isa = XCBuildConfiguration;
			buildSettings = {
				CODE_SIGN_STYLE = Automatic;
				CREATE_INFOPLIST_SECTION_IN_BINARY = YES;
				DEVELOPMENT_TEAM = HUAQ24HBR6;
				ENABLE_HARDENED_RUNTIME = YES;
				INFOPLIST_FILE = "$(SRCROOT)/guihelper/Info.plist";
				INSTALL_PATH = "";
				MACOSX_DEPLOYMENT_TARGET = 12.4;
				PRODUCT_BUNDLE_IDENTIFIER = dev.kdrag0n.MacVirt;
				PRODUCT_NAME = "$(TARGET_NAME)";
				SWIFT_VERSION = 5.0;
			};
			name = Release;
		};
		D8A32B9B296F839100E56EEF /* Debug */ = {
			isa = XCBuildConfiguration;
			buildSettings = {
				ALWAYS_SEARCH_USER_PATHS = NO;
				CLANG_ANALYZER_NONNULL = YES;
				CLANG_ANALYZER_NUMBER_OBJECT_CONVERSION = YES_AGGRESSIVE;
				CLANG_CXX_LANGUAGE_STANDARD = "gnu++20";
				CLANG_ENABLE_MODULES = YES;
				CLANG_ENABLE_OBJC_ARC = YES;
				CLANG_ENABLE_OBJC_WEAK = YES;
				CLANG_WARN_BLOCK_CAPTURE_AUTORELEASING = YES;
				CLANG_WARN_BOOL_CONVERSION = YES;
				CLANG_WARN_COMMA = YES;
				CLANG_WARN_CONSTANT_CONVERSION = YES;
				CLANG_WARN_DEPRECATED_OBJC_IMPLEMENTATIONS = YES;
				CLANG_WARN_DIRECT_OBJC_ISA_USAGE = YES_ERROR;
				CLANG_WARN_DOCUMENTATION_COMMENTS = YES;
				CLANG_WARN_EMPTY_BODY = YES;
				CLANG_WARN_ENUM_CONVERSION = YES;
				CLANG_WARN_INFINITE_RECURSION = YES;
				CLANG_WARN_INT_CONVERSION = YES;
				CLANG_WARN_NON_LITERAL_NULL_CONVERSION = YES;
				CLANG_WARN_OBJC_IMPLICIT_RETAIN_SELF = YES;
				CLANG_WARN_OBJC_LITERAL_CONVERSION = YES;
				CLANG_WARN_OBJC_ROOT_CLASS = YES_ERROR;
				CLANG_WARN_QUOTED_INCLUDE_IN_FRAMEWORK_HEADER = YES;
				CLANG_WARN_RANGE_LOOP_ANALYSIS = YES;
				CLANG_WARN_STRICT_PROTOTYPES = YES;
				CLANG_WARN_SUSPICIOUS_MOVE = YES;
				CLANG_WARN_UNGUARDED_AVAILABILITY = YES_AGGRESSIVE;
				CLANG_WARN_UNREACHABLE_CODE = YES;
				CLANG_WARN__DUPLICATE_METHOD_MATCH = YES;
				COPY_PHASE_STRIP = NO;
				DEAD_CODE_STRIPPING = YES;
				DEBUG_INFORMATION_FORMAT = dwarf;
				ENABLE_STRICT_OBJC_MSGSEND = YES;
				ENABLE_TESTABILITY = YES;
				GCC_C_LANGUAGE_STANDARD = gnu11;
				GCC_DYNAMIC_NO_PIC = NO;
				GCC_NO_COMMON_BLOCKS = YES;
				GCC_OPTIMIZATION_LEVEL = 0;
				GCC_PREPROCESSOR_DEFINITIONS = (
					"DEBUG=1",
					"$(inherited)",
				);
				GCC_WARN_64_TO_32_BIT_CONVERSION = YES;
				GCC_WARN_ABOUT_RETURN_TYPE = YES_ERROR;
				GCC_WARN_UNDECLARED_SELECTOR = YES;
				GCC_WARN_UNINITIALIZED_AUTOS = YES_AGGRESSIVE;
				GCC_WARN_UNUSED_FUNCTION = YES;
				GCC_WARN_UNUSED_VARIABLE = YES;
				MACOSX_DEPLOYMENT_TARGET = 13.1;
				MTL_ENABLE_DEBUG_INFO = INCLUDE_SOURCE;
				MTL_FAST_MATH = YES;
				ONLY_ACTIVE_ARCH = YES;
				SDKROOT = macosx;
				SWIFT_ACTIVE_COMPILATION_CONDITIONS = DEBUG;
				SWIFT_OPTIMIZATION_LEVEL = "-Onone";
			};
			name = Debug;
		};
		D8A32B9C296F839100E56EEF /* Release */ = {
			isa = XCBuildConfiguration;
			buildSettings = {
				ALWAYS_SEARCH_USER_PATHS = NO;
				CLANG_ANALYZER_NONNULL = YES;
				CLANG_ANALYZER_NUMBER_OBJECT_CONVERSION = YES_AGGRESSIVE;
				CLANG_CXX_LANGUAGE_STANDARD = "gnu++20";
				CLANG_ENABLE_MODULES = YES;
				CLANG_ENABLE_OBJC_ARC = YES;
				CLANG_ENABLE_OBJC_WEAK = YES;
				CLANG_WARN_BLOCK_CAPTURE_AUTORELEASING = YES;
				CLANG_WARN_BOOL_CONVERSION = YES;
				CLANG_WARN_COMMA = YES;
				CLANG_WARN_CONSTANT_CONVERSION = YES;
				CLANG_WARN_DEPRECATED_OBJC_IMPLEMENTATIONS = YES;
				CLANG_WARN_DIRECT_OBJC_ISA_USAGE = YES_ERROR;
				CLANG_WARN_DOCUMENTATION_COMMENTS = YES;
				CLANG_WARN_EMPTY_BODY = YES;
				CLANG_WARN_ENUM_CONVERSION = YES;
				CLANG_WARN_INFINITE_RECURSION = YES;
				CLANG_WARN_INT_CONVERSION = YES;
				CLANG_WARN_NON_LITERAL_NULL_CONVERSION = YES;
				CLANG_WARN_OBJC_IMPLICIT_RETAIN_SELF = YES;
				CLANG_WARN_OBJC_LITERAL_CONVERSION = YES;
				CLANG_WARN_OBJC_ROOT_CLASS = YES_ERROR;
				CLANG_WARN_QUOTED_INCLUDE_IN_FRAMEWORK_HEADER = YES;
				CLANG_WARN_RANGE_LOOP_ANALYSIS = YES;
				CLANG_WARN_STRICT_PROTOTYPES = YES;
				CLANG_WARN_SUSPICIOUS_MOVE = YES;
				CLANG_WARN_UNGUARDED_AVAILABILITY = YES_AGGRESSIVE;
				CLANG_WARN_UNREACHABLE_CODE = YES;
				CLANG_WARN__DUPLICATE_METHOD_MATCH = YES;
				COPY_PHASE_STRIP = NO;
				DEAD_CODE_STRIPPING = YES;
				DEBUG_INFORMATION_FORMAT = "dwarf-with-dsym";
				ENABLE_NS_ASSERTIONS = NO;
				ENABLE_STRICT_OBJC_MSGSEND = YES;
				GCC_C_LANGUAGE_STANDARD = gnu11;
				GCC_NO_COMMON_BLOCKS = YES;
				GCC_WARN_64_TO_32_BIT_CONVERSION = YES;
				GCC_WARN_ABOUT_RETURN_TYPE = YES_ERROR;
				GCC_WARN_UNDECLARED_SELECTOR = YES;
				GCC_WARN_UNINITIALIZED_AUTOS = YES_AGGRESSIVE;
				GCC_WARN_UNUSED_FUNCTION = YES;
				GCC_WARN_UNUSED_VARIABLE = YES;
				MACOSX_DEPLOYMENT_TARGET = 13.1;
				MTL_ENABLE_DEBUG_INFO = NO;
				MTL_FAST_MATH = YES;
				SDKROOT = macosx;
				SWIFT_COMPILATION_MODE = wholemodule;
				SWIFT_OPTIMIZATION_LEVEL = "-O";
			};
			name = Release;
		};
		D8A32B9E296F839100E56EEF /* Debug */ = {
			isa = XCBuildConfiguration;
			buildSettings = {
				ASSETCATALOG_COMPILER_APPICON_NAME = AppIcon;
				ASSETCATALOG_COMPILER_GLOBAL_ACCENT_COLOR_NAME = AccentColor;
				CODE_SIGN_ENTITLEMENTS = MacVirt/MacVirt.entitlements;
				CODE_SIGN_IDENTITY = "Apple Development";
				CODE_SIGN_STYLE = Automatic;
				COMBINE_HIDPI_IMAGES = YES;
				CURRENT_PROJECT_VERSION = 102;
				DEAD_CODE_STRIPPING = YES;
				DEVELOPMENT_ASSET_PATHS = "\"MacVirt/Preview Content\"";
				DEVELOPMENT_TEAM = HUAQ24HBR6;
				ENABLE_HARDENED_RUNTIME = YES;
				ENABLE_PREVIEWS = YES;
				GENERATE_INFOPLIST_FILE = YES;
				INFOPLIST_FILE = MacVirt/Info.plist;
				INFOPLIST_KEY_LSApplicationCategoryType = "public.app-category.developer-tools";
				INFOPLIST_KEY_NSHumanReadableCopyright = "© 2022–2023 Danny Lin";
				LD_RUNPATH_SEARCH_PATHS = (
					"$(inherited)",
					"@executable_path/../Frameworks",
				);
				MACOSX_DEPLOYMENT_TARGET = 12.4;
				MARKETING_VERSION = 0.1.9;
				PRODUCT_BUNDLE_IDENTIFIER = dev.kdrag0n.MacVirt;
				PRODUCT_NAME = OrbStack;
				PROVISIONING_PROFILE_SPECIFIER = "";
				SWIFT_EMIT_LOC_STRINGS = YES;
				SWIFT_VERSION = 5.0;
			};
			name = Debug;
		};
		D8A32B9F296F839100E56EEF /* Release */ = {
			isa = XCBuildConfiguration;
			buildSettings = {
				ASSETCATALOG_COMPILER_APPICON_NAME = AppIcon;
				ASSETCATALOG_COMPILER_GLOBAL_ACCENT_COLOR_NAME = AccentColor;
				CODE_SIGN_ENTITLEMENTS = MacVirt/MacVirt.entitlements;
				CODE_SIGN_IDENTITY = "Apple Development";
				"CODE_SIGN_IDENTITY[sdk=macosx*]" = "Developer ID Application";
				CODE_SIGN_STYLE = Manual;
				COMBINE_HIDPI_IMAGES = YES;
				CURRENT_PROJECT_VERSION = 102;
				DEAD_CODE_STRIPPING = YES;
				DEVELOPMENT_ASSET_PATHS = "\"MacVirt/Preview Content\"";
				DEVELOPMENT_TEAM = "";
				"DEVELOPMENT_TEAM[sdk=macosx*]" = HUAQ24HBR6;
				ENABLE_HARDENED_RUNTIME = YES;
				ENABLE_PREVIEWS = YES;
				GENERATE_INFOPLIST_FILE = YES;
				INFOPLIST_FILE = MacVirt/Info.plist;
				INFOPLIST_KEY_LSApplicationCategoryType = "public.app-category.developer-tools";
				INFOPLIST_KEY_NSHumanReadableCopyright = "© 2022–2023 Danny Lin";
				LD_RUNPATH_SEARCH_PATHS = (
					"$(inherited)",
					"@executable_path/../Frameworks",
				);
				MACOSX_DEPLOYMENT_TARGET = 12.4;
				MARKETING_VERSION = 0.1.9;
				PRODUCT_BUNDLE_IDENTIFIER = dev.kdrag0n.MacVirt;
				PRODUCT_NAME = OrbStack;
				PROVISIONING_PROFILE_SPECIFIER = "";
				SWIFT_EMIT_LOC_STRINGS = YES;
				SWIFT_VERSION = 5.0;
			};
			name = Release;
		};
/* End XCBuildConfiguration section */

/* Begin XCConfigurationList section */
		D81E7853299CC4F200A1D8AC /* Build configuration list for PBXNativeTarget "guihelper" */ = {
			isa = XCConfigurationList;
			buildConfigurations = (
				D81E7851299CC4F200A1D8AC /* Debug */,
				D81E7852299CC4F200A1D8AC /* Release */,
			);
			defaultConfigurationIsVisible = 0;
			defaultConfigurationName = Release;
		};
		D8A32B89296F839100E56EEF /* Build configuration list for PBXProject "MacVirt" */ = {
			isa = XCConfigurationList;
			buildConfigurations = (
				D8A32B9B296F839100E56EEF /* Debug */,
				D8A32B9C296F839100E56EEF /* Release */,
			);
			defaultConfigurationIsVisible = 0;
			defaultConfigurationName = Release;
		};
		D8A32B9D296F839100E56EEF /* Build configuration list for PBXNativeTarget "MacVirt" */ = {
			isa = XCConfigurationList;
			buildConfigurations = (
				D8A32B9E296F839100E56EEF /* Debug */,
				D8A32B9F296F839100E56EEF /* Release */,
			);
			defaultConfigurationIsVisible = 0;
			defaultConfigurationName = Release;
		};
/* End XCConfigurationList section */

/* Begin XCRemoteSwiftPackageReference section */
		D855F1EE2998B6A700B62588 /* XCRemoteSwiftPackageReference "sentry-cocoa" */ = {
			isa = XCRemoteSwiftPackageReference;
			repositoryURL = "https://github.com/getsentry/sentry-cocoa.git";
			requirement = {
				kind = upToNextMajorVersion;
				minimumVersion = 8.0.0;
			};
		};
		D8694A342991D8160046B6B6 /* XCRemoteSwiftPackageReference "SwiftJSONRPC" */ = {
			isa = XCRemoteSwiftPackageReference;
			repositoryURL = "https://github.com/kdrag0n/SwiftJSONRPC.git";
			requirement = {
				branch = master;
				kind = branch;
			};
		};
		D8694A382991F3C10046B6B6 /* XCRemoteSwiftPackageReference "LaunchAtLogin" */ = {
			isa = XCRemoteSwiftPackageReference;
			repositoryURL = "https://github.com/sindresorhus/LaunchAtLogin.git";
			requirement = {
				branch = main;
				kind = branch;
			};
		};
		D8694A47299464810046B6B6 /* XCRemoteSwiftPackageReference "Sparkle" */ = {
			isa = XCRemoteSwiftPackageReference;
			repositoryURL = "https://github.com/sparkle-project/Sparkle";
			requirement = {
				kind = upToNextMajorVersion;
				minimumVersion = 2.0.0;
			};
		};
		D8694A4A2994D4FA0046B6B6 /* XCRemoteSwiftPackageReference "defaults" */ = {
			isa = XCRemoteSwiftPackageReference;
			repositoryURL = "https://github.com/sindresorhus/defaults";
			requirement = {
				branch = main;
				kind = branch;
			};
		};
/* End XCRemoteSwiftPackageReference section */

/* Begin XCSwiftPackageProductDependency section */
		D855F1EF2998B6A700B62588 /* Sentry */ = {
			isa = XCSwiftPackageProductDependency;
			package = D855F1EE2998B6A700B62588 /* XCRemoteSwiftPackageReference "sentry-cocoa" */;
			productName = Sentry;
		};
		D8694A352991D8160046B6B6 /* SwiftJSONRPC */ = {
			isa = XCSwiftPackageProductDependency;
			package = D8694A342991D8160046B6B6 /* XCRemoteSwiftPackageReference "SwiftJSONRPC" */;
			productName = SwiftJSONRPC;
		};
		D8694A392991F3C10046B6B6 /* LaunchAtLogin */ = {
			isa = XCSwiftPackageProductDependency;
			package = D8694A382991F3C10046B6B6 /* XCRemoteSwiftPackageReference "LaunchAtLogin" */;
			productName = LaunchAtLogin;
		};
		D8694A48299464810046B6B6 /* Sparkle */ = {
			isa = XCSwiftPackageProductDependency;
			package = D8694A47299464810046B6B6 /* XCRemoteSwiftPackageReference "Sparkle" */;
			productName = Sparkle;
		};
		D8694A4B2994D4FA0046B6B6 /* Defaults */ = {
			isa = XCSwiftPackageProductDependency;
			package = D8694A4A2994D4FA0046B6B6 /* XCRemoteSwiftPackageReference "defaults" */;
			productName = Defaults;
		};
/* End XCSwiftPackageProductDependency section */
	};
	rootObject = D8A32B86296F839100E56EEF /* Project object */;
}
