// !$*UTF8*$!
{
	archiveVersion = 1;
	classes = {
	};
	objectVersion = 56;
	objects = {

/* Begin PBXBuildFile section */
		024B35B24D909AE2EE888438 /* Utils.swift in Sources */ = {isa = PBXBuildFile; fileRef = 3D47C676B7041862EBB98EBD /* Utils.swift */; };
		0531FA7405F1E467158E7EBF /* CreateVolumeView.swift in Sources */ = {isa = PBXBuildFile; fileRef = 942FC697F5F1D6F279B89D32 /* CreateVolumeView.swift */; };
		0E077847BB0D9A2E5DF1935E /* DaemonManager.swift in Sources */ = {isa = PBXBuildFile; fileRef = 320CB121889C77BB4D1BCD2F /* DaemonManager.swift */; };
		0E91BA567CEEA8231E3360D6 /* AppSettings.swift in Sources */ = {isa = PBXBuildFile; fileRef = 5F58775204164B10B575F962 /* AppSettings.swift */; };
		110740AB9918EC9855CA3C26 /* DockerViewModel.swift in Sources */ = {isa = PBXBuildFile; fileRef = 77B381080EE45EF02E848C65 /* DockerViewModel.swift */; };
		16030A6D8A2ACA0310A8404F /* VmState.swift in Sources */ = {isa = PBXBuildFile; fileRef = F9B882CC03E410B3D52A705B /* VmState.swift */; };
		17675C853CAB971606AEDD11 /* OnboardingRootView.swift in Sources */ = {isa = PBXBuildFile; fileRef = A8A24805C493AE5D24AEAF23 /* OnboardingRootView.swift */; };
		21D86430E57DBDB772A85DA2 /* BuiltinContainerItem.swift in Sources */ = {isa = PBXBuildFile; fileRef = AB15E5EB5F305F89A1DE7F7B /* BuiltinContainerItem.swift */; };
		23A2F9D340EDC61D8F592666 /* vmgr.pb.swift in Sources */ = {isa = PBXBuildFile; fileRef = 0A9B1472674C0478F52E24BD /* vmgr.pb.swift */; };
		27C44E7630B586F91DF2302D /* GeneralSettingsView.swift in Sources */ = {isa = PBXBuildFile; fileRef = C417871D6A5F982F368416B0 /* GeneralSettingsView.swift */; };
		28031D6E1C2C4267A0FF5E42 /* SplitViewAccessor.swift in Sources */ = {isa = PBXBuildFile; fileRef = A9AC4169D5F762A4A0EB3311 /* SplitViewAccessor.swift */; };
		2CBA5388090F72064935322C /* FilesRootView.swift in Sources */ = {isa = PBXBuildFile; fileRef = BCE6CEF322765F06C213622C /* FilesRootView.swift */; };
		2F522BD4BD8F45ADF5F3B9C8 /* OnboardingModeView.swift in Sources */ = {isa = PBXBuildFile; fileRef = A59CC847370EBFE7A68C7D2B /* OnboardingModeView.swift */; };
		39B280241B7F393100E5A6C9 /* DockerFilterView.swift in Sources */ = {isa = PBXBuildFile; fileRef = 2F428E9B5FC2A5FA33ABF2B3 /* DockerFilterView.swift */; };
		3C3305F0C1C2AC76B03E4F63 /* DockerVolumesRootView.swift in Sources */ = {isa = PBXBuildFile; fileRef = FF6DA6DF7B2AB0E11495A1B5 /* DockerVolumesRootView.swift */; };
		3E67CF394129FC36AD48CDFF /* OnboardingCreateView.swift in Sources */ = {isa = PBXBuildFile; fileRef = 67070CC8A46775CB7C1F0741 /* OnboardingCreateView.swift */; };
		44CF20C7D0CB02B18FBC2AAF /* DockerContainerItem.swift in Sources */ = {isa = PBXBuildFile; fileRef = F3DBEF71BAF4B6B9E5129DB4 /* DockerContainerItem.swift */; };
		46B2D2A969AC385E757A53B1 /* scon.pb.swift in Sources */ = {isa = PBXBuildFile; fileRef = 7564CBB476FF2DE2F4D8F03F /* scon.pb.swift */; };
		4806609CE017053AB1714D54 /* scon.grpc.swift in Sources */ = {isa = PBXBuildFile; fileRef = 0D804BA2C00801E93AEF661C /* scon.grpc.swift */; };
		4A5715AF8886A3508B8DD598 /* DockerVolumeItem.swift in Sources */ = {isa = PBXBuildFile; fileRef = C84499B6121532D6CEF779E9 /* DockerVolumeItem.swift */; };
		51875A108EAEAEB4C4466BA4 /* CommandsRootView.swift in Sources */ = {isa = PBXBuildFile; fileRef = D1AEBC70311CAF7CE07E15B2 /* CommandsRootView.swift */; };
		55A679CB2F2B62A9EC13C17A /* vmgr.grpc.swift in Sources */ = {isa = PBXBuildFile; fileRef = 0E5F6FAEF276D2B415C7C4DE /* vmgr.grpc.swift */; };
		56A59B03800BC62C3648E531 /* DockerInspect.swift in Sources */ = {isa = PBXBuildFile; fileRef = 5B5225D303224E57AA12664A /* DockerInspect.swift */; };
		594644B0366C38DB398E693B /* VmRPC.swift in Sources */ = {isa = PBXBuildFile; fileRef = FD3C5BD799F0EACAFBF752F9 /* VmRPC.swift */; };
		6220056BB7548FE9F7E0916A /* Preferences.swift in Sources */ = {isa = PBXBuildFile; fileRef = A20B68E3DE1A6B261DFE1D0C /* Preferences.swift */; };
		62B2FA09C7C362D107267E70 /* MachineContainerItem.swift in Sources */ = {isa = PBXBuildFile; fileRef = 358039475A0726E908F40F2D /* MachineContainerItem.swift */; };
		6501713C0F3F29F2304C9579 /* Images.swift in Sources */ = {isa = PBXBuildFile; fileRef = 2A1F7D6AD1147A7FDEDC3612 /* Images.swift */; };
		89008B9A4845555EEFAE17A9 /* SconRPC.swift in Sources */ = {isa = PBXBuildFile; fileRef = DE7348C25D8D14FC9A143D78 /* SconRPC.swift */; };
		8960792E2F4F90A60085F652 /* VmViewModel.swift in Sources */ = {isa = PBXBuildFile; fileRef = 92DA8CDA408BC303A8CC51F8 /* VmViewModel.swift */; };
		967A38822F1EC4E97A2F31E9 /* DoubleClick.swift in Sources */ = {isa = PBXBuildFile; fileRef = D6BDDAC68DC022D6EC7B03B2 /* DoubleClick.swift */; };
		9CB870153654C149499977D7 /* MachinesRootView.swift in Sources */ = {isa = PBXBuildFile; fileRef = 4E9615F0ED9B4739B4055075 /* MachinesRootView.swift */; };
		A25E890C9D537726EA2CE698 /* MachineSettingsView.swift in Sources */ = {isa = PBXBuildFile; fileRef = 702304660749BBFE7D647B1E /* MachineSettingsView.swift */; };
		B09C1CB74E4F4284CA2A4058 /* DockerContainersRootView.swift in Sources */ = {isa = PBXBuildFile; fileRef = 6941E670F6E29802D19604F1 /* DockerContainersRootView.swift */; };
		B118B06B0208CC9D8306684D /* StateWrapperView.swift in Sources */ = {isa = PBXBuildFile; fileRef = B118B242268639C9B875CBC3 /* StateWrapperView.swift */; };
		B118B3927D2DDFA52490E377 /* NetworkSettingsView.swift in Sources */ = {isa = PBXBuildFile; fileRef = B118B7660570E904ED742A59 /* NetworkSettingsView.swift */; };
		B118B5CADCA44C8A25695EFF /* Updater.swift in Sources */ = {isa = PBXBuildFile; fileRef = B118BE4D3578D923BDAE7C2C /* Updater.swift */; };
		B118B5DF2FBF71BA834C6E2B /* DockerSettingsView.swift in Sources */ = {isa = PBXBuildFile; fileRef = B118B5F3C807DC202E72C98D /* DockerSettingsView.swift */; };
		B118B9358BFFBD2C1AAAC488 /* FsNotify.swift in Sources */ = {isa = PBXBuildFile; fileRef = B118BBAB7F0A4707EDEB5EF3 /* FsNotify.swift */; };
		B118BD1D4D1AB09FC67B62BD /* DockerRPC.swift in Sources */ = {isa = PBXBuildFile; fileRef = B118BB14C0008974AC0C365B /* DockerRPC.swift */; };
		B118BFB7E48980394ADE79DE /* AppDelegate.swift in Sources */ = {isa = PBXBuildFile; fileRef = B118B2EB4C629A3B12CBF3B7 /* AppDelegate.swift */; };
		B823B8E19CB1756B305B463C /* OnboardingWelcomeView.swift in Sources */ = {isa = PBXBuildFile; fileRef = 6790B8F7410B14DC9B50D426 /* OnboardingWelcomeView.swift */; };
		BB0A4FDEBD72053B8AFFC553 /* FileContainerItem.swift in Sources */ = {isa = PBXBuildFile; fileRef = CA30C8D1C7AE493490DA173A /* FileContainerItem.swift */; };
		D754A136677E7A9DAC8CD402 /* CreateContainerView.swift in Sources */ = {isa = PBXBuildFile; fileRef = 0B97E3AB3BAEA8640F1500F5 /* CreateContainerView.swift */; };
		D81E7850299CC4F200A1D8AC /* main.swift in Sources */ = {isa = PBXBuildFile; fileRef = D81E784F299CC4F200A1D8AC /* main.swift */; };
		D81E7857299CC56800A1D8AC /* guihelper in Copy Go executables and Swift GUI helper */ = {isa = PBXBuildFile; fileRef = D81E784D299CC4F200A1D8AC /* guihelper */; settings = {ATTRIBUTES = (CodeSignOnCopy, ); }; };
		D81E785A299F059700A1D8AC /* sparkle-cli in Copy Go executables and Swift GUI helper */ = {isa = PBXBuildFile; fileRef = D81E7859299F059700A1D8AC /* sparkle-cli */; settings = {ATTRIBUTES = (CodeSignOnCopy, ); }; };
		D81E785C29A39BF300A1D8AC /* Utils.swift in Sources */ = {isa = PBXBuildFile; fileRef = D81E785B29A39BF300A1D8AC /* Utils.swift */; };
		D81E786529A7012900A1D8AC /* docker-buildx in Copy Docker xbin executables */ = {isa = PBXBuildFile; fileRef = D81E786429A7012900A1D8AC /* docker-buildx */; settings = {ATTRIBUTES = (CodeSignOnCopy, ); }; };
		D829039729D95671004D42A3 /* OrbStack Helper (VM) in Copy Go executables and Swift GUI helper */ = {isa = PBXBuildFile; fileRef = D829039629D95671004D42A3 /* OrbStack Helper (VM) */; settings = {ATTRIBUTES = (CodeSignOnCopy, ); }; };
		D829039829D9E093004D42A3 /* Proxy.swift in Sources */ = {isa = PBXBuildFile; fileRef = B118BE577DB19F2ADECF9C9F /* Proxy.swift */; };
		D855F1F02998B6A700B62588 /* Sentry in Frameworks */ = {isa = PBXBuildFile; productRef = D855F1EF2998B6A700B62588 /* Sentry */; };
		D8694A3A2991F3C10046B6B6 /* LaunchAtLogin in Frameworks */ = {isa = PBXBuildFile; productRef = D8694A392991F3C10046B6B6 /* LaunchAtLogin */; };
		D8694A44299224990046B6B6 /* scli in Copy Go executables and Swift GUI helper */ = {isa = PBXBuildFile; fileRef = D8694A43299224990046B6B6 /* scli */; };
		D8694A49299464810046B6B6 /* Sparkle in Frameworks */ = {isa = PBXBuildFile; productRef = D8694A48299464810046B6B6 /* Sparkle */; };
		D8694A4C2994D4FA0046B6B6 /* Defaults in Frameworks */ = {isa = PBXBuildFile; productRef = D8694A4B2994D4FA0046B6B6 /* Defaults */; };
		D870292329B316A700A4CFD9 /* GoVZF.h in Headers */ = {isa = PBXBuildFile; fileRef = D870292229B316A700A4CFD9 /* GoVZF.h */; settings = {ATTRIBUTES = (Public, ); }; };
		D870292F29B349D100A4CFD9 /* VzClient.swift in Sources */ = {isa = PBXBuildFile; fileRef = D870292E29B349D100A4CFD9 /* VzClient.swift */; };
		D88F4EBD2999C98F00419B5C /* assets in Copy assets */ = {isa = PBXBuildFile; fileRef = D88F4EB82998D81A00419B5C /* assets */; };
		D88F4EDC299A131B00419B5C /* docker in Copy Docker xbin executables */ = {isa = PBXBuildFile; fileRef = D88F4ED9299A131B00419B5C /* docker */; settings = {ATTRIBUTES = (CodeSignOnCopy, ); }; };
		D88F4EDD299A131B00419B5C /* docker-compose in Copy Docker xbin executables */ = {isa = PBXBuildFile; fileRef = D88F4EDA299A131B00419B5C /* docker-compose */; settings = {ATTRIBUTES = (CodeSignOnCopy, ); }; };
		D88F4EDE299A131B00419B5C /* docker-credential-osxkeychain in Copy Docker xbin executables */ = {isa = PBXBuildFile; fileRef = D88F4EDB299A131B00419B5C /* docker-credential-osxkeychain */; settings = {ATTRIBUTES = (CodeSignOnCopy, ); }; };
		D8A32B92296F839100E56EEF /* MacVirtApp.swift in Sources */ = {isa = PBXBuildFile; fileRef = D8A32B91296F839100E56EEF /* MacVirtApp.swift */; };
		D8A32B94296F839100E56EEF /* ContentView.swift in Sources */ = {isa = PBXBuildFile; fileRef = D8A32B93296F839100E56EEF /* ContentView.swift */; };
		D8A32B96296F839100E56EEF /* Assets.xcassets in Resources */ = {isa = PBXBuildFile; fileRef = D8A32B95296F839100E56EEF /* Assets.xcassets */; };
		D8A32B99296F839100E56EEF /* Preview Assets.xcassets in Resources */ = {isa = PBXBuildFile; fileRef = D8A32B98296F839100E56EEF /* Preview Assets.xcassets */; };
		D8A9032F29E3C6EF00CA5529 /* GRPC in Frameworks */ = {isa = PBXBuildFile; productRef = 0DBA1A17D3E4F47382646EFD /* GRPC */; };
		D8CBDA25298F791F0026F44A /* AppConfig.swift in Sources */ = {isa = PBXBuildFile; fileRef = D8CBDA24298F791F0026F44A /* AppConfig.swift */; };
		DD0516DAC5C8EFF0A4A3ECA0 /* OnboardingViewModel.swift in Sources */ = {isa = PBXBuildFile; fileRef = 3BBD346A3EF047EC80C51C35 /* OnboardingViewModel.swift */; };
		E03708A37D1F78794B891CAF /* DockerStateWrapperView.swift in Sources */ = {isa = PBXBuildFile; fileRef = 56D871DDE3C7EF418A545DA2 /* DockerStateWrapperView.swift */; };
		E1FE5C1348427136B2A5A054 /* Operators.swift in Sources */ = {isa = PBXBuildFile; fileRef = B2AB650F227331B235475AC8 /* Operators.swift */; };
		F0D1F6E678A9AB9AEF258524 /* SwiftUIUtils.swift in Sources */ = {isa = PBXBuildFile; fileRef = B1CF8A1D2B1E2CB14BE8B0B9 /* SwiftUIUtils.swift */; };
/* End PBXBuildFile section */

/* Begin PBXContainerItemProxy section */
		D81E7854299CC53400A1D8AC /* PBXContainerItemProxy */ = {
			isa = PBXContainerItemProxy;
			containerPortal = D8A32B86296F839100E56EEF /* Project object */;
			proxyType = 1;
			remoteGlobalIDString = D81E784C299CC4F200A1D8AC;
			remoteInfo = guihelper;
		};
/* End PBXContainerItemProxy section */

/* Begin PBXCopyFilesBuildPhase section */
		D81E784B299CC4F200A1D8AC /* CopyFiles */ = {
			isa = PBXCopyFilesBuildPhase;
			buildActionMask = 2147483647;
			dstPath = /usr/share/man/man1/;
			dstSubfolderSpec = 0;
			files = (
			);
			runOnlyForDeploymentPostprocessing = 1;
		};
		D8694A3E2991F8C70046B6B6 /* Copy Go executables and Swift GUI helper */ = {
			isa = PBXCopyFilesBuildPhase;
			buildActionMask = 2147483647;
			dstPath = "";
			dstSubfolderSpec = 6;
			files = (
				D829039729D95671004D42A3 /* OrbStack Helper (VM) in Copy Go executables and Swift GUI helper */,
				D81E785A299F059700A1D8AC /* sparkle-cli in Copy Go executables and Swift GUI helper */,
				D81E7857299CC56800A1D8AC /* guihelper in Copy Go executables and Swift GUI helper */,
				D8694A44299224990046B6B6 /* scli in Copy Go executables and Swift GUI helper */,
			);
			name = "Copy Go executables and Swift GUI helper";
			runOnlyForDeploymentPostprocessing = 0;
		};
		D8694A45299224CA0046B6B6 /* Copy Docker xbin executables */ = {
			isa = PBXCopyFilesBuildPhase;
			buildActionMask = 12;
			dstPath = xbin;
			dstSubfolderSpec = 6;
			files = (
				D88F4EDC299A131B00419B5C /* docker in Copy Docker xbin executables */,
				D81E786529A7012900A1D8AC /* docker-buildx in Copy Docker xbin executables */,
				D88F4EDD299A131B00419B5C /* docker-compose in Copy Docker xbin executables */,
				D88F4EDE299A131B00419B5C /* docker-credential-osxkeychain in Copy Docker xbin executables */,
			);
			name = "Copy Docker xbin executables";
			runOnlyForDeploymentPostprocessing = 0;
		};
		D88F4EB72998D61B00419B5C /* Copy assets */ = {
			isa = PBXCopyFilesBuildPhase;
			buildActionMask = 12;
			dstPath = "";
			dstSubfolderSpec = 7;
			files = (
				D88F4EBD2999C98F00419B5C /* assets in Copy assets */,
			);
			name = "Copy assets";
			runOnlyForDeploymentPostprocessing = 0;
		};
/* End PBXCopyFilesBuildPhase section */

/* Begin PBXFileReference section */
		0A9B1472674C0478F52E24BD /* vmgr.pb.swift */ = {isa = PBXFileReference; fileEncoding = 4; lastKnownFileType = sourcecode.swift; path = vmgr.pb.swift; sourceTree = "<group>"; };
		0B97E3AB3BAEA8640F1500F5 /* CreateContainerView.swift */ = {isa = PBXFileReference; fileEncoding = 4; lastKnownFileType = sourcecode.swift; name = CreateContainerView.swift; path = ../CreateContainerView.swift; sourceTree = "<group>"; };
		0D804BA2C00801E93AEF661C /* scon.grpc.swift */ = {isa = PBXFileReference; fileEncoding = 4; lastKnownFileType = sourcecode.swift; path = scon.grpc.swift; sourceTree = "<group>"; };
		0E5F6FAEF276D2B415C7C4DE /* vmgr.grpc.swift */ = {isa = PBXFileReference; fileEncoding = 4; lastKnownFileType = sourcecode.swift; path = vmgr.grpc.swift; sourceTree = "<group>"; };
		2A1F7D6AD1147A7FDEDC3612 /* Images.swift */ = {isa = PBXFileReference; fileEncoding = 4; lastKnownFileType = sourcecode.swift; name = Images.swift; path = ../Images.swift; sourceTree = "<group>"; };
		2F428E9B5FC2A5FA33ABF2B3 /* DockerFilterView.swift */ = {isa = PBXFileReference; fileEncoding = 4; lastKnownFileType = sourcecode.swift; name = DockerFilterView.swift; path = MacVirt/DockerFilterView.swift; sourceTree = SOURCE_ROOT; };
		320CB121889C77BB4D1BCD2F /* DaemonManager.swift */ = {isa = PBXFileReference; fileEncoding = 4; lastKnownFileType = sourcecode.swift; name = DaemonManager.swift; path = MacVirt/DaemonManager.swift; sourceTree = SOURCE_ROOT; };
		358039475A0726E908F40F2D /* MachineContainerItem.swift */ = {isa = PBXFileReference; fileEncoding = 4; lastKnownFileType = sourcecode.swift; name = MachineContainerItem.swift; path = ../MachineContainerItem.swift; sourceTree = "<group>"; };
		3BBD346A3EF047EC80C51C35 /* OnboardingViewModel.swift */ = {isa = PBXFileReference; fileEncoding = 4; lastKnownFileType = sourcecode.swift; name = OnboardingViewModel.swift; path = MacVirt/OnboardingViewModel.swift; sourceTree = SOURCE_ROOT; };
		3D47C676B7041862EBB98EBD /* Utils.swift */ = {isa = PBXFileReference; fileEncoding = 4; lastKnownFileType = sourcecode.swift; name = Utils.swift; path = MacVirt/Utils.swift; sourceTree = SOURCE_ROOT; };
		4E9615F0ED9B4739B4055075 /* MachinesRootView.swift */ = {isa = PBXFileReference; fileEncoding = 4; lastKnownFileType = sourcecode.swift; name = MachinesRootView.swift; path = MacVirt/MachinesRootView.swift; sourceTree = SOURCE_ROOT; };
		56D871DDE3C7EF418A545DA2 /* DockerStateWrapperView.swift */ = {isa = PBXFileReference; fileEncoding = 4; lastKnownFileType = sourcecode.swift; name = DockerStateWrapperView.swift; path = MacVirt/DockerStateWrapperView.swift; sourceTree = SOURCE_ROOT; };
		5B5225D303224E57AA12664A /* DockerInspect.swift */ = {isa = PBXFileReference; fileEncoding = 4; lastKnownFileType = sourcecode.swift; name = DockerInspect.swift; path = MacVirt/DockerInspect.swift; sourceTree = SOURCE_ROOT; };
		5F58775204164B10B575F962 /* AppSettings.swift */ = {isa = PBXFileReference; fileEncoding = 4; lastKnownFileType = sourcecode.swift; name = AppSettings.swift; path = ../AppSettings.swift; sourceTree = "<group>"; };
		67070CC8A46775CB7C1F0741 /* OnboardingCreateView.swift */ = {isa = PBXFileReference; fileEncoding = 4; lastKnownFileType = sourcecode.swift; name = OnboardingCreateView.swift; path = MacVirt/OnboardingCreateView.swift; sourceTree = SOURCE_ROOT; };
		6790B8F7410B14DC9B50D426 /* OnboardingWelcomeView.swift */ = {isa = PBXFileReference; fileEncoding = 4; lastKnownFileType = sourcecode.swift; name = OnboardingWelcomeView.swift; path = MacVirt/OnboardingWelcomeView.swift; sourceTree = SOURCE_ROOT; };
		6941E670F6E29802D19604F1 /* DockerContainersRootView.swift */ = {isa = PBXFileReference; fileEncoding = 4; lastKnownFileType = sourcecode.swift; name = DockerContainersRootView.swift; path = MacVirt/DockerContainersRootView.swift; sourceTree = SOURCE_ROOT; };
		702304660749BBFE7D647B1E /* MachineSettingsView.swift */ = {isa = PBXFileReference; fileEncoding = 4; lastKnownFileType = sourcecode.swift; name = MachineSettingsView.swift; path = ../MachineSettingsView.swift; sourceTree = "<group>"; };
		7564CBB476FF2DE2F4D8F03F /* scon.pb.swift */ = {isa = PBXFileReference; fileEncoding = 4; lastKnownFileType = sourcecode.swift; path = scon.pb.swift; sourceTree = "<group>"; };
		77B381080EE45EF02E848C65 /* DockerViewModel.swift */ = {isa = PBXFileReference; fileEncoding = 4; lastKnownFileType = sourcecode.swift; name = DockerViewModel.swift; path = MacVirt/DockerViewModel.swift; sourceTree = SOURCE_ROOT; };
		92DA8CDA408BC303A8CC51F8 /* VmViewModel.swift */ = {isa = PBXFileReference; fileEncoding = 4; lastKnownFileType = sourcecode.swift; name = VmViewModel.swift; path = ../VmViewModel.swift; sourceTree = "<group>"; };
		942FC697F5F1D6F279B89D32 /* CreateVolumeView.swift */ = {isa = PBXFileReference; fileEncoding = 4; lastKnownFileType = sourcecode.swift; name = CreateVolumeView.swift; path = ../CreateVolumeView.swift; sourceTree = "<group>"; };
		A20B68E3DE1A6B261DFE1D0C /* Preferences.swift */ = {isa = PBXFileReference; fileEncoding = 4; lastKnownFileType = sourcecode.swift; name = Preferences.swift; path = ../Preferences.swift; sourceTree = "<group>"; };
		A59CC847370EBFE7A68C7D2B /* OnboardingModeView.swift */ = {isa = PBXFileReference; fileEncoding = 4; lastKnownFileType = sourcecode.swift; name = OnboardingModeView.swift; path = MacVirt/OnboardingModeView.swift; sourceTree = SOURCE_ROOT; };
		A8A24805C493AE5D24AEAF23 /* OnboardingRootView.swift */ = {isa = PBXFileReference; fileEncoding = 4; lastKnownFileType = sourcecode.swift; name = OnboardingRootView.swift; path = MacVirt/OnboardingRootView.swift; sourceTree = SOURCE_ROOT; };
		A9AC4169D5F762A4A0EB3311 /* SplitViewAccessor.swift */ = {isa = PBXFileReference; fileEncoding = 4; lastKnownFileType = sourcecode.swift; name = SplitViewAccessor.swift; path = ../SplitViewAccessor.swift; sourceTree = "<group>"; };
		AB15E5EB5F305F89A1DE7F7B /* BuiltinContainerItem.swift */ = {isa = PBXFileReference; fileEncoding = 4; lastKnownFileType = sourcecode.swift; name = BuiltinContainerItem.swift; path = ../BuiltinContainerItem.swift; sourceTree = "<group>"; };
		B118B242268639C9B875CBC3 /* StateWrapperView.swift */ = {isa = PBXFileReference; fileEncoding = 4; lastKnownFileType = sourcecode.swift; path = StateWrapperView.swift; sourceTree = "<group>"; };
		B118B2EB4C629A3B12CBF3B7 /* AppDelegate.swift */ = {isa = PBXFileReference; fileEncoding = 4; lastKnownFileType = sourcecode.swift; path = AppDelegate.swift; sourceTree = "<group>"; };
		B118B5F3C807DC202E72C98D /* DockerSettingsView.swift */ = {isa = PBXFileReference; fileEncoding = 4; lastKnownFileType = sourcecode.swift; name = DockerSettingsView.swift; path = ../DockerSettingsView.swift; sourceTree = "<group>"; };
		B118B7660570E904ED742A59 /* NetworkSettingsView.swift */ = {isa = PBXFileReference; fileEncoding = 4; lastKnownFileType = sourcecode.swift; name = NetworkSettingsView.swift; path = ../NetworkSettingsView.swift; sourceTree = "<group>"; };
		B118BB14C0008974AC0C365B /* DockerRPC.swift */ = {isa = PBXFileReference; fileEncoding = 4; lastKnownFileType = sourcecode.swift; path = DockerRPC.swift; sourceTree = "<group>"; };
		B118BBAB7F0A4707EDEB5EF3 /* FsNotify.swift */ = {isa = PBXFileReference; fileEncoding = 4; lastKnownFileType = sourcecode.swift; path = FsNotify.swift; sourceTree = "<group>"; };
		B118BE4D3578D923BDAE7C2C /* Updater.swift */ = {isa = PBXFileReference; fileEncoding = 4; lastKnownFileType = sourcecode.swift; path = Updater.swift; sourceTree = "<group>"; };
		B118BE577DB19F2ADECF9C9F /* Proxy.swift */ = {isa = PBXFileReference; fileEncoding = 4; lastKnownFileType = sourcecode.swift; path = Proxy.swift; sourceTree = "<group>"; };
		B1CF8A1D2B1E2CB14BE8B0B9 /* SwiftUIUtils.swift */ = {isa = PBXFileReference; fileEncoding = 4; lastKnownFileType = sourcecode.swift; name = SwiftUIUtils.swift; path = ../SwiftUIUtils.swift; sourceTree = "<group>"; };
		B2AB650F227331B235475AC8 /* Operators.swift */ = {isa = PBXFileReference; fileEncoding = 4; lastKnownFileType = sourcecode.swift; name = Operators.swift; path = ../Operators.swift; sourceTree = "<group>"; };
		BCE6CEF322765F06C213622C /* FilesRootView.swift */ = {isa = PBXFileReference; fileEncoding = 4; lastKnownFileType = sourcecode.swift; name = FilesRootView.swift; path = ../FilesRootView.swift; sourceTree = "<group>"; };
		C417871D6A5F982F368416B0 /* GeneralSettingsView.swift */ = {isa = PBXFileReference; fileEncoding = 4; lastKnownFileType = sourcecode.swift; name = GeneralSettingsView.swift; path = ../GeneralSettingsView.swift; sourceTree = "<group>"; };
		C84499B6121532D6CEF779E9 /* DockerVolumeItem.swift */ = {isa = PBXFileReference; fileEncoding = 4; lastKnownFileType = sourcecode.swift; name = DockerVolumeItem.swift; path = MacVirt/DockerVolumeItem.swift; sourceTree = SOURCE_ROOT; };
		CA30C8D1C7AE493490DA173A /* FileContainerItem.swift */ = {isa = PBXFileReference; fileEncoding = 4; lastKnownFileType = sourcecode.swift; name = FileContainerItem.swift; path = ../FileContainerItem.swift; sourceTree = "<group>"; };
		D1AEBC70311CAF7CE07E15B2 /* CommandsRootView.swift */ = {isa = PBXFileReference; fileEncoding = 4; lastKnownFileType = sourcecode.swift; name = CommandsRootView.swift; path = ../CommandsRootView.swift; sourceTree = "<group>"; };
		D6BDDAC68DC022D6EC7B03B2 /* DoubleClick.swift */ = {isa = PBXFileReference; fileEncoding = 4; lastKnownFileType = sourcecode.swift; name = DoubleClick.swift; path = ../DoubleClick.swift; sourceTree = "<group>"; };
		D81E784D299CC4F200A1D8AC /* guihelper */ = {isa = PBXFileReference; explicitFileType = "compiled.mach-o.executable"; includeInIndex = 0; path = guihelper; sourceTree = BUILT_PRODUCTS_DIR; };
		D81E784F299CC4F200A1D8AC /* main.swift */ = {isa = PBXFileReference; lastKnownFileType = sourcecode.swift; path = main.swift; sourceTree = "<group>"; };
		D81E7858299CD27F00A1D8AC /* Info.plist */ = {isa = PBXFileReference; lastKnownFileType = text.plist.xml; path = Info.plist; sourceTree = "<group>"; };
		D81E7859299F059700A1D8AC /* sparkle-cli */ = {isa = PBXFileReference; lastKnownFileType = "compiled.mach-o.executable"; name = "sparkle-cli"; path = "bin/sparkle-cli"; sourceTree = "<group>"; };
		D81E785B29A39BF300A1D8AC /* Utils.swift */ = {isa = PBXFileReference; lastKnownFileType = sourcecode.swift; path = Utils.swift; sourceTree = "<group>"; };
		D81E785E29A4CEEF00A1D8AC /* Foundation.framework */ = {isa = PBXFileReference; lastKnownFileType = wrapper.framework; name = Foundation.framework; path = System/Library/Frameworks/Foundation.framework; sourceTree = SDKROOT; };
		D81E786029A4CF0B00A1D8AC /* UserNotifications.framework */ = {isa = PBXFileReference; lastKnownFileType = wrapper.framework; name = UserNotifications.framework; path = System/Library/Frameworks/UserNotifications.framework; sourceTree = SDKROOT; };
		D81E786229A4CF0E00A1D8AC /* Cocoa.framework */ = {isa = PBXFileReference; lastKnownFileType = wrapper.framework; name = Cocoa.framework; path = System/Library/Frameworks/Cocoa.framework; sourceTree = SDKROOT; };
		D81E786429A7012900A1D8AC /* docker-buildx */ = {isa = PBXFileReference; lastKnownFileType = "compiled.mach-o.executable"; name = "docker-buildx"; path = "build/bins/docker-buildx"; sourceTree = "<group>"; };
		D829039629D95671004D42A3 /* OrbStack Helper (VM) */ = {isa = PBXFileReference; lastKnownFileType = "compiled.mach-o.executable"; name = "OrbStack Helper (VM)"; path = "../macvmgr/OrbStack Helper (VM)"; sourceTree = "<group>"; };
		D8694A372991EC5A0046B6B6 /* Info.plist */ = {isa = PBXFileReference; lastKnownFileType = text.plist; path = Info.plist; sourceTree = "<group>"; };
		D8694A43299224990046B6B6 /* scli */ = {isa = PBXFileReference; lastKnownFileType = "compiled.mach-o.executable"; name = scli; path = ../scon/scli; sourceTree = "<group>"; };
		D86F35422997A57E00DADC6F /* docker */ = {isa = PBXFileReference; lastKnownFileType = "compiled.mach-o.executable"; name = docker; path = ../macvmgr/xbin/docker; sourceTree = "<group>"; };
		D86F35432997A57E00DADC6F /* docker-compose */ = {isa = PBXFileReference; lastKnownFileType = "compiled.mach-o.executable"; name = "docker-compose"; path = "../macvmgr/xbin/docker-compose"; sourceTree = "<group>"; };
		D86F35442997A57E00DADC6F /* docker-credential-osxkeychain */ = {isa = PBXFileReference; lastKnownFileType = "compiled.mach-o.executable"; name = "docker-credential-osxkeychain"; path = "../macvmgr/xbin/docker-credential-osxkeychain"; sourceTree = "<group>"; };
		D870292029B316A700A4CFD9 /* GoVZF.framework */ = {isa = PBXFileReference; explicitFileType = wrapper.framework; includeInIndex = 0; path = GoVZF.framework; sourceTree = BUILT_PRODUCTS_DIR; };
		D870292229B316A700A4CFD9 /* GoVZF.h */ = {isa = PBXFileReference; lastKnownFileType = sourcecode.c.h; path = GoVZF.h; sourceTree = "<group>"; };
		D870292E29B349D100A4CFD9 /* VzClient.swift */ = {isa = PBXFileReference; lastKnownFileType = sourcecode.swift; path = VzClient.swift; sourceTree = "<group>"; };
		D88F4EB82998D81A00419B5C /* assets */ = {isa = PBXFileReference; lastKnownFileType = folder; name = assets; path = build/assets; sourceTree = "<group>"; };
		D88F4ED9299A131B00419B5C /* docker */ = {isa = PBXFileReference; lastKnownFileType = "compiled.mach-o.executable"; name = docker; path = build/bins/docker; sourceTree = "<group>"; };
		D88F4EDA299A131B00419B5C /* docker-compose */ = {isa = PBXFileReference; lastKnownFileType = "compiled.mach-o.executable"; name = "docker-compose"; path = "build/bins/docker-compose"; sourceTree = "<group>"; };
		D88F4EDB299A131B00419B5C /* docker-credential-osxkeychain */ = {isa = PBXFileReference; lastKnownFileType = "compiled.mach-o.executable"; name = "docker-credential-osxkeychain"; path = "build/bins/docker-credential-osxkeychain"; sourceTree = "<group>"; };
		D8A32B8E296F839100E56EEF /* OrbStack.app */ = {isa = PBXFileReference; explicitFileType = wrapper.application; includeInIndex = 0; path = OrbStack.app; sourceTree = BUILT_PRODUCTS_DIR; };
		D8A32B91296F839100E56EEF /* MacVirtApp.swift */ = {isa = PBXFileReference; lastKnownFileType = sourcecode.swift; path = MacVirtApp.swift; sourceTree = "<group>"; };
		D8A32B93296F839100E56EEF /* ContentView.swift */ = {isa = PBXFileReference; lastKnownFileType = sourcecode.swift; path = ContentView.swift; sourceTree = "<group>"; };
		D8A32B95296F839100E56EEF /* Assets.xcassets */ = {isa = PBXFileReference; lastKnownFileType = folder.assetcatalog; path = Assets.xcassets; sourceTree = "<group>"; };
		D8A32B98296F839100E56EEF /* Preview Assets.xcassets */ = {isa = PBXFileReference; lastKnownFileType = folder.assetcatalog; path = "Preview Assets.xcassets"; sourceTree = "<group>"; };
		D8A32B9A296F839100E56EEF /* MacVirt.entitlements */ = {isa = PBXFileReference; lastKnownFileType = text.plist.entitlements; path = MacVirt.entitlements; sourceTree = "<group>"; };
		D8CBDA24298F791F0026F44A /* AppConfig.swift */ = {isa = PBXFileReference; lastKnownFileType = sourcecode.swift; path = AppConfig.swift; sourceTree = "<group>"; };
		DE7348C25D8D14FC9A143D78 /* SconRPC.swift */ = {isa = PBXFileReference; lastKnownFileType = sourcecode.swift; name = SconRPC.swift; path = ../SconRPC.swift; sourceTree = "<group>"; };
		F3DBEF71BAF4B6B9E5129DB4 /* DockerContainerItem.swift */ = {isa = PBXFileReference; fileEncoding = 4; lastKnownFileType = sourcecode.swift; name = DockerContainerItem.swift; path = MacVirt/DockerContainerItem.swift; sourceTree = SOURCE_ROOT; };
		F9B882CC03E410B3D52A705B /* VmState.swift */ = {isa = PBXFileReference; lastKnownFileType = sourcecode.swift; path = VmState.swift; sourceTree = "<group>"; };
		FD3C5BD799F0EACAFBF752F9 /* VmRPC.swift */ = {isa = PBXFileReference; lastKnownFileType = sourcecode.swift; name = VmRPC.swift; path = ../VmRPC.swift; sourceTree = "<group>"; };
		FF6DA6DF7B2AB0E11495A1B5 /* DockerVolumesRootView.swift */ = {isa = PBXFileReference; fileEncoding = 4; lastKnownFileType = sourcecode.swift; name = DockerVolumesRootView.swift; path = MacVirt/DockerVolumesRootView.swift; sourceTree = SOURCE_ROOT; };
/* End PBXFileReference section */

/* Begin PBXFrameworksBuildPhase section */
		D81E784A299CC4F200A1D8AC /* Frameworks */ = {
			isa = PBXFrameworksBuildPhase;
			buildActionMask = 2147483647;
			files = (
			);
			runOnlyForDeploymentPostprocessing = 0;
		};
		D870291D29B316A700A4CFD9 /* Frameworks */ = {
			isa = PBXFrameworksBuildPhase;
			buildActionMask = 2147483647;
			files = (
			);
			runOnlyForDeploymentPostprocessing = 0;
		};
		D8A32B8B296F839100E56EEF /* Frameworks */ = {
			isa = PBXFrameworksBuildPhase;
			buildActionMask = 2147483647;
			files = (
				D8A9032F29E3C6EF00CA5529 /* GRPC in Frameworks */,
				D855F1F02998B6A700B62588 /* Sentry in Frameworks */,
				D8694A4C2994D4FA0046B6B6 /* Defaults in Frameworks */,
				D8694A49299464810046B6B6 /* Sparkle in Frameworks */,
				D8694A3A2991F3C10046B6B6 /* LaunchAtLogin in Frameworks */,
			);
			runOnlyForDeploymentPostprocessing = 0;
		};
/* End PBXFrameworksBuildPhase section */

/* Begin PBXGroup section */
		21830EB45D2B6BFBEC068A3F /* Docker */ = {
			isa = PBXGroup;
			children = (
				AB15E5EB5F305F89A1DE7F7B /* BuiltinContainerItem.swift */,
				942FC697F5F1D6F279B89D32 /* CreateVolumeView.swift */,
				F3DBEF71BAF4B6B9E5129DB4 /* DockerContainerItem.swift */,
				6941E670F6E29802D19604F1 /* DockerContainersRootView.swift */,
				2F428E9B5FC2A5FA33ABF2B3 /* DockerFilterView.swift */,
				5B5225D303224E57AA12664A /* DockerInspect.swift */,
				56D871DDE3C7EF418A545DA2 /* DockerStateWrapperView.swift */,
				77B381080EE45EF02E848C65 /* DockerViewModel.swift */,
				C84499B6121532D6CEF779E9 /* DockerVolumeItem.swift */,
				FF6DA6DF7B2AB0E11495A1B5 /* DockerVolumesRootView.swift */,
			);
			path = Docker;
			sourceTree = "<group>";
		};
		3192461F0B74906FDDD54569 /* Onboarding */ = {
			isa = PBXGroup;
			children = (
				67070CC8A46775CB7C1F0741 /* OnboardingCreateView.swift */,
				A59CC847370EBFE7A68C7D2B /* OnboardingModeView.swift */,
				A8A24805C493AE5D24AEAF23 /* OnboardingRootView.swift */,
				3BBD346A3EF047EC80C51C35 /* OnboardingViewModel.swift */,
				6790B8F7410B14DC9B50D426 /* OnboardingWelcomeView.swift */,
			);
			path = Onboarding;
			sourceTree = "<group>";
		};
		3C0246D8E89BB220067C23D6 /* Generated */ = {
			isa = PBXGroup;
			children = (
				0E5F6FAEF276D2B415C7C4DE /* vmgr.grpc.swift */,
				0A9B1472674C0478F52E24BD /* vmgr.pb.swift */,
				0D804BA2C00801E93AEF661C /* scon.grpc.swift */,
				7564CBB476FF2DE2F4D8F03F /* scon.pb.swift */,
			);
			path = Generated;
			sourceTree = "<group>";
		};
		570D3FD9909673AFBA0B6351 /* Utils */ = {
			isa = PBXGroup;
			children = (
				B118B242268639C9B875CBC3 /* StateWrapperView.swift */,
				D6BDDAC68DC022D6EC7B03B2 /* DoubleClick.swift */,
				B2AB650F227331B235475AC8 /* Operators.swift */,
				A9AC4169D5F762A4A0EB3311 /* SplitViewAccessor.swift */,
				B1CF8A1D2B1E2CB14BE8B0B9 /* SwiftUIUtils.swift */,
				3D47C676B7041862EBB98EBD /* Utils.swift */,
			);
			path = Utils;
			sourceTree = "<group>";
		};
		A121CFF7B280872CE0B80B33 /* Settings */ = {
			isa = PBXGroup;
			children = (
				5F58775204164B10B575F962 /* AppSettings.swift */,
				C417871D6A5F982F368416B0 /* GeneralSettingsView.swift */,
				B118B5F3C807DC202E72C98D /* DockerSettingsView.swift */,
				B118B7660570E904ED742A59 /* NetworkSettingsView.swift */,
				702304660749BBFE7D647B1E /* MachineSettingsView.swift */,
				A20B68E3DE1A6B261DFE1D0C /* Preferences.swift */,
			);
			path = Settings;
			sourceTree = "<group>";
		};
		D147C5E0E5EB250124E938B7 /* Daemon */ = {
			isa = PBXGroup;
			children = (
				92DA8CDA408BC303A8CC51F8 /* VmViewModel.swift */,
				320CB121889C77BB4D1BCD2F /* DaemonManager.swift */,
				F9B882CC03E410B3D52A705B /* VmState.swift */,
			);
			path = Daemon;
			sourceTree = "<group>";
		};
		D81E784E299CC4F200A1D8AC /* guihelper */ = {
			isa = PBXGroup;
			children = (
				D81E784F299CC4F200A1D8AC /* main.swift */,
				D81E785B29A39BF300A1D8AC /* Utils.swift */,
				D81E7858299CD27F00A1D8AC /* Info.plist */,
			);
			path = guihelper;
			sourceTree = "<group>";
		};
		D81E785D29A4CEEF00A1D8AC /* Frameworks */ = {
			isa = PBXGroup;
			children = (
				D81E786229A4CF0E00A1D8AC /* Cocoa.framework */,
				D81E786029A4CF0B00A1D8AC /* UserNotifications.framework */,
				D81E785E29A4CEEF00A1D8AC /* Foundation.framework */,
			);
			name = Frameworks;
			sourceTree = "<group>";
		};
		D870292129B316A700A4CFD9 /* GoVZF */ = {
			isa = PBXGroup;
			children = (
				D870292229B316A700A4CFD9 /* GoVZF.h */,
				D870292E29B349D100A4CFD9 /* VzClient.swift */,
				B118BE577DB19F2ADECF9C9F /* Proxy.swift */,
				B118BBAB7F0A4707EDEB5EF3 /* FsNotify.swift */,
			);
			path = GoVZF;
			sourceTree = "<group>";
		};
		D8A32B85296F839100E56EEF = {
			isa = PBXGroup;
			children = (
				D829039629D95671004D42A3 /* OrbStack Helper (VM) */,
				D81E786429A7012900A1D8AC /* docker-buildx */,
				D81E7859299F059700A1D8AC /* sparkle-cli */,
				D88F4ED9299A131B00419B5C /* docker */,
				D88F4EDA299A131B00419B5C /* docker-compose */,
				D88F4EDB299A131B00419B5C /* docker-credential-osxkeychain */,
				D88F4EB82998D81A00419B5C /* assets */,
				D86F35422997A57E00DADC6F /* docker */,
				D86F35432997A57E00DADC6F /* docker-compose */,
				D86F35442997A57E00DADC6F /* docker-credential-osxkeychain */,
				D8694A43299224990046B6B6 /* scli */,
				D8A32B90296F839100E56EEF /* MacVirt */,
				D81E784E299CC4F200A1D8AC /* guihelper */,
				D870292129B316A700A4CFD9 /* GoVZF */,
				D8A32B8F296F839100E56EEF /* Products */,
				D81E785D29A4CEEF00A1D8AC /* Frameworks */,
			);
			sourceTree = "<group>";
		};
		D8A32B8F296F839100E56EEF /* Products */ = {
			isa = PBXGroup;
			children = (
				D8A32B8E296F839100E56EEF /* OrbStack.app */,
				D81E784D299CC4F200A1D8AC /* guihelper */,
				D870292029B316A700A4CFD9 /* GoVZF.framework */,
			);
			name = Products;
			sourceTree = "<group>";
		};
		D8A32B90296F839100E56EEF /* MacVirt */ = {
			isa = PBXGroup;
			children = (
				D8CBDA24298F791F0026F44A /* AppConfig.swift */,
				B118B2EB4C629A3B12CBF3B7 /* AppDelegate.swift */,
				D8A32B95296F839100E56EEF /* Assets.xcassets */,
				D8A32B93296F839100E56EEF /* ContentView.swift */,
				D8694A372991EC5A0046B6B6 /* Info.plist */,
				D8A32B9A296F839100E56EEF /* MacVirt.entitlements */,
				D8A32B91296F839100E56EEF /* MacVirtApp.swift */,
				D8A32B97296F839100E56EEF /* Preview Content */,
				B118BE4D3578D923BDAE7C2C /* Updater.swift */,
				A121CFF7B280872CE0B80B33 /* Settings */,
				D147C5E0E5EB250124E938B7 /* Daemon */,
				21830EB45D2B6BFBEC068A3F /* Docker */,
				F62761A42A6F392C22AD0D7B /* Machines */,
				F4EA7C0FE467B48A827ADBD1 /* RPC */,
				3192461F0B74906FDDD54569 /* Onboarding */,
				570D3FD9909673AFBA0B6351 /* Utils */,
			);
			path = MacVirt;
			sourceTree = "<group>";
		};
		D8A32B97296F839100E56EEF /* Preview Content */ = {
			isa = PBXGroup;
			children = (
				D8A32B98296F839100E56EEF /* Preview Assets.xcassets */,
			);
			path = "Preview Content";
			sourceTree = "<group>";
		};
		F4EA7C0FE467B48A827ADBD1 /* RPC */ = {
			isa = PBXGroup;
			children = (
				3C0246D8E89BB220067C23D6 /* Generated */,
				B118BB14C0008974AC0C365B /* DockerRPC.swift */,
				DE7348C25D8D14FC9A143D78 /* SconRPC.swift */,
				FD3C5BD799F0EACAFBF752F9 /* VmRPC.swift */,
			);
			path = RPC;
			sourceTree = "<group>";
		};
		F62761A42A6F392C22AD0D7B /* Machines */ = {
			isa = PBXGroup;
			children = (
				D1AEBC70311CAF7CE07E15B2 /* CommandsRootView.swift */,
				0B97E3AB3BAEA8640F1500F5 /* CreateContainerView.swift */,
				CA30C8D1C7AE493490DA173A /* FileContainerItem.swift */,
				BCE6CEF322765F06C213622C /* FilesRootView.swift */,
				2A1F7D6AD1147A7FDEDC3612 /* Images.swift */,
				358039475A0726E908F40F2D /* MachineContainerItem.swift */,
				4E9615F0ED9B4739B4055075 /* MachinesRootView.swift */,
			);
			path = Machines;
			sourceTree = "<group>";
		};
/* End PBXGroup section */

/* Begin PBXHeadersBuildPhase section */
		D870291B29B316A700A4CFD9 /* Headers */ = {
			isa = PBXHeadersBuildPhase;
			buildActionMask = 2147483647;
			files = (
				D870292329B316A700A4CFD9 /* GoVZF.h in Headers */,
			);
			runOnlyForDeploymentPostprocessing = 0;
		};
/* End PBXHeadersBuildPhase section */

/* Begin PBXNativeTarget section */
		D81E784C299CC4F200A1D8AC /* guihelper */ = {
			isa = PBXNativeTarget;
			buildConfigurationList = D81E7853299CC4F200A1D8AC /* Build configuration list for PBXNativeTarget "guihelper" */;
			buildPhases = (
				D81E7849299CC4F200A1D8AC /* Sources */,
				D81E784A299CC4F200A1D8AC /* Frameworks */,
				D81E784B299CC4F200A1D8AC /* CopyFiles */,
			);
			buildRules = (
			);
			dependencies = (
			);
			name = guihelper;
			productName = guihelper;
			productReference = D81E784D299CC4F200A1D8AC /* guihelper */;
			productType = "com.apple.product-type.tool";
		};
		D870291F29B316A700A4CFD9 /* GoVZF */ = {
			isa = PBXNativeTarget;
			buildConfigurationList = D870292429B316A700A4CFD9 /* Build configuration list for PBXNativeTarget "GoVZF" */;
			buildPhases = (
				D870291B29B316A700A4CFD9 /* Headers */,
				D870291C29B316A700A4CFD9 /* Sources */,
				D870291D29B316A700A4CFD9 /* Frameworks */,
				D870291E29B316A700A4CFD9 /* Resources */,
			);
			buildRules = (
			);
			dependencies = (
			);
			name = GoVZF;
			productName = GoVZF;
			productReference = D870292029B316A700A4CFD9 /* GoVZF.framework */;
			productType = "com.apple.product-type.framework";
		};
		D8A32B8D296F839100E56EEF /* MacVirt */ = {
			isa = PBXNativeTarget;
			buildConfigurationList = D8A32B9D296F839100E56EEF /* Build configuration list for PBXNativeTarget "MacVirt" */;
			buildPhases = (
				D8A32B8A296F839100E56EEF /* Sources */,
				D8A32B8B296F839100E56EEF /* Frameworks */,
				D8A32B8C296F839100E56EEF /* Resources */,
				D8694A3B2991F3F80046B6B6 /* Copy “Launch at Login Helper” */,
				D8694A3E2991F8C70046B6B6 /* Copy Go executables and Swift GUI helper */,
				D8694A45299224CA0046B6B6 /* Copy Docker xbin executables */,
				D88F4EB72998D61B00419B5C /* Copy assets */,
				D8694A46299224F10046B6B6 /* Create symlinks */,
				D86F35482997A5B700DADC6F /* Set version from Git */,
			);
			buildRules = (
			);
			dependencies = (
				D81E7855299CC53400A1D8AC /* PBXTargetDependency */,
			);
			name = MacVirt;
			packageProductDependencies = (
				D8694A392991F3C10046B6B6 /* LaunchAtLogin */,
				D8694A48299464810046B6B6 /* Sparkle */,
				D8694A4B2994D4FA0046B6B6 /* Defaults */,
				D855F1EF2998B6A700B62588 /* Sentry */,
				0DBA1A17D3E4F47382646EFD /* GRPC */,
			);
			productName = MacVirt;
			productReference = D8A32B8E296F839100E56EEF /* OrbStack.app */;
			productType = "com.apple.product-type.application";
		};
/* End PBXNativeTarget section */

/* Begin PBXProject section */
		D8A32B86296F839100E56EEF /* Project object */ = {
			isa = PBXProject;
			attributes = {
				BuildIndependentTargetsInParallel = 1;
				LastSwiftUpdateCheck = 1420;
				LastUpgradeCheck = 1420;
				TargetAttributes = {
					D81E784C299CC4F200A1D8AC = {
						CreatedOnToolsVersion = 14.2;
						LastSwiftMigration = 1420;
					};
					D870291F29B316A700A4CFD9 = {
						CreatedOnToolsVersion = 14.2;
						LastSwiftMigration = 1420;
					};
					D8A32B8D296F839100E56EEF = {
						CreatedOnToolsVersion = 14.2;
					};
				};
			};
			buildConfigurationList = D8A32B89296F839100E56EEF /* Build configuration list for PBXProject "MacVirt" */;
			compatibilityVersion = "Xcode 14.0";
			developmentRegion = en;
			hasScannedForEncodings = 0;
			knownRegions = (
				en,
				Base,
			);
			mainGroup = D8A32B85296F839100E56EEF;
			packageReferences = (
				D8694A382991F3C10046B6B6 /* XCRemoteSwiftPackageReference "LaunchAtLogin" */,
				D8694A47299464810046B6B6 /* XCRemoteSwiftPackageReference "Sparkle" */,
				D8694A4A2994D4FA0046B6B6 /* XCRemoteSwiftPackageReference "defaults" */,
				D855F1EE2998B6A700B62588 /* XCRemoteSwiftPackageReference "sentry-cocoa" */,
				D81A3C9D98874AF0B921954D /* XCRemoteSwiftPackageReference "grpc-swift" */,
			);
			productRefGroup = D8A32B8F296F839100E56EEF /* Products */;
			projectDirPath = "";
			projectRoot = "";
			targets = (
				D8A32B8D296F839100E56EEF /* MacVirt */,
				D81E784C299CC4F200A1D8AC /* guihelper */,
				D870291F29B316A700A4CFD9 /* GoVZF */,
			);
		};
/* End PBXProject section */

/* Begin PBXResourcesBuildPhase section */
		D870291E29B316A700A4CFD9 /* Resources */ = {
			isa = PBXResourcesBuildPhase;
			buildActionMask = 2147483647;
			files = (
			);
			runOnlyForDeploymentPostprocessing = 0;
		};
		D8A32B8C296F839100E56EEF /* Resources */ = {
			isa = PBXResourcesBuildPhase;
			buildActionMask = 2147483647;
			files = (
				D8A32B99296F839100E56EEF /* Preview Assets.xcassets in Resources */,
				D8A32B96296F839100E56EEF /* Assets.xcassets in Resources */,
			);
			runOnlyForDeploymentPostprocessing = 0;
		};
/* End PBXResourcesBuildPhase section */

/* Begin PBXShellScriptBuildPhase section */
		D8694A3B2991F3F80046B6B6 /* Copy “Launch at Login Helper” */ = {
			isa = PBXShellScriptBuildPhase;
			alwaysOutOfDate = 1;
			buildActionMask = 2147483647;
			files = (
			);
			inputFileListPaths = (
			);
			inputPaths = (
			);
			name = "Copy “Launch at Login Helper”";
			outputFileListPaths = (
			);
			outputPaths = (
			);
			runOnlyForDeploymentPostprocessing = 0;
			shellPath = /bin/sh;
			shellScript = "\"${BUILT_PRODUCTS_DIR}/LaunchAtLogin_LaunchAtLogin.bundle/Contents/Resources/copy-helper-swiftpm.sh\"\n";
		};
		D8694A46299224F10046B6B6 /* Create symlinks */ = {
			isa = PBXShellScriptBuildPhase;
			alwaysOutOfDate = 1;
			buildActionMask = 2147483647;
			files = (
			);
			inputFileListPaths = (
			);
			inputPaths = (
			);
			name = "Create symlinks";
			outputFileListPaths = (
			);
			outputPaths = (
			);
			runOnlyForDeploymentPostprocessing = 0;
			shellPath = /bin/bash;
			shellScript = "cd \"$TARGET_BUILD_DIR\"\nmkdir -p \"$EXECUTABLE_FOLDER_PATH/bin\"\nln -sf ../scli \"$EXECUTABLE_FOLDER_PATH/bin/orbctl\"\nln -sf ../scli \"$EXECUTABLE_FOLDER_PATH/bin/orb\"\nln -sf Resources/assets \"$EXECUTABLE_FOLDER_PATH/../assets\"\n";
		};
		D86F35482997A5B700DADC6F /* Set version from Git */ = {
			isa = PBXShellScriptBuildPhase;
			alwaysOutOfDate = 1;
			buildActionMask = 2147483647;
			files = (
			);
			inputFileListPaths = (
			);
			inputPaths = (
			);
			name = "Set version from Git";
			outputFileListPaths = (
			);
			outputPaths = (
			);
			runOnlyForDeploymentPostprocessing = 0;
			shellPath = /bin/bash;
			shellScript = "LONG_VER=$(git describe --tags --always --dirty)\nCOMMITS=$(git rev-list --count HEAD)\n#defaults write \"${BUILT_PRODUCTS_DIR}/${INFOPLIST_PATH%.*}\" \"CFBundleShortVersionString\" \"${GIT_RELEASE_VERSION#*v}\"\ndefaults write \"${BUILT_PRODUCTS_DIR}/${INFOPLIST_PATH%.*}\" \"CFBundleVersion\" \"${COMMITS}\"\n";
		};
/* End PBXShellScriptBuildPhase section */

/* Begin PBXSourcesBuildPhase section */
		D81E7849299CC4F200A1D8AC /* Sources */ = {
			isa = PBXSourcesBuildPhase;
			buildActionMask = 2147483647;
			files = (
				D81E7850299CC4F200A1D8AC /* main.swift in Sources */,
				D81E785C29A39BF300A1D8AC /* Utils.swift in Sources */,
			);
			runOnlyForDeploymentPostprocessing = 0;
		};
		D870291C29B316A700A4CFD9 /* Sources */ = {
			isa = PBXSourcesBuildPhase;
			buildActionMask = 2147483647;
			files = (
				D829039829D9E093004D42A3 /* Proxy.swift in Sources */,
				D870292F29B349D100A4CFD9 /* VzClient.swift in Sources */,
			);
			runOnlyForDeploymentPostprocessing = 0;
		};
		D8A32B8A296F839100E56EEF /* Sources */ = {
			isa = PBXSourcesBuildPhase;
			buildActionMask = 2147483647;
			files = (
				D8A32B94296F839100E56EEF /* ContentView.swift in Sources */,
				D8CBDA25298F791F0026F44A /* AppConfig.swift in Sources */,
				D8A32B92296F839100E56EEF /* MacVirtApp.swift in Sources */,
				B118B06B0208CC9D8306684D /* StateWrapperView.swift in Sources */,
				B118BFB7E48980394ADE79DE /* AppDelegate.swift in Sources */,
				B118B5CADCA44C8A25695EFF /* Updater.swift in Sources */,
				B118BD1D4D1AB09FC67B62BD /* DockerRPC.swift in Sources */,
				B118B5DF2FBF71BA834C6E2B /* DockerSettingsView.swift in Sources */,
				B118B3927D2DDFA52490E377 /* NetworkSettingsView.swift in Sources */,
				55A679CB2F2B62A9EC13C17A /* vmgr.grpc.swift in Sources */,
				16030A6D8A2ACA0310A8404F /* VmState.swift in Sources */,
				23A2F9D340EDC61D8F592666 /* vmgr.pb.swift in Sources */,
				46B2D2A969AC385E757A53B1 /* scon.pb.swift in Sources */,
				4806609CE017053AB1714D54 /* scon.grpc.swift in Sources */,
				89008B9A4845555EEFAE17A9 /* SconRPC.swift in Sources */,
				594644B0366C38DB398E693B /* VmRPC.swift in Sources */,
				0E91BA567CEEA8231E3360D6 /* AppSettings.swift in Sources */,
				8960792E2F4F90A60085F652 /* VmViewModel.swift in Sources */,
				27C44E7630B586F91DF2302D /* GeneralSettingsView.swift in Sources */,
				62B2FA09C7C362D107267E70 /* MachineContainerItem.swift in Sources */,
				6501713C0F3F29F2304C9579 /* Images.swift in Sources */,
				D754A136677E7A9DAC8CD402 /* CreateContainerView.swift in Sources */,
				21D86430E57DBDB772A85DA2 /* BuiltinContainerItem.swift in Sources */,
				B09C1CB74E4F4284CA2A4058 /* DockerContainersRootView.swift in Sources */,
				9CB870153654C149499977D7 /* MachinesRootView.swift in Sources */,
				967A38822F1EC4E97A2F31E9 /* DoubleClick.swift in Sources */,
				17675C853CAB971606AEDD11 /* OnboardingRootView.swift in Sources */,
				B823B8E19CB1756B305B463C /* OnboardingWelcomeView.swift in Sources */,
				DD0516DAC5C8EFF0A4A3ECA0 /* OnboardingViewModel.swift in Sources */,
				024B35B24D909AE2EE888438 /* Utils.swift in Sources */,
				44CF20C7D0CB02B18FBC2AAF /* DockerContainerItem.swift in Sources */,
				110740AB9918EC9855CA3C26 /* DockerViewModel.swift in Sources */,
				E1FE5C1348427136B2A5A054 /* Operators.swift in Sources */,
				51875A108EAEAEB4C4466BA4 /* CommandsRootView.swift in Sources */,
				F0D1F6E678A9AB9AEF258524 /* SwiftUIUtils.swift in Sources */,
				2F522BD4BD8F45ADF5F3B9C8 /* OnboardingModeView.swift in Sources */,
				6220056BB7548FE9F7E0916A /* Preferences.swift in Sources */,
				3E67CF394129FC36AD48CDFF /* OnboardingCreateView.swift in Sources */,
				2CBA5388090F72064935322C /* FilesRootView.swift in Sources */,
				BB0A4FDEBD72053B8AFFC553 /* FileContainerItem.swift in Sources */,
				A25E890C9D537726EA2CE698 /* MachineSettingsView.swift in Sources */,
				0E077847BB0D9A2E5DF1935E /* DaemonManager.swift in Sources */,
				28031D6E1C2C4267A0FF5E42 /* SplitViewAccessor.swift in Sources */,
				3C3305F0C1C2AC76B03E4F63 /* DockerVolumesRootView.swift in Sources */,
				E03708A37D1F78794B891CAF /* DockerStateWrapperView.swift in Sources */,
				56A59B03800BC62C3648E531 /* DockerInspect.swift in Sources */,
				4A5715AF8886A3508B8DD598 /* DockerVolumeItem.swift in Sources */,
				0531FA7405F1E467158E7EBF /* CreateVolumeView.swift in Sources */,
				39B280241B7F393100E5A6C9 /* DockerFilterView.swift in Sources */,
				B118B9358BFFBD2C1AAAC488 /* FsNotify.swift in Sources */,
			);
			runOnlyForDeploymentPostprocessing = 0;
		};
/* End PBXSourcesBuildPhase section */

/* Begin PBXTargetDependency section */
		D81E7855299CC53400A1D8AC /* PBXTargetDependency */ = {
			isa = PBXTargetDependency;
			target = D81E784C299CC4F200A1D8AC /* guihelper */;
			targetProxy = D81E7854299CC53400A1D8AC /* PBXContainerItemProxy */;
		};
/* End PBXTargetDependency section */

/* Begin XCBuildConfiguration section */
		D81E7851299CC4F200A1D8AC /* Debug */ = {
			isa = XCBuildConfiguration;
			buildSettings = {
				CLANG_ENABLE_MODULES = YES;
				CODE_SIGN_STYLE = Automatic;
				CREATE_INFOPLIST_SECTION_IN_BINARY = YES;
				DEVELOPMENT_TEAM = HUAQ24HBR6;
				ENABLE_HARDENED_RUNTIME = YES;
				INFOPLIST_FILE = "$(SRCROOT)/guihelper/Info.plist";
				INSTALL_PATH = "";
				LD_RUNPATH_SEARCH_PATHS = (
					"$(inherited)",
					"@executable_path/../Frameworks",
					"@loader_path/../Frameworks",
				);
				MACOSX_DEPLOYMENT_TARGET = 12.3;
				PRODUCT_BUNDLE_IDENTIFIER = dev.kdrag0n.MacVirt;
				PRODUCT_NAME = "$(TARGET_NAME)";
				SWIFT_OPTIMIZATION_LEVEL = "-Onone";
				SWIFT_VERSION = 5.0;
			};
			name = Debug;
		};
		D81E7852299CC4F200A1D8AC /* Release */ = {
			isa = XCBuildConfiguration;
			buildSettings = {
				CLANG_ENABLE_MODULES = YES;
				CODE_SIGN_STYLE = Automatic;
				CREATE_INFOPLIST_SECTION_IN_BINARY = YES;
				DEVELOPMENT_TEAM = HUAQ24HBR6;
				ENABLE_HARDENED_RUNTIME = YES;
				INFOPLIST_FILE = "$(SRCROOT)/guihelper/Info.plist";
				INSTALL_PATH = "";
				LD_RUNPATH_SEARCH_PATHS = (
					"$(inherited)",
					"@executable_path/../Frameworks",
					"@loader_path/../Frameworks",
				);
				MACOSX_DEPLOYMENT_TARGET = 12.3;
				PRODUCT_BUNDLE_IDENTIFIER = dev.kdrag0n.MacVirt;
				PRODUCT_NAME = "$(TARGET_NAME)";
				SWIFT_VERSION = 5.0;
			};
			name = Release;
		};
		D870292529B316A700A4CFD9 /* Debug */ = {
			isa = XCBuildConfiguration;
			buildSettings = {
				CLANG_ENABLE_MODULES = YES;
				CODE_SIGN_STYLE = Automatic;
				COMBINE_HIDPI_IMAGES = YES;
				CURRENT_PROJECT_VERSION = 1;
				DEFINES_MODULE = YES;
				DEVELOPMENT_TEAM = HUAQ24HBR6;
				DYLIB_COMPATIBILITY_VERSION = 1;
				DYLIB_CURRENT_VERSION = 1;
				DYLIB_INSTALL_NAME_BASE = "@rpath";
				GENERATE_INFOPLIST_FILE = YES;
				INFOPLIST_KEY_NSHumanReadableCopyright = "";
				INSTALL_PATH = "$(LOCAL_LIBRARY_DIR)/Frameworks";
				LD_RUNPATH_SEARCH_PATHS = (
					"$(inherited)",
					"@executable_path/../Frameworks",
					"@loader_path/Frameworks",
				);
				MACOSX_DEPLOYMENT_TARGET = 12.3;
				MARKETING_VERSION = 1.0;
				PRODUCT_BUNDLE_IDENTIFIER = dev.kdrag0n.MacVirt.GoVZF;
				PRODUCT_NAME = "$(TARGET_NAME:c99extidentifier)";
				SKIP_INSTALL = YES;
				SWIFT_EMIT_LOC_STRINGS = YES;
				SWIFT_OPTIMIZATION_LEVEL = "-Onone";
				SWIFT_VERSION = 5.0;
				VERSIONING_SYSTEM = "apple-generic";
				VERSION_INFO_PREFIX = "";
			};
			name = Debug;
		};
		D870292629B316A700A4CFD9 /* Release */ = {
			isa = XCBuildConfiguration;
			buildSettings = {
				CLANG_ENABLE_MODULES = YES;
				CODE_SIGN_STYLE = Automatic;
				COMBINE_HIDPI_IMAGES = YES;
				CURRENT_PROJECT_VERSION = 1;
				DEFINES_MODULE = YES;
				DEVELOPMENT_TEAM = HUAQ24HBR6;
				DYLIB_COMPATIBILITY_VERSION = 1;
				DYLIB_CURRENT_VERSION = 1;
				DYLIB_INSTALL_NAME_BASE = "@rpath";
				GENERATE_INFOPLIST_FILE = YES;
				INFOPLIST_KEY_NSHumanReadableCopyright = "";
				INSTALL_PATH = "$(LOCAL_LIBRARY_DIR)/Frameworks";
				LD_RUNPATH_SEARCH_PATHS = (
					"$(inherited)",
					"@executable_path/../Frameworks",
					"@loader_path/Frameworks",
				);
				MACOSX_DEPLOYMENT_TARGET = 12.3;
				MARKETING_VERSION = 1.0;
				PRODUCT_BUNDLE_IDENTIFIER = dev.kdrag0n.MacVirt.GoVZF;
				PRODUCT_NAME = "$(TARGET_NAME:c99extidentifier)";
				SKIP_INSTALL = YES;
				SWIFT_EMIT_LOC_STRINGS = YES;
				SWIFT_VERSION = 5.0;
				VERSIONING_SYSTEM = "apple-generic";
				VERSION_INFO_PREFIX = "";
			};
			name = Release;
		};
		D8A32B9B296F839100E56EEF /* Debug */ = {
			isa = XCBuildConfiguration;
			buildSettings = {
				ALWAYS_SEARCH_USER_PATHS = NO;
				CLANG_ANALYZER_NONNULL = YES;
				CLANG_ANALYZER_NUMBER_OBJECT_CONVERSION = YES_AGGRESSIVE;
				CLANG_CXX_LANGUAGE_STANDARD = "gnu++20";
				CLANG_ENABLE_MODULES = YES;
				CLANG_ENABLE_OBJC_ARC = YES;
				CLANG_ENABLE_OBJC_WEAK = YES;
				CLANG_WARN_BLOCK_CAPTURE_AUTORELEASING = YES;
				CLANG_WARN_BOOL_CONVERSION = YES;
				CLANG_WARN_COMMA = YES;
				CLANG_WARN_CONSTANT_CONVERSION = YES;
				CLANG_WARN_DEPRECATED_OBJC_IMPLEMENTATIONS = YES;
				CLANG_WARN_DIRECT_OBJC_ISA_USAGE = YES_ERROR;
				CLANG_WARN_DOCUMENTATION_COMMENTS = YES;
				CLANG_WARN_EMPTY_BODY = YES;
				CLANG_WARN_ENUM_CONVERSION = YES;
				CLANG_WARN_INFINITE_RECURSION = YES;
				CLANG_WARN_INT_CONVERSION = YES;
				CLANG_WARN_NON_LITERAL_NULL_CONVERSION = YES;
				CLANG_WARN_OBJC_IMPLICIT_RETAIN_SELF = YES;
				CLANG_WARN_OBJC_LITERAL_CONVERSION = YES;
				CLANG_WARN_OBJC_ROOT_CLASS = YES_ERROR;
				CLANG_WARN_QUOTED_INCLUDE_IN_FRAMEWORK_HEADER = YES;
				CLANG_WARN_RANGE_LOOP_ANALYSIS = YES;
				CLANG_WARN_STRICT_PROTOTYPES = YES;
				CLANG_WARN_SUSPICIOUS_MOVE = YES;
				CLANG_WARN_UNGUARDED_AVAILABILITY = YES_AGGRESSIVE;
				CLANG_WARN_UNREACHABLE_CODE = YES;
				CLANG_WARN__DUPLICATE_METHOD_MATCH = YES;
				COPY_PHASE_STRIP = NO;
				DEAD_CODE_STRIPPING = YES;
				DEBUG_INFORMATION_FORMAT = dwarf;
				ENABLE_STRICT_OBJC_MSGSEND = YES;
				ENABLE_TESTABILITY = YES;
				GCC_C_LANGUAGE_STANDARD = gnu11;
				GCC_DYNAMIC_NO_PIC = NO;
				GCC_NO_COMMON_BLOCKS = YES;
				GCC_OPTIMIZATION_LEVEL = 0;
				GCC_PREPROCESSOR_DEFINITIONS = (
					"DEBUG=1",
					"$(inherited)",
				);
				GCC_WARN_64_TO_32_BIT_CONVERSION = YES;
				GCC_WARN_ABOUT_RETURN_TYPE = YES_ERROR;
				GCC_WARN_UNDECLARED_SELECTOR = YES;
				GCC_WARN_UNINITIALIZED_AUTOS = YES_AGGRESSIVE;
				GCC_WARN_UNUSED_FUNCTION = YES;
				GCC_WARN_UNUSED_VARIABLE = YES;
				MACOSX_DEPLOYMENT_TARGET = 13.1;
				MTL_ENABLE_DEBUG_INFO = INCLUDE_SOURCE;
				MTL_FAST_MATH = YES;
				ONLY_ACTIVE_ARCH = YES;
				SDKROOT = macosx;
				SWIFT_ACTIVE_COMPILATION_CONDITIONS = DEBUG;
				SWIFT_OPTIMIZATION_LEVEL = "-Onone";
			};
			name = Debug;
		};
		D8A32B9C296F839100E56EEF /* Release */ = {
			isa = XCBuildConfiguration;
			buildSettings = {
				ALWAYS_SEARCH_USER_PATHS = NO;
				CLANG_ANALYZER_NONNULL = YES;
				CLANG_ANALYZER_NUMBER_OBJECT_CONVERSION = YES_AGGRESSIVE;
				CLANG_CXX_LANGUAGE_STANDARD = "gnu++20";
				CLANG_ENABLE_MODULES = YES;
				CLANG_ENABLE_OBJC_ARC = YES;
				CLANG_ENABLE_OBJC_WEAK = YES;
				CLANG_WARN_BLOCK_CAPTURE_AUTORELEASING = YES;
				CLANG_WARN_BOOL_CONVERSION = YES;
				CLANG_WARN_COMMA = YES;
				CLANG_WARN_CONSTANT_CONVERSION = YES;
				CLANG_WARN_DEPRECATED_OBJC_IMPLEMENTATIONS = YES;
				CLANG_WARN_DIRECT_OBJC_ISA_USAGE = YES_ERROR;
				CLANG_WARN_DOCUMENTATION_COMMENTS = YES;
				CLANG_WARN_EMPTY_BODY = YES;
				CLANG_WARN_ENUM_CONVERSION = YES;
				CLANG_WARN_INFINITE_RECURSION = YES;
				CLANG_WARN_INT_CONVERSION = YES;
				CLANG_WARN_NON_LITERAL_NULL_CONVERSION = YES;
				CLANG_WARN_OBJC_IMPLICIT_RETAIN_SELF = YES;
				CLANG_WARN_OBJC_LITERAL_CONVERSION = YES;
				CLANG_WARN_OBJC_ROOT_CLASS = YES_ERROR;
				CLANG_WARN_QUOTED_INCLUDE_IN_FRAMEWORK_HEADER = YES;
				CLANG_WARN_RANGE_LOOP_ANALYSIS = YES;
				CLANG_WARN_STRICT_PROTOTYPES = YES;
				CLANG_WARN_SUSPICIOUS_MOVE = YES;
				CLANG_WARN_UNGUARDED_AVAILABILITY = YES_AGGRESSIVE;
				CLANG_WARN_UNREACHABLE_CODE = YES;
				CLANG_WARN__DUPLICATE_METHOD_MATCH = YES;
				COPY_PHASE_STRIP = NO;
				DEAD_CODE_STRIPPING = YES;
				DEBUG_INFORMATION_FORMAT = "dwarf-with-dsym";
				ENABLE_NS_ASSERTIONS = NO;
				ENABLE_STRICT_OBJC_MSGSEND = YES;
				GCC_C_LANGUAGE_STANDARD = gnu11;
				GCC_NO_COMMON_BLOCKS = YES;
				GCC_WARN_64_TO_32_BIT_CONVERSION = YES;
				GCC_WARN_ABOUT_RETURN_TYPE = YES_ERROR;
				GCC_WARN_UNDECLARED_SELECTOR = YES;
				GCC_WARN_UNINITIALIZED_AUTOS = YES_AGGRESSIVE;
				GCC_WARN_UNUSED_FUNCTION = YES;
				GCC_WARN_UNUSED_VARIABLE = YES;
				MACOSX_DEPLOYMENT_TARGET = 13.1;
				MTL_ENABLE_DEBUG_INFO = NO;
				MTL_FAST_MATH = YES;
				SDKROOT = macosx;
				SWIFT_COMPILATION_MODE = wholemodule;
				SWIFT_OPTIMIZATION_LEVEL = "-O";
			};
			name = Release;
		};
		D8A32B9E296F839100E56EEF /* Debug */ = {
			isa = XCBuildConfiguration;
			buildSettings = {
				ASSETCATALOG_COMPILER_APPICON_NAME = AppIcon;
				ASSETCATALOG_COMPILER_GLOBAL_ACCENT_COLOR_NAME = AccentColor;
				CODE_SIGN_ENTITLEMENTS = MacVirt/MacVirt.entitlements;
				CODE_SIGN_IDENTITY = "Apple Development";
				CODE_SIGN_STYLE = Automatic;
				COMBINE_HIDPI_IMAGES = YES;
				CURRENT_PROJECT_VERSION = 102;
				DEAD_CODE_STRIPPING = YES;
				DEVELOPMENT_ASSET_PATHS = "\"MacVirt/Preview Content\"";
				DEVELOPMENT_TEAM = HUAQ24HBR6;
				ENABLE_HARDENED_RUNTIME = YES;
				ENABLE_PREVIEWS = YES;
				GENERATE_INFOPLIST_FILE = YES;
				INFOPLIST_FILE = MacVirt/Info.plist;
				INFOPLIST_KEY_LSApplicationCategoryType = "public.app-category.developer-tools";
				INFOPLIST_KEY_NSHumanReadableCopyright = "© 2022–2023 Danny Lin";
				LD_RUNPATH_SEARCH_PATHS = (
					"$(inherited)",
					"@executable_path/../Frameworks",
				);
				MACOSX_DEPLOYMENT_TARGET = 12.3;
				MARKETING_VERSION = 0.7.2;
				PRODUCT_BUNDLE_IDENTIFIER = dev.kdrag0n.MacVirt;
				PRODUCT_NAME = OrbStack;
				PROVISIONING_PROFILE_SPECIFIER = "";
				SWIFT_EMIT_LOC_STRINGS = YES;
				SWIFT_VERSION = 5.0;
			};
			name = Debug;
		};
		D8A32B9F296F839100E56EEF /* Release */ = {
			isa = XCBuildConfiguration;
			buildSettings = {
				ASSETCATALOG_COMPILER_APPICON_NAME = AppIcon;
				ASSETCATALOG_COMPILER_GLOBAL_ACCENT_COLOR_NAME = AccentColor;
				CODE_SIGN_ENTITLEMENTS = MacVirt/MacVirt.entitlements;
				CODE_SIGN_IDENTITY = "Apple Development";
				CODE_SIGN_STYLE = Automatic;
				COMBINE_HIDPI_IMAGES = YES;
				CURRENT_PROJECT_VERSION = 102;
				DEAD_CODE_STRIPPING = YES;
				DEVELOPMENT_ASSET_PATHS = "\"MacVirt/Preview Content\"";
				DEVELOPMENT_TEAM = HUAQ24HBR6;
				ENABLE_HARDENED_RUNTIME = YES;
				ENABLE_PREVIEWS = YES;
				GENERATE_INFOPLIST_FILE = YES;
				INFOPLIST_FILE = MacVirt/Info.plist;
				INFOPLIST_KEY_LSApplicationCategoryType = "public.app-category.developer-tools";
				INFOPLIST_KEY_NSHumanReadableCopyright = "© 2022–2023 Danny Lin";
				LD_RUNPATH_SEARCH_PATHS = (
					"$(inherited)",
					"@executable_path/../Frameworks",
				);
				MACOSX_DEPLOYMENT_TARGET = 12.3;
				MARKETING_VERSION = 0.7.2;
				PRODUCT_BUNDLE_IDENTIFIER = dev.kdrag0n.MacVirt;
				PRODUCT_NAME = OrbStack;
				PROVISIONING_PROFILE_SPECIFIER = "";
				SWIFT_EMIT_LOC_STRINGS = YES;
				SWIFT_VERSION = 5.0;
			};
			name = Release;
		};
/* End XCBuildConfiguration section */

/* Begin XCConfigurationList section */
		D81E7853299CC4F200A1D8AC /* Build configuration list for PBXNativeTarget "guihelper" */ = {
			isa = XCConfigurationList;
			buildConfigurations = (
				D81E7851299CC4F200A1D8AC /* Debug */,
				D81E7852299CC4F200A1D8AC /* Release */,
			);
			defaultConfigurationIsVisible = 0;
			defaultConfigurationName = Release;
		};
		D870292429B316A700A4CFD9 /* Build configuration list for PBXNativeTarget "GoVZF" */ = {
			isa = XCConfigurationList;
			buildConfigurations = (
				D870292529B316A700A4CFD9 /* Debug */,
				D870292629B316A700A4CFD9 /* Release */,
			);
			defaultConfigurationIsVisible = 0;
			defaultConfigurationName = Release;
		};
		D8A32B89296F839100E56EEF /* Build configuration list for PBXProject "MacVirt" */ = {
			isa = XCConfigurationList;
			buildConfigurations = (
				D8A32B9B296F839100E56EEF /* Debug */,
				D8A32B9C296F839100E56EEF /* Release */,
			);
			defaultConfigurationIsVisible = 0;
			defaultConfigurationName = Release;
		};
		D8A32B9D296F839100E56EEF /* Build configuration list for PBXNativeTarget "MacVirt" */ = {
			isa = XCConfigurationList;
			buildConfigurations = (
				D8A32B9E296F839100E56EEF /* Debug */,
				D8A32B9F296F839100E56EEF /* Release */,
			);
			defaultConfigurationIsVisible = 0;
			defaultConfigurationName = Release;
		};
/* End XCConfigurationList section */

/* Begin XCRemoteSwiftPackageReference section */
		3171B724BA629B545C1F3646 /* XCRemoteSwiftPackageReference "grpc-swift" */ = {
			isa = XCRemoteSwiftPackageReference;
			repositoryURL = "https://github.com/grpc/grpc-swift";
			requirement = {
				kind = upToNextMajorVersion;
				minimumVersion = 1.0.0;
			};
		};
		D81A3C9D98874AF0B921954D /* XCRemoteSwiftPackageReference "grpc-swift" */ = {
			isa = XCRemoteSwiftPackageReference;
			repositoryURL = "https://github.com/grpc/grpc-swift";
			requirement = {
				kind = upToNextMajorVersion;
				minimumVersion = 1.0.0;
			};
		};
		D855F1EE2998B6A700B62588 /* XCRemoteSwiftPackageReference "sentry-cocoa" */ = {
			isa = XCRemoteSwiftPackageReference;
			repositoryURL = "https://github.com/getsentry/sentry-cocoa.git";
			requirement = {
				kind = upToNextMajorVersion;
				minimumVersion = 8.0.0;
			};
		};
		D8694A382991F3C10046B6B6 /* XCRemoteSwiftPackageReference "LaunchAtLogin" */ = {
			isa = XCRemoteSwiftPackageReference;
			repositoryURL = "https://github.com/sindresorhus/LaunchAtLogin.git";
			requirement = {
				branch = main;
				kind = branch;
			};
		};
		D8694A47299464810046B6B6 /* XCRemoteSwiftPackageReference "Sparkle" */ = {
			isa = XCRemoteSwiftPackageReference;
			repositoryURL = "https://github.com/sparkle-project/Sparkle";
			requirement = {
				kind = upToNextMajorVersion;
				minimumVersion = 2.0.0;
			};
		};
		D8694A4A2994D4FA0046B6B6 /* XCRemoteSwiftPackageReference "defaults" */ = {
			isa = XCRemoteSwiftPackageReference;
			repositoryURL = "https://github.com/sindresorhus/defaults";
			requirement = {
				branch = main;
				kind = branch;
			};
		};
/* End XCRemoteSwiftPackageReference section */

/* Begin XCSwiftPackageProductDependency section */
		0DBA1A17D3E4F47382646EFD /* GRPC */ = {
			isa = XCSwiftPackageProductDependency;
			package = 3171B724BA629B545C1F3646 /* XCRemoteSwiftPackageReference "grpc-swift" */;
			productName = GRPC;
		};
		D855F1EF2998B6A700B62588 /* Sentry */ = {
			isa = XCSwiftPackageProductDependency;
			package = D855F1EE2998B6A700B62588 /* XCRemoteSwiftPackageReference "sentry-cocoa" */;
			productName = Sentry;
		};
		D8694A392991F3C10046B6B6 /* LaunchAtLogin */ = {
			isa = XCSwiftPackageProductDependency;
			package = D8694A382991F3C10046B6B6 /* XCRemoteSwiftPackageReference "LaunchAtLogin" */;
			productName = LaunchAtLogin;
		};
		D8694A48299464810046B6B6 /* Sparkle */ = {
			isa = XCSwiftPackageProductDependency;
			package = D8694A47299464810046B6B6 /* XCRemoteSwiftPackageReference "Sparkle" */;
			productName = Sparkle;
		};
		D8694A4B2994D4FA0046B6B6 /* Defaults */ = {
			isa = XCSwiftPackageProductDependency;
			package = D8694A4A2994D4FA0046B6B6 /* XCRemoteSwiftPackageReference "defaults" */;
			productName = Defaults;
		};
/* End XCSwiftPackageProductDependency section */
	};
	rootObject = D8A32B86296F839100E56EEF /* Project object */;
}
